{
  "version": 4,
  "terraform_version": "1.15.8",
  "serial": 201,
  "lineage": "0627b035-c079-ab26-2631-62cb4b513eb2",
  "outputs": {
    "api_endpoint": {
      "value": "https://syudl6pwmj.execute-api.us-east-1.amazonaws.com/",
      "type": "string"
    },
    "archive_bucket": {
      "value": "cobre-notif-dev-archive",
      "type": "string"
    },
    "cognito_m2m_client_id": {
      "value": "487r8m30kv344g52t34occob55",
      "type": "string"
    },
    "cognito_token_url": {
      "value": "https://cobre-notif-dev-auth.auth.us-east-1.amazoncognito.com/oauth2/token",
      "type": "string"
    },
    "ecr_repositories": {
      "value": {
        "events-api": "470044069342.dkr.ecr.us-east-1.amazonaws.com/cobre-notif-dev-events-api",
        "events-delivery": "470044069342.dkr.ecr.us-east-1.amazonaws.com/cobre-notif-dev-events-delivery",
        "events-simulator": "470044069342.dkr.ecr.us-east-1.amazonaws.com/cobre-notif-dev-events-simulator"
      },
      "type": [
        "object",
        {
          "events-api": "string",
          "events-delivery": "string",
          "events-simulator": "string"
        }
      ]
    },
    "queue_deliveries_url": {
      "value": "https://sqs.us-east-1.amazonaws.com/470044069342/cobre-notif-dev-deliveries",
      "type": "string"
    },
    "queue_raw_events_url": {
      "value": "https://sqs.us-east-1.amazonaws.com/470044069342/cobre-notif-dev-raw-events",
      "type": "string"
    },
    "table_notification_events": {
      "value": "cobre-notif-dev-notification-events",
      "type": "string"
    },
    "table_subscriptions": {
      "value": "cobre-notif-dev-subscriptions",
      "type": "string"
    }
  },
  "resources": [
    {
      "mode": "data",
      "type": "aws_iam_policy_document",
      "name": "ecs_assume",
      "provider": "provider[\"registry.terraform.io/hashicorp/aws\"]",
      "instances": [
        {
          "schema_version": 0,
          "attributes": {
            "id": "1077804475",
            "json": "{\n  \"Version\": \"2012-10-17\",\n  \"Statement\": [\n    {\n      \"Effect\": \"Allow\",\n      \"Action\": \"sts:AssumeRole\",\n      \"Principal\": {\n        \"Service\": \"ecs-tasks.amazonaws.com\"\n      }\n    }\n  ]\n}",
            "minified_json": "{\"Version\":\"2012-10-17\",\"Statement\":[{\"Effect\":\"Allow\",\"Action\":\"sts:AssumeRole\",\"Principal\":{\"Service\":\"ecs-tasks.amazonaws.com\"}}]}",
            "override_json": null,
            "override_policy_documents": null,
            "policy_id": null,
            "source_json": null,
            "source_policy_documents": null,
            "statement": [
              {
                "actions": [
                  "sts:AssumeRole"
                ],
                "condition": [],
                "effect": "Allow",
                "not_actions": [],
                "not_principals": [],
                "not_resources": [],
                "principals": [
                  {
                    "identifiers": [
                      "ecs-tasks.amazonaws.com"
                    ],
                    "type": "Service"
                  }
                ],
                "resources": [],
                "sid": ""
              }
            ],
            "version": "2012-10-17"
          },
          "sensitive_attributes": [],
          "identity_schema_version": 0
        }
      ]
    },
    {
      "mode": "data",
      "type": "aws_iam_policy_document",
      "name": "firehose",
      "provider": "provider[\"registry.terraform.io/hashicorp/aws\"]",
      "instances": [
        {
          "schema_version": 0,
          "attributes": {
            "id": "1664733891",
            "json": "{\n  \"Version\": \"2012-10-17\",\n  \"Statement\": [\n    {\n      \"Effect\": \"Allow\",\n      \"Action\": [\n        \"s3:PutObject\",\n        \"s3:ListBucket\",\n        \"s3:GetBucketLocation\"\n      ],\n      \"Resource\": [\n        \"arn:aws:s3:::cobre-notif-dev-archive/*\",\n        \"arn:aws:s3:::cobre-notif-dev-archive\"\n      ]\n    },\n    {\n      \"Effect\": \"Allow\",\n      \"Action\": [\n        \"kms:GenerateDataKey\",\n        \"kms:Decrypt\"\n      ],\n      \"Resource\": \"arn:aws:kms:us-east-1:470044069342:key/15551bf7-76a2-497b-8acb-74dc1359f214\"\n    }\n  ]\n}",
            "minified_json": "{\"Version\":\"2012-10-17\",\"Statement\":[{\"Effect\":\"Allow\",\"Action\":[\"s3:PutObject\",\"s3:ListBucket\",\"s3:GetBucketLocation\"],\"Resource\":[\"arn:aws:s3:::cobre-notif-dev-archive/*\",\"arn:aws:s3:::cobre-notif-dev-archive\"]},{\"Effect\":\"Allow\",\"Action\":[\"kms:GenerateDataKey\",\"kms:Decrypt\"],\"Resource\":\"arn:aws:kms:us-east-1:470044069342:key/15551bf7-76a2-497b-8acb-74dc1359f214\"}]}",
            "override_json": null,
            "override_policy_documents": null,
            "policy_id": null,
            "source_json": null,
            "source_policy_documents": null,
            "statement": [
              {
                "actions": [
                  "s3:GetBucketLocation",
                  "s3:ListBucket",
                  "s3:PutObject"
                ],
                "condition": [],
                "effect": "Allow",
                "not_actions": [],
                "not_principals": [],
                "not_resources": [],
                "principals": [],
                "resources": [
                  "arn:aws:s3:::cobre-notif-dev-archive",
                  "arn:aws:s3:::cobre-notif-dev-archive/*"
                ],
                "sid": ""
              },
              {
                "actions": [
                  "kms:Decrypt",
                  "kms:GenerateDataKey"
                ],
                "condition": [],
                "effect": "Allow",
                "not_actions": [],
                "not_principals": [],
                "not_resources": [],
                "principals": [],
                "resources": [
                  "arn:aws:kms:us-east-1:470044069342:key/15551bf7-76a2-497b-8acb-74dc1359f214"
                ],
                "sid": ""
              }
            ],
            "version": "2012-10-17"
          },
          "sensitive_attributes": [],
          "identity_schema_version": 0
        }
      ]
    },
    {
      "mode": "data",
      "type": "aws_iam_policy_document",
      "name": "firehose_assume",
      "provider": "provider[\"registry.terraform.io/hashicorp/aws\"]",
      "instances": [
        {
          "schema_version": 0,
          "attributes": {
            "id": "414810265",
            "json": "{\n  \"Version\": \"2012-10-17\",\n  \"Statement\": [\n    {\n      \"Effect\": \"Allow\",\n      \"Action\": \"sts:AssumeRole\",\n      \"Principal\": {\n        \"Service\": \"firehose.amazonaws.com\"\n      }\n    }\n  ]\n}",
            "minified_json": "{\"Version\":\"2012-10-17\",\"Statement\":[{\"Effect\":\"Allow\",\"Action\":\"sts:AssumeRole\",\"Principal\":{\"Service\":\"firehose.amazonaws.com\"}}]}",
            "override_json": null,
            "override_policy_documents": null,
            "policy_id": null,
            "source_json": null,
            "source_policy_documents": null,
            "statement": [
              {
                "actions": [
                  "sts:AssumeRole"
                ],
                "condition": [],
                "effect": "Allow",
                "not_actions": [],
                "not_principals": [],
                "not_resources": [],
                "principals": [
                  {
                    "identifiers": [
                      "firehose.amazonaws.com"
                    ],
                    "type": "Service"
                  }
                ],
                "resources": [],
                "sid": ""
              }
            ],
            "version": "2012-10-17"
          },
          "sensitive_attributes": [],
          "identity_schema_version": 0
        }
      ]
    },
    {
      "mode": "data",
      "type": "aws_iam_policy_document",
      "name": "task_api",
      "provider": "provider[\"registry.terraform.io/hashicorp/aws\"]",
      "instances": [
        {
          "schema_version": 0,
          "attributes": {
            "id": "585208568",
            "json": "{\n  \"Version\": \"2012-10-17\",\n  \"Statement\": [\n    {\n      \"Sid\": \"DynamoApi\",\n      \"Effect\": \"Allow\",\n      \"Action\": [\n        \"dynamodb:UpdateItem\",\n        \"dynamodb:Query\",\n        \"dynamodb:PutItem\",\n        \"dynamodb:GetItem\",\n        \"dynamodb:DeleteItem\"\n      ],\n      \"Resource\": [\n        \"arn:aws:dynamodb:us-east-1:470044069342:table/cobre-notif-dev-subscriptions\",\n        \"arn:aws:dynamodb:us-east-1:470044069342:table/cobre-notif-dev-notification-events/index/*\",\n        \"arn:aws:dynamodb:us-east-1:470044069342:table/cobre-notif-dev-notification-events\"\n      ]\n    },\n    {\n      \"Sid\": \"SqsReplay\",\n      \"Effect\": \"Allow\",\n      \"Action\": \"sqs:SendMessage\",\n      \"Resource\": \"arn:aws:sqs:us-east-1:470044069342:cobre-notif-dev-deliveries\"\n    },\n    {\n      \"Sid\": \"SecretsWrite\",\n      \"Effect\": \"Allow\",\n      \"Action\": [\n        \"secretsmanager:PutSecretValue\",\n        \"secretsmanager:DescribeSecret\",\n        \"secretsmanager:CreateSecret\"\n      ],\n      \"Resource\": \"arn:aws:secretsmanager:us-east-1:*:secret:cobre/webhook-hmac/*\"\n    },\n    {\n      \"Sid\": \"DynamoKmsAccess\",\n      \"Effect\": \"Allow\",\n      \"Action\": [\n        \"kms:GenerateDataKey\",\n        \"kms:Decrypt\"\n      ],\n      \"Resource\": \"arn:aws:kms:us-east-1:470044069342:key/bbfcad45-ca45-4783-8988-00fb28462c10\"\n    }\n  ]\n}",
            "minified_json": "{\"Version\":\"2012-10-17\",\"Statement\":[{\"Sid\":\"DynamoApi\",\"Effect\":\"Allow\",\"Action\":[\"dynamodb:UpdateItem\",\"dynamodb:Query\",\"dynamodb:PutItem\",\"dynamodb:GetItem\",\"dynamodb:DeleteItem\"],\"Resource\":[\"arn:aws:dynamodb:us-east-1:470044069342:table/cobre-notif-dev-subscriptions\",\"arn:aws:dynamodb:us-east-1:470044069342:table/cobre-notif-dev-notification-events/index/*\",\"arn:aws:dynamodb:us-east-1:470044069342:table/cobre-notif-dev-notification-events\"]},{\"Sid\":\"SqsReplay\",\"Effect\":\"Allow\",\"Action\":\"sqs:SendMessage\",\"Resource\":\"arn:aws:sqs:us-east-1:470044069342:cobre-notif-dev-deliveries\"},{\"Sid\":\"SecretsWrite\",\"Effect\":\"Allow\",\"Action\":[\"secretsmanager:PutSecretValue\",\"secretsmanager:DescribeSecret\",\"secretsmanager:CreateSecret\"],\"Resource\":\"arn:aws:secretsmanager:us-east-1:*:secret:cobre/webhook-hmac/*\"},{\"Sid\":\"DynamoKmsAccess\",\"Effect\":\"Allow\",\"Action\":[\"kms:GenerateDataKey\",\"kms:Decrypt\"],\"Resource\":\"arn:aws:kms:us-east-1:470044069342:key/bbfcad45-ca45-4783-8988-00fb28462c10\"}]}",
            "override_json": null,
            "override_policy_documents": null,
            "policy_id": null,
            "source_json": null,
            "source_policy_documents": null,
            "statement": [
              {
                "actions": [
                  "dynamodb:DeleteItem",
                  "dynamodb:GetItem",
                  "dynamodb:PutItem",
                  "dynamodb:Query",
                  "dynamodb:UpdateItem"
                ],
                "condition": [],
                "effect": "Allow",
                "not_actions": [],
                "not_principals": [],
                "not_resources": [],
                "principals": [],
                "resources": [
                  "arn:aws:dynamodb:us-east-1:470044069342:table/cobre-notif-dev-notification-events",
                  "arn:aws:dynamodb:us-east-1:470044069342:table/cobre-notif-dev-notification-events/index/*",
                  "arn:aws:dynamodb:us-east-1:470044069342:table/cobre-notif-dev-subscriptions"
                ],
                "sid": "DynamoApi"
              },
              {
                "actions": [
                  "sqs:SendMessage"
                ],
                "condition": [],
                "effect": "Allow",
                "not_actions": [],
                "not_principals": [],
                "not_resources": [],
                "principals": [],
                "resources": [
                  "arn:aws:sqs:us-east-1:470044069342:cobre-notif-dev-deliveries"
                ],
                "sid": "SqsReplay"
              },
              {
                "actions": [
                  "secretsmanager:CreateSecret",
                  "secretsmanager:DescribeSecret",
                  "secretsmanager:PutSecretValue"
                ],
                "condition": [],
                "effect": "Allow",
                "not_actions": [],
                "not_principals": [],
                "not_resources": [],
                "principals": [],
                "resources": [
                  "arn:aws:secretsmanager:us-east-1:*:secret:cobre/webhook-hmac/*"
                ],
                "sid": "SecretsWrite"
              },
              {
                "actions": [
                  "kms:Decrypt",
                  "kms:GenerateDataKey"
                ],
                "condition": [],
                "effect": "Allow",
                "not_actions": [],
                "not_principals": [],
                "not_resources": [],
                "principals": [],
                "resources": [
                  "arn:aws:kms:us-east-1:470044069342:key/bbfcad45-ca45-4783-8988-00fb28462c10"
                ],
                "sid": "DynamoKmsAccess"
              }
            ],
            "version": "2012-10-17"
          },
          "sensitive_attributes": [],
          "identity_schema_version": 0
        }
      ]
    },
    {
      "mode": "data",
      "type": "aws_iam_policy_document",
      "name": "task_delivery",
      "provider": "provider[\"registry.terraform.io/hashicorp/aws\"]",
      "instances": [
        {
          "schema_version": 0,
          "attributes": {
            "id": "2082804558",
            "json": "{\n  \"Version\": \"2012-10-17\",\n  \"Statement\": [\n    {\n      \"Sid\": \"SqsWork\",\n      \"Effect\": \"Allow\",\n      \"Action\": [\n        \"sqs:SendMessage\",\n        \"sqs:ReceiveMessage\",\n        \"sqs:GetQueueAttributes\",\n        \"sqs:DeleteMessage\",\n        \"sqs:ChangeMessageVisibility\"\n      ],\n      \"Resource\": [\n        \"arn:aws:sqs:us-east-1:470044069342:cobre-notif-dev-raw-events\",\n        \"arn:aws:sqs:us-east-1:470044069342:cobre-notif-dev-deliveries\"\n      ]\n    },\n    {\n      \"Sid\": \"Dynamo\",\n      \"Effect\": \"Allow\",\n      \"Action\": [\n        \"dynamodb:UpdateItem\",\n        \"dynamodb:Query\",\n        \"dynamodb:PutItem\",\n        \"dynamodb:GetItem\"\n      ],\n      \"Resource\": [\n        \"arn:aws:dynamodb:us-east-1:470044069342:table/cobre-notif-dev-subscriptions/index/*\",\n        \"arn:aws:dynamodb:us-east-1:470044069342:table/cobre-notif-dev-subscriptions\",\n        \"arn:aws:dynamodb:us-east-1:470044069342:table/cobre-notif-dev-notification-events/index/*\",\n        \"arn:aws:dynamodb:us-east-1:470044069342:table/cobre-notif-dev-notification-events\"\n      ]\n    },\n    {\n      \"Sid\": \"SecretsRead\",\n      \"Effect\": \"Allow\",\n      \"Action\": \"secretsmanager:GetSecretValue\",\n      \"Resource\": \"arn:aws:secretsmanager:us-east-1:*:secret:cobre/webhook-hmac/*\"\n    },\n    {\n      \"Sid\": \"CloudWatchMetrics\",\n      \"Effect\": \"Allow\",\n      \"Action\": \"cloudwatch:PutMetricData\",\n      \"Resource\": \"*\",\n      \"Condition\": {\n        \"StringEquals\": {\n          \"cloudwatch:namespace\": [\n            \"notification-events-delivery\",\n            \"notification-events-api\",\n            \"notification-events-simulator\"\n          ]\n        }\n      }\n    },\n    {\n      \"Sid\": \"DynamoKmsAccess\",\n      \"Effect\": \"Allow\",\n      \"Action\": [\n        \"kms:GenerateDataKey\",\n        \"kms:Decrypt\"\n      ],\n      \"Resource\": \"arn:aws:kms:us-east-1:470044069342:key/bbfcad45-ca45-4783-8988-00fb28462c10\"\n    }\n  ]\n}",
            "minified_json": "{\"Version\":\"2012-10-17\",\"Statement\":[{\"Sid\":\"SqsWork\",\"Effect\":\"Allow\",\"Action\":[\"sqs:SendMessage\",\"sqs:ReceiveMessage\",\"sqs:GetQueueAttributes\",\"sqs:DeleteMessage\",\"sqs:ChangeMessageVisibility\"],\"Resource\":[\"arn:aws:sqs:us-east-1:470044069342:cobre-notif-dev-raw-events\",\"arn:aws:sqs:us-east-1:470044069342:cobre-notif-dev-deliveries\"]},{\"Sid\":\"Dynamo\",\"Effect\":\"Allow\",\"Action\":[\"dynamodb:UpdateItem\",\"dynamodb:Query\",\"dynamodb:PutItem\",\"dynamodb:GetItem\"],\"Resource\":[\"arn:aws:dynamodb:us-east-1:470044069342:table/cobre-notif-dev-subscriptions/index/*\",\"arn:aws:dynamodb:us-east-1:470044069342:table/cobre-notif-dev-subscriptions\",\"arn:aws:dynamodb:us-east-1:470044069342:table/cobre-notif-dev-notification-events/index/*\",\"arn:aws:dynamodb:us-east-1:470044069342:table/cobre-notif-dev-notification-events\"]},{\"Sid\":\"SecretsRead\",\"Effect\":\"Allow\",\"Action\":\"secretsmanager:GetSecretValue\",\"Resource\":\"arn:aws:secretsmanager:us-east-1:*:secret:cobre/webhook-hmac/*\"},{\"Sid\":\"CloudWatchMetrics\",\"Effect\":\"Allow\",\"Action\":\"cloudwatch:PutMetricData\",\"Resource\":\"*\",\"Condition\":{\"StringEquals\":{\"cloudwatch:namespace\":[\"notification-events-delivery\",\"notification-events-api\",\"notification-events-simulator\"]}}},{\"Sid\":\"DynamoKmsAccess\",\"Effect\":\"Allow\",\"Action\":[\"kms:GenerateDataKey\",\"kms:Decrypt\"],\"Resource\":\"arn:aws:kms:us-east-1:470044069342:key/bbfcad45-ca45-4783-8988-00fb28462c10\"}]}",
            "override_json": null,
            "override_policy_documents": null,
            "policy_id": null,
            "source_json": null,
            "source_policy_documents": null,
            "statement": [
              {
                "actions": [
                  "sqs:ChangeMessageVisibility",
                  "sqs:DeleteMessage",
                  "sqs:GetQueueAttributes",
                  "sqs:ReceiveMessage",
                  "sqs:SendMessage"
                ],
                "condition": [],
                "effect": "Allow",
                "not_actions": [],
                "not_principals": [],
                "not_resources": [],
                "principals": [],
                "resources": [
                  "arn:aws:sqs:us-east-1:470044069342:cobre-notif-dev-deliveries",
                  "arn:aws:sqs:us-east-1:470044069342:cobre-notif-dev-raw-events"
                ],
                "sid": "SqsWork"
              },
              {
                "actions": [
                  "dynamodb:GetItem",
                  "dynamodb:PutItem",
                  "dynamodb:Query",
                  "dynamodb:UpdateItem"
                ],
                "condition": [],
                "effect": "Allow",
                "not_actions": [],
                "not_principals": [],
                "not_resources": [],
                "principals": [],
                "resources": [
                  "arn:aws:dynamodb:us-east-1:470044069342:table/cobre-notif-dev-notification-events",
                  "arn:aws:dynamodb:us-east-1:470044069342:table/cobre-notif-dev-notification-events/index/*",
                  "arn:aws:dynamodb:us-east-1:470044069342:table/cobre-notif-dev-subscriptions",
                  "arn:aws:dynamodb:us-east-1:470044069342:table/cobre-notif-dev-subscriptions/index/*"
                ],
                "sid": "Dynamo"
              },
              {
                "actions": [
                  "secretsmanager:GetSecretValue"
                ],
                "condition": [],
                "effect": "Allow",
                "not_actions": [],
                "not_principals": [],
                "not_resources": [],
                "principals": [],
                "resources": [
                  "arn:aws:secretsmanager:us-east-1:*:secret:cobre/webhook-hmac/*"
                ],
                "sid": "SecretsRead"
              },
              {
                "actions": [
                  "cloudwatch:PutMetricData"
                ],
                "condition": [
                  {
                    "test": "StringEquals",
                    "values": [
                      "notification-events-delivery",
                      "notification-events-api",
                      "notification-events-simulator"
                    ],
                    "variable": "cloudwatch:namespace"
                  }
                ],
                "effect": "Allow",
                "not_actions": [],
                "not_principals": [],
                "not_resources": [],
                "principals": [],
                "resources": [
                  "*"
                ],
                "sid": "CloudWatchMetrics"
              },
              {
                "actions": [
                  "kms:Decrypt",
                  "kms:GenerateDataKey"
                ],
                "condition": [],
                "effect": "Allow",
                "not_actions": [],
                "not_principals": [],
                "not_resources": [],
                "principals": [],
                "resources": [
                  "arn:aws:kms:us-east-1:470044069342:key/bbfcad45-ca45-4783-8988-00fb28462c10"
                ],
                "sid": "DynamoKmsAccess"
              }
            ],
            "version": "2012-10-17"
          },
          "sensitive_attributes": [],
          "identity_schema_version": 0
        }
      ]
    },
    {
      "mode": "data",
      "type": "aws_iam_policy_document",
      "name": "task_simulator",
      "provider": "provider[\"registry.terraform.io/hashicorp/aws\"]",
      "instances": [
        {
          "schema_version": 0,
          "attributes": {
            "id": "166120217",
            "json": "{\n  \"Version\": \"2012-10-17\",\n  \"Statement\": [\n    {\n      \"Sid\": \"SqsProduce\",\n      \"Effect\": \"Allow\",\n      \"Action\": \"sqs:SendMessage\",\n      \"Resource\": \"arn:aws:sqs:us-east-1:470044069342:cobre-notif-dev-raw-events\"\n    }\n  ]\n}",
            "minified_json": "{\"Version\":\"2012-10-17\",\"Statement\":[{\"Sid\":\"SqsProduce\",\"Effect\":\"Allow\",\"Action\":\"sqs:SendMessage\",\"Resource\":\"arn:aws:sqs:us-east-1:470044069342:cobre-notif-dev-raw-events\"}]}",
            "override_json": null,
            "override_policy_documents": null,
            "policy_id": null,
            "source_json": null,
            "source_policy_documents": null,
            "statement": [
              {
                "actions": [
                  "sqs:SendMessage"
                ],
                "condition": [],
                "effect": "Allow",
                "not_actions": [],
                "not_principals": [],
                "not_resources": [],
                "principals": [],
                "resources": [
                  "arn:aws:sqs:us-east-1:470044069342:cobre-notif-dev-raw-events"
                ],
                "sid": "SqsProduce"
              }
            ],
            "version": "2012-10-17"
          },
          "sensitive_attributes": [],
          "identity_schema_version": 0
        }
      ]
    },
    {
      "mode": "managed",
      "type": "aws_apigatewayv2_api",
      "name": "http",
      "provider": "provider[\"registry.terraform.io/hashicorp/aws\"]",
      "instances": [
        {
          "schema_version": 0,
          "attributes": {
            "api_endpoint": "https://syudl6pwmj.execute-api.us-east-1.amazonaws.com",
            "api_key_selection_expression": "$request.header.x-api-key",
            "arn": "arn:aws:apigateway:us-east-1::/apis/syudl6pwmj",
            "body": null,
            "cors_configuration": [],
            "credentials_arn": null,
            "description": "",
            "disable_execute_api_endpoint": false,
            "execution_arn": "arn:aws:execute-api:us-east-1:470044069342:syudl6pwmj",
            "fail_on_warnings": null,
            "id": "syudl6pwmj",
            "ip_address_type": "ipv4",
            "name": "cobre-notif-dev-api",
            "protocol_type": "HTTP",
            "route_key": null,
            "route_selection_expression": "$request.method $request.path",
            "tags": {
              "Name": "cobre-notif-dev-api"
            },
            "tags_all": {
              "Environment": "dev",
              "ManagedBy": "terraform",
              "Name": "cobre-notif-dev-api",
              "Project": "cobre-notif",
              "Reto": "cobre-notifications"
            },
            "target": null,
            "version": ""
          },
          "sensitive_attributes": [],
          "identity_schema_version": 0,
          "private": "bnVsbA=="
        }
      ]
    },
    {
      "mode": "managed",
      "type": "aws_apigatewayv2_authorizer",
      "name": "jwt",
      "provider": "provider[\"registry.terraform.io/hashicorp/aws\"]",
      "instances": [
        {
          "schema_version": 0,
          "attributes": {
            "api_id": "syudl6pwmj",
            "authorizer_credentials_arn": "",
            "authorizer_payload_format_version": "",
            "authorizer_result_ttl_in_seconds": 0,
            "authorizer_type": "JWT",
            "authorizer_uri": "",
            "enable_simple_responses": false,
            "id": "cfvor5",
            "identity_sources": [
              "$request.header.Authorization"
            ],
            "jwt_configuration": [
              {
                "audience": [
                  "487r8m30kv344g52t34occob55"
                ],
                "issuer": "https://cognito-idp.us-east-1.amazonaws.com/us-east-1_oXjVdwniW"
              }
            ],
            "name": "cobre-notif-dev-jwt",
            "timeouts": null
          },
          "sensitive_attributes": [],
          "identity_schema_version": 0,
          "private": "eyJlMmJmYjczMC1lY2FhLTExZTYtOGY4OC0zNDM2M2JjN2M0YzAiOnsiZGVsZXRlIjoxODAwMDAwMDAwMDAwfX0=",
          "dependencies": [
            "aws_apigatewayv2_api.http",
            "aws_cognito_resource_server.api",
            "aws_cognito_user_pool.main",
            "aws_cognito_user_pool_client.m2m"
          ]
        }
      ]
    },
    {
      "mode": "managed",
      "type": "aws_apigatewayv2_integration",
      "name": "api",
      "provider": "provider[\"registry.terraform.io/hashicorp/aws\"]",
      "instances": [
        {
          "schema_version": 0,
          "attributes": {
            "api_id": "syudl6pwmj",
            "connection_id": "yhjpej",
            "connection_type": "VPC_LINK",
            "content_handling_strategy": "",
            "credentials_arn": "",
            "description": "",
            "id": "m4imp2v",
            "integration_method": "ANY",
            "integration_response_selection_expression": "",
            "integration_subtype": "",
            "integration_type": "HTTP_PROXY",
            "integration_uri": "arn:aws:elasticloadbalancing:us-east-1:470044069342:listener/app/cobre-notif-dev-alb/0ff62f1304060805/ccb556c5f794b62d",
            "passthrough_behavior": "",
            "payload_format_version": "1.0",
            "request_parameters": {},
            "request_templates": {},
            "response_parameters": [],
            "template_selection_expression": "",
            "timeout_milliseconds": 30000,
            "tls_config": []
          },
          "sensitive_attributes": [],
          "identity_schema_version": 0,
          "private": "bnVsbA==",
          "dependencies": [
            "aws_apigatewayv2_api.http",
            "aws_apigatewayv2_vpc_link.main",
            "aws_lb.api",
            "aws_lb_listener.api",
            "aws_lb_target_group.api",
            "aws_security_group.alb",
            "aws_security_group.api",
            "aws_subnet.private",
            "aws_vpc.main"
          ]
        }
      ]
    },
    {
      "mode": "managed",
      "type": "aws_apigatewayv2_route",
      "name": "routes",
      "provider": "provider[\"registry.terraform.io/hashicorp/aws\"]",
      "instances": [
        {
          "index_key": "DELETE /subscriptions/{subscription_id}",
          "schema_version": 0,
          "attributes": {
            "api_id": "syudl6pwmj",
            "api_key_required": false,
            "authorization_scopes": [],
            "authorization_type": "JWT",
            "authorizer_id": "cfvor5",
            "id": "7vn8bo9",
            "model_selection_expression": "",
            "operation_name": "",
            "request_models": {},
            "request_parameter": [],
            "route_key": "DELETE /subscriptions/{subscription_id}",
            "route_response_selection_expression": "",
            "target": "integrations/m4imp2v"
          },
          "sensitive_attributes": [],
          "identity_schema_version": 0,
          "private": "bnVsbA==",
          "dependencies": [
            "aws_apigatewayv2_api.http",
            "aws_apigatewayv2_authorizer.jwt",
            "aws_apigatewayv2_integration.api",
            "aws_apigatewayv2_vpc_link.main",
            "aws_cognito_resource_server.api",
            "aws_cognito_user_pool.main",
            "aws_cognito_user_pool_client.m2m",
            "aws_lb.api",
            "aws_lb_listener.api",
            "aws_lb_target_group.api",
            "aws_security_group.alb",
            "aws_security_group.api",
            "aws_subnet.private",
            "aws_vpc.main"
          ]
        },
        {
          "index_key": "GET /notification_events",
          "schema_version": 0,
          "attributes": {
            "api_id": "syudl6pwmj",
            "api_key_required": false,
            "authorization_scopes": [],
            "authorization_type": "JWT",
            "authorizer_id": "cfvor5",
            "id": "ummbe1c",
            "model_selection_expression": "",
            "operation_name": "",
            "request_models": {},
            "request_parameter": [],
            "route_key": "GET /notification_events",
            "route_response_selection_expression": "",
            "target": "integrations/m4imp2v"
          },
          "sensitive_attributes": [],
          "identity_schema_version": 0,
          "private": "bnVsbA==",
          "dependencies": [
            "aws_apigatewayv2_api.http",
            "aws_apigatewayv2_authorizer.jwt",
            "aws_apigatewayv2_integration.api",
            "aws_apigatewayv2_vpc_link.main",
            "aws_cognito_resource_server.api",
            "aws_cognito_user_pool.main",
            "aws_cognito_user_pool_client.m2m",
            "aws_lb.api",
            "aws_lb_listener.api",
            "aws_lb_target_group.api",
            "aws_security_group.alb",
            "aws_security_group.api",
            "aws_subnet.private",
            "aws_vpc.main"
          ]
        },
        {
          "index_key": "GET /notification_events/{id_notification}",
          "schema_version": 0,
          "attributes": {
            "api_id": "syudl6pwmj",
            "api_key_required": false,
            "authorization_scopes": [],
            "authorization_type": "JWT",
            "authorizer_id": "cfvor5",
            "id": "hr2urn4",
            "model_selection_expression": "",
            "operation_name": "",
            "request_models": {},
            "request_parameter": [],
            "route_key": "GET /notification_events/{id_notification}",
            "route_response_selection_expression": "",
            "target": "integrations/m4imp2v"
          },
          "sensitive_attributes": [],
          "identity_schema_version": 0,
          "private": "bnVsbA==",
          "dependencies": [
            "aws_apigatewayv2_api.http",
            "aws_apigatewayv2_authorizer.jwt",
            "aws_apigatewayv2_integration.api",
            "aws_apigatewayv2_vpc_link.main",
            "aws_cognito_resource_server.api",
            "aws_cognito_user_pool.main",
            "aws_cognito_user_pool_client.m2m",
            "aws_lb.api",
            "aws_lb_listener.api",
            "aws_lb_target_group.api",
            "aws_security_group.alb",
            "aws_security_group.api",
            "aws_subnet.private",
            "aws_vpc.main"
          ]
        },
        {
          "index_key": "GET /subscriptions",
          "schema_version": 0,
          "attributes": {
            "api_id": "syudl6pwmj",
            "api_key_required": false,
            "authorization_scopes": [],
            "authorization_type": "JWT",
            "authorizer_id": "cfvor5",
            "id": "jnqdj60",
            "model_selection_expression": "",
            "operation_name": "",
            "request_models": {},
            "request_parameter": [],
            "route_key": "GET /subscriptions",
            "route_response_selection_expression": "",
            "target": "integrations/m4imp2v"
          },
          "sensitive_attributes": [],
          "identity_schema_version": 0,
          "private": "bnVsbA==",
          "dependencies": [
            "aws_apigatewayv2_api.http",
            "aws_apigatewayv2_authorizer.jwt",
            "aws_apigatewayv2_integration.api",
            "aws_apigatewayv2_vpc_link.main",
            "aws_cognito_resource_server.api",
            "aws_cognito_user_pool.main",
            "aws_cognito_user_pool_client.m2m",
            "aws_lb.api",
            "aws_lb_listener.api",
            "aws_lb_target_group.api",
            "aws_security_group.alb",
            "aws_security_group.api",
            "aws_subnet.private",
            "aws_vpc.main"
          ]
        },
        {
          "index_key": "GET /subscriptions/{subscription_id}",
          "schema_version": 0,
          "attributes": {
            "api_id": "syudl6pwmj",
            "api_key_required": false,
            "authorization_scopes": null,
            "authorization_type": "JWT",
            "authorizer_id": "cfvor5",
            "id": "7fcftet",
            "model_selection_expression": "",
            "operation_name": "",
            "request_models": null,
            "request_parameter": [],
            "route_key": "GET /subscriptions/{subscription_id}",
            "route_response_selection_expression": "",
            "target": "integrations/m4imp2v"
          },
          "sensitive_attributes": [],
          "identity_schema_version": 0,
          "private": "bnVsbA==",
          "dependencies": [
            "aws_apigatewayv2_api.http",
            "aws_apigatewayv2_authorizer.jwt",
            "aws_apigatewayv2_integration.api",
            "aws_apigatewayv2_vpc_link.main",
            "aws_cognito_resource_server.api",
            "aws_cognito_user_pool.main",
            "aws_cognito_user_pool_client.m2m",
            "aws_lb.api",
            "aws_lb_listener.api",
            "aws_lb_target_group.api",
            "aws_security_group.alb",
            "aws_security_group.api",
            "aws_subnet.private",
            "aws_vpc.main"
          ]
        },
        {
          "index_key": "POST /notification_events/{id_notification}/replay",
          "schema_version": 0,
          "attributes": {
            "api_id": "syudl6pwmj",
            "api_key_required": false,
            "authorization_scopes": [],
            "authorization_type": "JWT",
            "authorizer_id": "cfvor5",
            "id": "f150xut",
            "model_selection_expression": "",
            "operation_name": "",
            "request_models": {},
            "request_parameter": [],
            "route_key": "POST /notification_events/{id_notification}/replay",
            "route_response_selection_expression": "",
            "target": "integrations/m4imp2v"
          },
          "sensitive_attributes": [],
          "identity_schema_version": 0,
          "private": "bnVsbA==",
          "dependencies": [
            "aws_apigatewayv2_api.http",
            "aws_apigatewayv2_authorizer.jwt",
            "aws_apigatewayv2_integration.api",
            "aws_apigatewayv2_vpc_link.main",
            "aws_cognito_resource_server.api",
            "aws_cognito_user_pool.main",
            "aws_cognito_user_pool_client.m2m",
            "aws_lb.api",
            "aws_lb_listener.api",
            "aws_lb_target_group.api",
            "aws_security_group.alb",
            "aws_security_group.api",
            "aws_subnet.private",
            "aws_vpc.main"
          ]
        },
        {
          "index_key": "POST /subscriptions",
          "schema_version": 0,
          "attributes": {
            "api_id": "syudl6pwmj",
            "api_key_required": false,
            "authorization_scopes": [],
            "authorization_type": "JWT",
            "authorizer_id": "cfvor5",
            "id": "v55aats",
            "model_selection_expression": "",
            "operation_name": "",
            "request_models": {},
            "request_parameter": [],
            "route_key": "POST /subscriptions",
            "route_response_selection_expression": "",
            "target": "integrations/m4imp2v"
          },
          "sensitive_attributes": [],
          "identity_schema_version": 0,
          "private": "bnVsbA==",
          "dependencies": [
            "aws_apigatewayv2_api.http",
            "aws_apigatewayv2_authorizer.jwt",
            "aws_apigatewayv2_integration.api",
            "aws_apigatewayv2_vpc_link.main",
            "aws_cognito_resource_server.api",
            "aws_cognito_user_pool.main",
            "aws_cognito_user_pool_client.m2m",
            "aws_lb.api",
            "aws_lb_listener.api",
            "aws_lb_target_group.api",
            "aws_security_group.alb",
            "aws_security_group.api",
            "aws_subnet.private",
            "aws_vpc.main"
          ]
        },
        {
          "index_key": "PUT /subscriptions/{subscription_id}",
          "schema_version": 0,
          "attributes": {
            "api_id": "syudl6pwmj",
            "api_key_required": false,
            "authorization_scopes": [],
            "authorization_type": "JWT",
            "authorizer_id": "cfvor5",
            "id": "mgdlosu",
            "model_selection_expression": "",
            "operation_name": "",
            "request_models": {},
            "request_parameter": [],
            "route_key": "PUT /subscriptions/{subscription_id}",
            "route_response_selection_expression": "",
            "target": "integrations/m4imp2v"
          },
          "sensitive_attributes": [],
          "identity_schema_version": 0,
          "private": "bnVsbA==",
          "dependencies": [
            "aws_apigatewayv2_api.http",
            "aws_apigatewayv2_authorizer.jwt",
            "aws_apigatewayv2_integration.api",
            "aws_apigatewayv2_vpc_link.main",
            "aws_cognito_resource_server.api",
            "aws_cognito_user_pool.main",
            "aws_cognito_user_pool_client.m2m",
            "aws_lb.api",
            "aws_lb_listener.api",
            "aws_lb_target_group.api",
            "aws_security_group.alb",
            "aws_security_group.api",
            "aws_subnet.private",
            "aws_vpc.main"
          ]
        }
      ]
    },
    {
      "mode": "managed",
      "type": "aws_apigatewayv2_stage",
      "name": "default",
      "provider": "provider[\"registry.terraform.io/hashicorp/aws\"]",
      "instances": [
        {
          "schema_version": 0,
          "attributes": {
            "access_log_settings": [],
            "api_id": "syudl6pwmj",
            "arn": "arn:aws:apigateway:us-east-1::/apis/syudl6pwmj/stages/$default",
            "auto_deploy": true,
            "client_certificate_id": "",
            "default_route_settings": [
              {
                "data_trace_enabled": false,
                "detailed_metrics_enabled": false,
                "logging_level": "",
                "throttling_burst_limit": 500,
                "throttling_rate_limit": 1000
              }
            ],
            "deployment_id": "0ou5h1",
            "description": "",
            "execution_arn": "arn:aws:execute-api:us-east-1:470044069342:syudl6pwmj/$default",
            "id": "$default",
            "invoke_url": "https://syudl6pwmj.execute-api.us-east-1.amazonaws.com/",
            "name": "$default",
            "route_settings": [],
            "stage_variables": {},
            "tags": {
              "Name": "cobre-notif-dev-stage"
            },
            "tags_all": {
              "Environment": "dev",
              "ManagedBy": "terraform",
              "Name": "cobre-notif-dev-stage",
              "Project": "cobre-notif",
              "Reto": "cobre-notifications"
            }
          },
          "sensitive_attributes": [],
          "identity_schema_version": 0,
          "private": "bnVsbA==",
          "dependencies": [
            "aws_apigatewayv2_api.http"
          ]
        }
      ]
    },
    {
      "mode": "managed",
      "type": "aws_apigatewayv2_vpc_link",
      "name": "main",
      "provider": "provider[\"registry.terraform.io/hashicorp/aws\"]",
      "instances": [
        {
          "schema_version": 0,
          "attributes": {
            "arn": "arn:aws:apigateway:us-east-1::/vpclinks/yhjpej",
            "id": "yhjpej",
            "name": "cobre-notif-dev-vpclink",
            "security_group_ids": [
              "sg-022063fd8b0b8a22c"
            ],
            "subnet_ids": [
              "subnet-07a02cb703f07b6cc",
              "subnet-09d27e56ea3d36016"
            ],
            "tags": {
              "Name": "cobre-notif-dev-vpclink"
            },
            "tags_all": {
              "Environment": "dev",
              "ManagedBy": "terraform",
              "Name": "cobre-notif-dev-vpclink",
              "Project": "cobre-notif",
              "Reto": "cobre-notifications"
            }
          },
          "sensitive_attributes": [],
          "identity_schema_version": 0,
          "private": "bnVsbA==",
          "dependencies": [
            "aws_security_group.api",
            "aws_subnet.private",
            "aws_vpc.main"
          ]
        }
      ]
    },
    {
      "mode": "managed",
      "type": "aws_appautoscaling_policy",
      "name": "cpu",
      "provider": "provider[\"registry.terraform.io/hashicorp/aws\"]",
      "instances": [
        {
          "index_key": "api",
          "schema_version": 0,
          "attributes": {
            "alarm_arns": [
              "arn:aws:cloudwatch:us-east-1:470044069342:alarm:TargetTracking-service/cobre-notif-dev-cluster/cobre-notif-dev-events-api-AlarmHigh-43a884a2-7042-4563-b65c-93ec8ade6ae9",
              "arn:aws:cloudwatch:us-east-1:470044069342:alarm:TargetTracking-service/cobre-notif-dev-cluster/cobre-notif-dev-events-api-AlarmLow-aca9133a-783c-48a7-a05a-4c28646369b7"
            ],
            "arn": "arn:aws:autoscaling:us-east-1:470044069342:scalingPolicy:81f20543-0d9f-476a-8a06-7503134b5be8:resource/ecs/service/cobre-notif-dev-cluster/cobre-notif-dev-events-api:policyName/cobre-notif-dev-api-cpu",
            "id": "cobre-notif-dev-api-cpu",
            "name": "cobre-notif-dev-api-cpu",
            "policy_type": "TargetTrackingScaling",
            "resource_id": "service/cobre-notif-dev-cluster/cobre-notif-dev-events-api",
            "scalable_dimension": "ecs:service:DesiredCount",
            "service_namespace": "ecs",
            "step_scaling_policy_configuration": [],
            "target_tracking_scaling_policy_configuration": [
              {
                "customized_metric_specification": [],
                "disable_scale_in": false,
                "predefined_metric_specification": [
                  {
                    "predefined_metric_type": "ECSServiceAverageCPUUtilization",
                    "resource_label": ""
                  }
                ],
                "scale_in_cooldown": 0,
                "scale_out_cooldown": 0,
                "target_value": 65
              }
            ]
          },
          "sensitive_attributes": [],
          "identity_schema_version": 0,
          "private": "bnVsbA==",
          "dependencies": [
            "aws_appautoscaling_target.svc",
            "aws_cloudwatch_log_group.svc",
            "aws_cognito_resource_server.api",
            "aws_cognito_user_pool.main",
            "aws_cognito_user_pool_client.m2m",
            "aws_dynamodb_table.notification_events",
            "aws_dynamodb_table.subscriptions",
            "aws_ecr_repository.svc",
            "aws_ecs_cluster.main",
            "aws_ecs_service.api",
            "aws_ecs_service.delivery",
            "aws_ecs_task_definition.api",
            "aws_ecs_task_definition.delivery",
            "aws_iam_role.ecs_execution",
            "aws_iam_role.task_api",
            "aws_iam_role.task_delivery",
            "aws_kms_key.dynamodb",
            "aws_lb.api",
            "aws_lb_listener.api",
            "aws_lb_target_group.api",
            "aws_security_group.alb",
            "aws_security_group.api",
            "aws_security_group.worker",
            "aws_sqs_queue.deliveries",
            "aws_sqs_queue.deliveries_dlq",
            "aws_sqs_queue.raw_events",
            "aws_sqs_queue.raw_events_dlq",
            "aws_subnet.private",
            "aws_vpc.main",
            "data.aws_iam_policy_document.ecs_assume"
          ]
        },
        {
          "index_key": "delivery",
          "schema_version": 0,
          "attributes": {
            "alarm_arns": [
              "arn:aws:cloudwatch:us-east-1:470044069342:alarm:TargetTracking-service/cobre-notif-dev-cluster/cobre-notif-dev-events-delivery-AlarmHigh-0be0a813-056f-46ca-9423-8866db8632bb",
              "arn:aws:cloudwatch:us-east-1:470044069342:alarm:TargetTracking-service/cobre-notif-dev-cluster/cobre-notif-dev-events-delivery-AlarmLow-25999958-02cc-454b-a603-c8403df209c8"
            ],
            "arn": "arn:aws:autoscaling:us-east-1:470044069342:scalingPolicy:bf41adc4-2ecd-4bd7-9ef8-1280c92a5f85:resource/ecs/service/cobre-notif-dev-cluster/cobre-notif-dev-events-delivery:policyName/cobre-notif-dev-delivery-cpu",
            "id": "cobre-notif-dev-delivery-cpu",
            "name": "cobre-notif-dev-delivery-cpu",
            "policy_type": "TargetTrackingScaling",
            "resource_id": "service/cobre-notif-dev-cluster/cobre-notif-dev-events-delivery",
            "scalable_dimension": "ecs:service:DesiredCount",
            "service_namespace": "ecs",
            "step_scaling_policy_configuration": [],
            "target_tracking_scaling_policy_configuration": [
              {
                "customized_metric_specification": [],
                "disable_scale_in": false,
                "predefined_metric_specification": [
                  {
                    "predefined_metric_type": "ECSServiceAverageCPUUtilization",
                    "resource_label": ""
                  }
                ],
                "scale_in_cooldown": 0,
                "scale_out_cooldown": 0,
                "target_value": 65
              }
            ]
          },
          "sensitive_attributes": [],
          "identity_schema_version": 0,
          "private": "bnVsbA==",
          "dependencies": [
            "aws_appautoscaling_target.svc",
            "aws_cloudwatch_log_group.svc",
            "aws_cognito_resource_server.api",
            "aws_cognito_user_pool.main",
            "aws_cognito_user_pool_client.m2m",
            "aws_dynamodb_table.notification_events",
            "aws_dynamodb_table.subscriptions",
            "aws_ecr_repository.svc",
            "aws_ecs_cluster.main",
            "aws_ecs_service.api",
            "aws_ecs_service.delivery",
            "aws_ecs_task_definition.api",
            "aws_ecs_task_definition.delivery",
            "aws_iam_role.ecs_execution",
            "aws_iam_role.task_api",
            "aws_iam_role.task_delivery",
            "aws_kms_key.dynamodb",
            "aws_lb.api",
            "aws_lb_listener.api",
            "aws_lb_target_group.api",
            "aws_security_group.alb",
            "aws_security_group.api",
            "aws_security_group.worker",
            "aws_sqs_queue.deliveries",
            "aws_sqs_queue.deliveries_dlq",
            "aws_sqs_queue.raw_events",
            "aws_sqs_queue.raw_events_dlq",
            "aws_subnet.private",
            "aws_vpc.main",
            "data.aws_iam_policy_document.ecs_assume"
          ]
        }
      ]
    },
    {
      "mode": "managed",
      "type": "aws_appautoscaling_target",
      "name": "svc",
      "provider": "provider[\"registry.terraform.io/hashicorp/aws\"]",
      "instances": [
        {
          "index_key": "api",
          "schema_version": 0,
          "attributes": {
            "arn": "arn:aws:application-autoscaling:us-east-1:470044069342:scalable-target/0ec581f205430d9f476a8a067503134b5be8",
            "id": "service/cobre-notif-dev-cluster/cobre-notif-dev-events-api",
            "max_capacity": 10,
            "min_capacity": 2,
            "resource_id": "service/cobre-notif-dev-cluster/cobre-notif-dev-events-api",
            "role_arn": "arn:aws:iam::470044069342:role/aws-service-role/ecs.application-autoscaling.amazonaws.com/AWSServiceRoleForApplicationAutoScaling_ECSService",
            "scalable_dimension": "ecs:service:DesiredCount",
            "service_namespace": "ecs",
            "suspended_state": [
              {
                "dynamic_scaling_in_suspended": false,
                "dynamic_scaling_out_suspended": false,
                "scheduled_scaling_suspended": false
              }
            ],
            "tags": {},
            "tags_all": {
              "Environment": "dev",
              "ManagedBy": "terraform",
              "Project": "cobre-notif",
              "Reto": "cobre-notifications"
            }
          },
          "sensitive_attributes": [],
          "identity_schema_version": 0,
          "private": "bnVsbA==",
          "dependencies": [
            "aws_cloudwatch_log_group.svc",
            "aws_cognito_resource_server.api",
            "aws_cognito_user_pool.main",
            "aws_cognito_user_pool_client.m2m",
            "aws_dynamodb_table.notification_events",
            "aws_dynamodb_table.subscriptions",
            "aws_ecr_repository.svc",
            "aws_ecs_cluster.main",
            "aws_ecs_service.api",
            "aws_ecs_service.delivery",
            "aws_ecs_task_definition.api",
            "aws_ecs_task_definition.delivery",
            "aws_iam_role.ecs_execution",
            "aws_iam_role.task_api",
            "aws_iam_role.task_delivery",
            "aws_kms_key.dynamodb",
            "aws_lb.api",
            "aws_lb_listener.api",
            "aws_lb_target_group.api",
            "aws_security_group.alb",
            "aws_security_group.api",
            "aws_security_group.worker",
            "aws_sqs_queue.deliveries",
            "aws_sqs_queue.deliveries_dlq",
            "aws_sqs_queue.raw_events",
            "aws_sqs_queue.raw_events_dlq",
            "aws_subnet.private",
            "aws_vpc.main",
            "data.aws_iam_policy_document.ecs_assume"
          ]
        },
        {
          "index_key": "delivery",
          "schema_version": 0,
          "attributes": {
            "arn": "arn:aws:application-autoscaling:us-east-1:470044069342:scalable-target/0ec5bf41adc42ecd4bd79ef81280c92a5f85",
            "id": "service/cobre-notif-dev-cluster/cobre-notif-dev-events-delivery",
            "max_capacity": 10,
            "min_capacity": 2,
            "resource_id": "service/cobre-notif-dev-cluster/cobre-notif-dev-events-delivery",
            "role_arn": "arn:aws:iam::470044069342:role/aws-service-role/ecs.application-autoscaling.amazonaws.com/AWSServiceRoleForApplicationAutoScaling_ECSService",
            "scalable_dimension": "ecs:service:DesiredCount",
            "service_namespace": "ecs",
            "suspended_state": [
              {
                "dynamic_scaling_in_suspended": false,
                "dynamic_scaling_out_suspended": false,
                "scheduled_scaling_suspended": false
              }
            ],
            "tags": {},
            "tags_all": {
              "Environment": "dev",
              "ManagedBy": "terraform",
              "Project": "cobre-notif",
              "Reto": "cobre-notifications"
            }
          },
          "sensitive_attributes": [],
          "identity_schema_version": 0,
          "private": "bnVsbA==",
          "dependencies": [
            "aws_cloudwatch_log_group.svc",
            "aws_cognito_resource_server.api",
            "aws_cognito_user_pool.main",
            "aws_cognito_user_pool_client.m2m",
            "aws_dynamodb_table.notification_events",
            "aws_dynamodb_table.subscriptions",
            "aws_ecr_repository.svc",
            "aws_ecs_cluster.main",
            "aws_ecs_service.api",
            "aws_ecs_service.delivery",
            "aws_ecs_task_definition.api",
            "aws_ecs_task_definition.delivery",
            "aws_iam_role.ecs_execution",
            "aws_iam_role.task_api",
            "aws_iam_role.task_delivery",
            "aws_kms_key.dynamodb",
            "aws_lb.api",
            "aws_lb_listener.api",
            "aws_lb_target_group.api",
            "aws_security_group.alb",
            "aws_security_group.api",
            "aws_security_group.worker",
            "aws_sqs_queue.deliveries",
            "aws_sqs_queue.deliveries_dlq",
            "aws_sqs_queue.raw_events",
            "aws_sqs_queue.raw_events_dlq",
            "aws_subnet.private",
            "aws_vpc.main",
            "data.aws_iam_policy_document.ecs_assume"
          ]
        }
      ]
    },
    {
      "mode": "managed",
      "type": "aws_athena_workgroup",
      "name": "archive",
      "provider": "provider[\"registry.terraform.io/hashicorp/aws\"]",
      "instances": [
        {
          "schema_version": 0,
          "attributes": {
            "arn": "arn:aws:athena:us-east-1:470044069342:workgroup/cobre-notif-dev-wg",
            "configuration": [
              {
                "bytes_scanned_cutoff_per_query": 0,
                "enforce_workgroup_configuration": true,
                "engine_version": [
                  {
                    "effective_engine_version": "Athena engine version 3",
                    "selected_engine_version": "AUTO"
                  }
                ],
                "execution_role": "",
                "publish_cloudwatch_metrics_enabled": true,
                "requester_pays_enabled": false,
                "result_configuration": [
                  {
                    "acl_configuration": [],
                    "encryption_configuration": [],
                    "expected_bucket_owner": "",
                    "output_location": "s3://cobre-notif-dev-archive/athena-results/"
                  }
                ]
              }
            ],
            "description": "",
            "force_destroy": false,
            "id": "cobre-notif-dev-wg",
            "name": "cobre-notif-dev-wg",
            "state": "ENABLED",
            "tags": {
              "Name": "cobre-notif-dev-wg"
            },
            "tags_all": {
              "Environment": "dev",
              "ManagedBy": "terraform",
              "Name": "cobre-notif-dev-wg",
              "Project": "cobre-notif",
              "Reto": "cobre-notifications"
            }
          },
          "sensitive_attributes": [],
          "identity_schema_version": 0,
          "private": "bnVsbA==",
          "dependencies": [
            "aws_s3_bucket.archive"
          ]
        }
      ]
    },
    {
      "mode": "managed",
      "type": "aws_cloudwatch_log_group",
      "name": "svc",
      "provider": "provider[\"registry.terraform.io/hashicorp/aws\"]",
      "instances": [
        {
          "index_key": "events-api",
          "schema_version": 0,
          "attributes": {
            "arn": "arn:aws:logs:us-east-1:470044069342:log-group:/ecs/cobre-notif-dev/events-api",
            "id": "/ecs/cobre-notif-dev/events-api",
            "kms_key_id": "",
            "log_group_class": "STANDARD",
            "name": "/ecs/cobre-notif-dev/events-api",
            "name_prefix": "",
            "retention_in_days": 7,
            "skip_destroy": false,
            "tags": {
              "Name": "cobre-notif-dev-log-events-api"
            },
            "tags_all": {
              "Environment": "dev",
              "ManagedBy": "terraform",
              "Name": "cobre-notif-dev-log-events-api",
              "Project": "cobre-notif",
              "Reto": "cobre-notifications"
            }
          },
          "sensitive_attributes": [],
          "identity_schema_version": 0,
          "private": "bnVsbA=="
        },
        {
          "index_key": "events-delivery",
          "schema_version": 0,
          "attributes": {
            "arn": "arn:aws:logs:us-east-1:470044069342:log-group:/ecs/cobre-notif-dev/events-delivery",
            "id": "/ecs/cobre-notif-dev/events-delivery",
            "kms_key_id": "",
            "log_group_class": "STANDARD",
            "name": "/ecs/cobre-notif-dev/events-delivery",
            "name_prefix": "",
            "retention_in_days": 7,
            "skip_destroy": false,
            "tags": {
              "Name": "cobre-notif-dev-log-events-delivery"
            },
            "tags_all": {
              "Environment": "dev",
              "ManagedBy": "terraform",
              "Name": "cobre-notif-dev-log-events-delivery",
              "Project": "cobre-notif",
              "Reto": "cobre-notifications"
            }
          },
          "sensitive_attributes": [],
          "identity_schema_version": 0,
          "private": "bnVsbA=="
        },
        {
          "index_key": "events-simulator",
          "schema_version": 0,
          "attributes": {
            "arn": "arn:aws:logs:us-east-1:470044069342:log-group:/ecs/cobre-notif-dev/events-simulator",
            "id": "/ecs/cobre-notif-dev/events-simulator",
            "kms_key_id": "",
            "log_group_class": "STANDARD",
            "name": "/ecs/cobre-notif-dev/events-simulator",
            "name_prefix": "",
            "retention_in_days": 7,
            "skip_destroy": false,
            "tags": {
              "Name": "cobre-notif-dev-log-events-simulator"
            },
            "tags_all": {
              "Environment": "dev",
              "ManagedBy": "terraform",
              "Name": "cobre-notif-dev-log-events-simulator",
              "Project": "cobre-notif",
              "Reto": "cobre-notifications"
            }
          },
          "sensitive_attributes": [],
          "identity_schema_version": 0,
          "private": "bnVsbA=="
        }
      ]
    },
    {
      "mode": "managed",
      "type": "aws_cloudwatch_metric_alarm",
      "name": "deliveries_age",
      "provider": "provider[\"registry.terraform.io/hashicorp/aws\"]",
      "instances": [
        {
          "schema_version": 1,
          "attributes": {
            "actions_enabled": true,
            "alarm_actions": [],
            "alarm_description": "Retraso en la entrega (mensaje más viejo en deliveries)",
            "alarm_name": "cobre-notif-dev-deliveries-age",
            "arn": "arn:aws:cloudwatch:us-east-1:470044069342:alarm:cobre-notif-dev-deliveries-age",
            "comparison_operator": "GreaterThanThreshold",
            "datapoints_to_alarm": 0,
            "dimensions": {
              "QueueName": "cobre-notif-dev-deliveries"
            },
            "evaluate_low_sample_count_percentiles": "",
            "evaluation_periods": 2,
            "extended_statistic": "",
            "id": "cobre-notif-dev-deliveries-age",
            "insufficient_data_actions": [],
            "metric_name": "ApproximateAgeOfOldestMessage",
            "metric_query": [],
            "namespace": "AWS/SQS",
            "ok_actions": [],
            "period": 300,
            "statistic": "Maximum",
            "tags": {
              "Name": "cobre-notif-dev-deliveries-age"
            },
            "tags_all": {
              "Environment": "dev",
              "ManagedBy": "terraform",
              "Name": "cobre-notif-dev-deliveries-age",
              "Project": "cobre-notif",
              "Reto": "cobre-notifications"
            },
            "threshold": 3600,
            "threshold_metric_id": "",
            "treat_missing_data": "missing",
            "unit": ""
          },
          "sensitive_attributes": [],
          "identity_schema_version": 0,
          "private": "eyJzY2hlbWFfdmVyc2lvbiI6IjEifQ==",
          "dependencies": [
            "aws_sqs_queue.deliveries",
            "aws_sqs_queue.deliveries_dlq"
          ]
        }
      ]
    },
    {
      "mode": "managed",
      "type": "aws_cloudwatch_metric_alarm",
      "name": "deliveries_dlq_depth",
      "provider": "provider[\"registry.terraform.io/hashicorp/aws\"]",
      "instances": [
        {
          "schema_version": 1,
          "attributes": {
            "actions_enabled": true,
            "alarm_actions": [],
            "alarm_description": "Mensajes en la DLQ de deliveries",
            "alarm_name": "cobre-notif-dev-deliveries-dlq-depth",
            "arn": "arn:aws:cloudwatch:us-east-1:470044069342:alarm:cobre-notif-dev-deliveries-dlq-depth",
            "comparison_operator": "GreaterThanThreshold",
            "datapoints_to_alarm": 0,
            "dimensions": {
              "QueueName": "cobre-notif-dev-deliveries-dlq"
            },
            "evaluate_low_sample_count_percentiles": "",
            "evaluation_periods": 1,
            "extended_statistic": "",
            "id": "cobre-notif-dev-deliveries-dlq-depth",
            "insufficient_data_actions": [],
            "metric_name": "ApproximateNumberOfMessagesVisible",
            "metric_query": [],
            "namespace": "AWS/SQS",
            "ok_actions": [],
            "period": 300,
            "statistic": "Maximum",
            "tags": {
              "Name": "cobre-notif-dev-deliveries-dlq-depth"
            },
            "tags_all": {
              "Environment": "dev",
              "ManagedBy": "terraform",
              "Name": "cobre-notif-dev-deliveries-dlq-depth",
              "Project": "cobre-notif",
              "Reto": "cobre-notifications"
            },
            "threshold": 0,
            "threshold_metric_id": "",
            "treat_missing_data": "missing",
            "unit": ""
          },
          "sensitive_attributes": [],
          "identity_schema_version": 0,
          "private": "eyJzY2hlbWFfdmVyc2lvbiI6IjEifQ==",
          "dependencies": [
            "aws_sqs_queue.deliveries_dlq"
          ]
        }
      ]
    },
    {
      "mode": "managed",
      "type": "aws_cloudwatch_metric_alarm",
      "name": "raw_dlq_depth",
      "provider": "provider[\"registry.terraform.io/hashicorp/aws\"]",
      "instances": [
        {
          "schema_version": 1,
          "attributes": {
            "actions_enabled": true,
            "alarm_actions": [],
            "alarm_description": "Mensajes en la DLQ de raw-events",
            "alarm_name": "cobre-notif-dev-raw-dlq-depth",
            "arn": "arn:aws:cloudwatch:us-east-1:470044069342:alarm:cobre-notif-dev-raw-dlq-depth",
            "comparison_operator": "GreaterThanThreshold",
            "datapoints_to_alarm": 0,
            "dimensions": {
              "QueueName": "cobre-notif-dev-raw-events-dlq"
            },
            "evaluate_low_sample_count_percentiles": "",
            "evaluation_periods": 1,
            "extended_statistic": "",
            "id": "cobre-notif-dev-raw-dlq-depth",
            "insufficient_data_actions": [],
            "metric_name": "ApproximateNumberOfMessagesVisible",
            "metric_query": [],
            "namespace": "AWS/SQS",
            "ok_actions": [],
            "period": 300,
            "statistic": "Maximum",
            "tags": {
              "Name": "cobre-notif-dev-raw-dlq-depth"
            },
            "tags_all": {
              "Environment": "dev",
              "ManagedBy": "terraform",
              "Name": "cobre-notif-dev-raw-dlq-depth",
              "Project": "cobre-notif",
              "Reto": "cobre-notifications"
            },
            "threshold": 0,
            "threshold_metric_id": "",
            "treat_missing_data": "missing",
            "unit": ""
          },
          "sensitive_attributes": [],
          "identity_schema_version": 0,
          "private": "eyJzY2hlbWFfdmVyc2lvbiI6IjEifQ==",
          "dependencies": [
            "aws_sqs_queue.raw_events_dlq"
          ]
        }
      ]
    },
    {
      "mode": "managed",
      "type": "aws_cognito_resource_server",
      "name": "api",
      "provider": "provider[\"registry.terraform.io/hashicorp/aws\"]",
      "instances": [
        {
          "schema_version": 0,
          "attributes": {
            "id": "us-east-1_oXjVdwniW|https://api.cobre-notifications",
            "identifier": "https://api.cobre-notifications",
            "name": "cobre-notif-dev-api",
            "scope": [
              {
                "scope_description": "CRUD de suscripciones",
                "scope_name": "subscriptions.write"
              },
              {
                "scope_description": "Consultar notification_events",
                "scope_name": "notifications.read"
              },
              {
                "scope_description": "Reejecutar entregas fallidas",
                "scope_name": "notifications.replay"
              }
            ],
            "scope_identifiers": [
              "https://api.cobre-notifications/subscriptions.write",
              "https://api.cobre-notifications/notifications.replay",
              "https://api.cobre-notifications/notifications.read"
            ],
            "user_pool_id": "us-east-1_oXjVdwniW"
          },
          "sensitive_attributes": [],
          "identity_schema_version": 0,
          "private": "bnVsbA==",
          "dependencies": [
            "aws_cognito_user_pool.main"
          ]
        }
      ]
    },
    {
      "mode": "managed",
      "type": "aws_cognito_user_pool",
      "name": "main",
      "provider": "provider[\"registry.terraform.io/hashicorp/aws\"]",
      "instances": [
        {
          "schema_version": 0,
          "attributes": {
            "account_recovery_setting": [
              {
                "recovery_mechanism": [
                  {
                    "name": "verified_email",
                    "priority": 1
                  },
                  {
                    "name": "verified_phone_number",
                    "priority": 2
                  }
                ]
              }
            ],
            "admin_create_user_config": [
              {
                "allow_admin_create_user_only": false,
                "invite_message_template": []
              }
            ],
            "alias_attributes": null,
            "arn": "arn:aws:cognito-idp:us-east-1:470044069342:userpool/us-east-1_oXjVdwniW",
            "auto_verified_attributes": [],
            "creation_date": "2026-08-22T08:27:07Z",
            "custom_domain": "",
            "deletion_protection": "INACTIVE",
            "device_configuration": [],
            "domain": "cobre-notif-dev-auth",
            "email_configuration": [
              {
                "configuration_set": "",
                "email_sending_account": "COGNITO_DEFAULT",
                "from_email_address": "",
                "reply_to_email_address": "",
                "source_arn": ""
              }
            ],
            "email_mfa_configuration": [],
            "email_verification_message": "",
            "email_verification_subject": "",
            "endpoint": "cognito-idp.us-east-1.amazonaws.com/us-east-1_oXjVdwniW",
            "estimated_number_of_users": 0,
            "id": "us-east-1_oXjVdwniW",
            "lambda_config": [],
            "last_modified_date": "2026-08-22T08:27:07Z",
            "mfa_configuration": "OFF",
            "name": "cobre-notif-dev-pool",
            "password_policy": [
              {
                "minimum_length": 8,
                "password_history_size": 0,
                "require_lowercase": true,
                "require_numbers": true,
                "require_symbols": true,
                "require_uppercase": true,
                "temporary_password_validity_days": 7
              }
            ],
            "schema": [],
            "sign_in_policy": [
              {
                "allowed_first_auth_factors": [
                  "PASSWORD"
                ]
              }
            ],
            "sms_authentication_message": "",
            "sms_configuration": [],
            "sms_verification_message": "",
            "software_token_mfa_configuration": [],
            "tags": {
              "Name": "cobre-notif-dev-pool"
            },
            "tags_all": {
              "Environment": "dev",
              "ManagedBy": "terraform",
              "Name": "cobre-notif-dev-pool",
              "Project": "cobre-notif",
              "Reto": "cobre-notifications"
            },
            "user_attribute_update_settings": [],
            "user_pool_add_ons": [],
            "user_pool_tier": "ESSENTIALS",
            "username_attributes": [],
            "username_configuration": [],
            "verification_message_template": [
              {
                "default_email_option": "CONFIRM_WITH_CODE",
                "email_message": "",
                "email_message_by_link": "",
                "email_subject": "",
                "email_subject_by_link": "",
                "sms_message": ""
              }
            ],
            "web_authn_configuration": []
          },
          "sensitive_attributes": [],
          "identity_schema_version": 0,
          "private": "bnVsbA=="
        }
      ]
    },
    {
      "mode": "managed",
      "type": "aws_cognito_user_pool_client",
      "name": "m2m",
      "provider": "provider[\"registry.terraform.io/hashicorp/aws\"]",
      "instances": [
        {
          "schema_version": 0,
          "attributes": {
            "access_token_validity": 0,
            "allowed_oauth_flows": [
              "client_credentials"
            ],
            "allowed_oauth_flows_user_pool_client": true,
            "allowed_oauth_scopes": [
              "https://api.cobre-notifications/notifications.read",
              "https://api.cobre-notifications/notifications.replay",
              "https://api.cobre-notifications/subscriptions.write"
            ],
            "analytics_configuration": [],
            "auth_session_validity": 3,
            "callback_urls": [],
            "client_secret": "3v3smgi6hh3m3lm4e8u4ihnvbe8uoq7m3s7qo6ihnvambm4plcg",
            "default_redirect_uri": "",
            "enable_propagate_additional_user_context_data": false,
            "enable_token_revocation": true,
            "explicit_auth_flows": [],
            "generate_secret": true,
            "id": "487r8m30kv344g52t34occob55",
            "id_token_validity": 0,
            "logout_urls": [],
            "name": "cobre-notif-dev-m2m",
            "prevent_user_existence_errors": "",
            "read_attributes": [],
            "refresh_token_rotation": [],
            "refresh_token_validity": 30,
            "supported_identity_providers": [],
            "token_validity_units": [],
            "user_pool_id": "us-east-1_oXjVdwniW",
            "write_attributes": []
          },
          "sensitive_attributes": [
            [
              {
                "type": "get_attr",
                "value": "client_secret"
              }
            ]
          ],
          "identity_schema_version": 0,
          "dependencies": [
            "aws_cognito_resource_server.api",
            "aws_cognito_user_pool.main"
          ]
        }
      ]
    },
    {
      "mode": "managed",
      "type": "aws_cognito_user_pool_domain",
      "name": "main",
      "provider": "provider[\"registry.terraform.io/hashicorp/aws\"]",
      "instances": [
        {
          "schema_version": 0,
          "attributes": {
            "aws_account_id": "470044069342",
            "certificate_arn": "",
            "cloudfront_distribution": "d3oia8etllorh5.cloudfront.net",
            "cloudfront_distribution_arn": "d3oia8etllorh5.cloudfront.net",
            "cloudfront_distribution_zone_id": "Z2FDTNDATAQYW2",
            "domain": "cobre-notif-dev-auth",
            "id": "cobre-notif-dev-auth",
            "managed_login_version": 1,
            "s3_bucket": "aws-cognito-prod-iad-assets",
            "user_pool_id": "us-east-1_oXjVdwniW",
            "version": "20260822082711"
          },
          "sensitive_attributes": [],
          "identity_schema_version": 0,
          "private": "bnVsbA==",
          "dependencies": [
            "aws_cognito_user_pool.main"
          ]
        }
      ]
    },
    {
      "mode": "managed",
      "type": "aws_dynamodb_table",
      "name": "notification_events",
      "provider": "provider[\"registry.terraform.io/hashicorp/aws\"]",
      "instances": [
        {
          "schema_version": 1,
          "attributes": {
            "arn": "arn:aws:dynamodb:us-east-1:470044069342:table/cobre-notif-dev-notification-events",
            "attribute": [
              {
                "name": "client_id",
                "type": "S"
              },
              {
                "name": "gsi1_pk",
                "type": "S"
              },
              {
                "name": "gsi1_sk",
                "type": "S"
              },
              {
                "name": "notification_event_id",
                "type": "S"
              },
              {
                "name": "sk",
                "type": "S"
              }
            ],
            "billing_mode": "PAY_PER_REQUEST",
            "deletion_protection_enabled": false,
            "global_secondary_index": [
              {
                "hash_key": "gsi1_pk",
                "name": "gsi-status",
                "non_key_attributes": [
                  "attempt_count",
                  "delivery_status",
                  "event_type",
                  "webhook_url"
                ],
                "on_demand_throughput": [],
                "projection_type": "INCLUDE",
                "range_key": "gsi1_sk",
                "read_capacity": 0,
                "write_capacity": 0
              },
              {
                "hash_key": "notification_event_id",
                "name": "notification_event_id-index",
                "non_key_attributes": [],
                "on_demand_throughput": [],
                "projection_type": "ALL",
                "range_key": "",
                "read_capacity": 0,
                "write_capacity": 0
              }
            ],
            "hash_key": "client_id",
            "id": "cobre-notif-dev-notification-events",
            "import_table": [],
            "local_secondary_index": [],
            "name": "cobre-notif-dev-notification-events",
            "on_demand_throughput": [],
            "point_in_time_recovery": [
              {
                "enabled": true,
                "recovery_period_in_days": 35
              }
            ],
            "range_key": "sk",
            "read_capacity": 0,
            "replica": [],
            "restore_date_time": null,
            "restore_source_name": null,
            "restore_source_table_arn": null,
            "restore_to_latest_time": null,
            "server_side_encryption": [
              {
                "enabled": true,
                "kms_key_arn": "arn:aws:kms:us-east-1:470044069342:key/bbfcad45-ca45-4783-8988-00fb28462c10"
              }
            ],
            "stream_arn": "arn:aws:dynamodb:us-east-1:470044069342:table/cobre-notif-dev-notification-events/stream/2026-08-22T08:27:17.831",
            "stream_enabled": true,
            "stream_label": "2026-08-22T08:27:17.831",
            "stream_view_type": "NEW_AND_OLD_IMAGES",
            "table_class": "STANDARD",
            "tags": {
              "Name": "cobre-notif-dev-notification-events"
            },
            "tags_all": {
              "Environment": "dev",
              "ManagedBy": "terraform",
              "Name": "cobre-notif-dev-notification-events",
              "Project": "cobre-notif",
              "Reto": "cobre-notifications"
            },
            "timeouts": null,
            "ttl": [
              {
                "attribute_name": "ttl",
                "enabled": true
              }
            ],
            "write_capacity": 0
          },
          "sensitive_attributes": [],
          "identity_schema_version": 0,
          "private": "eyJlMmJmYjczMC1lY2FhLTExZTYtOGY4OC0zNDM2M2JjN2M0YzAiOnsiY3JlYXRlIjoxODAwMDAwMDAwMDAwLCJkZWxldGUiOjYwMDAwMDAwMDAwMCwidXBkYXRlIjozNjAwMDAwMDAwMDAwfSwic2NoZW1hX3ZlcnNpb24iOiIxIn0=",
          "dependencies": [
            "aws_kms_key.dynamodb"
          ]
        }
      ]
    },
    {
      "mode": "managed",
      "type": "aws_dynamodb_table",
      "name": "subscriptions",
      "provider": "provider[\"registry.terraform.io/hashicorp/aws\"]",
      "instances": [
        {
          "schema_version": 1,
          "attributes": {
            "arn": "arn:aws:dynamodb:us-east-1:470044069342:table/cobre-notif-dev-subscriptions",
            "attribute": [
              {
                "name": "client_id",
                "type": "S"
              },
              {
                "name": "sk",
                "type": "S"
              }
            ],
            "billing_mode": "PAY_PER_REQUEST",
            "deletion_protection_enabled": false,
            "global_secondary_index": [],
            "hash_key": "client_id",
            "id": "cobre-notif-dev-subscriptions",
            "import_table": [],
            "local_secondary_index": [],
            "name": "cobre-notif-dev-subscriptions",
            "on_demand_throughput": [],
            "point_in_time_recovery": [
              {
                "enabled": true,
                "recovery_period_in_days": 35
              }
            ],
            "range_key": "sk",
            "read_capacity": 0,
            "replica": [],
            "restore_date_time": null,
            "restore_source_name": null,
            "restore_source_table_arn": null,
            "restore_to_latest_time": null,
            "server_side_encryption": [
              {
                "enabled": true,
                "kms_key_arn": "arn:aws:kms:us-east-1:470044069342:key/bbfcad45-ca45-4783-8988-00fb28462c10"
              }
            ],
            "stream_arn": "",
            "stream_enabled": false,
            "stream_label": "",
            "stream_view_type": "",
            "table_class": "STANDARD",
            "tags": {
              "Name": "cobre-notif-dev-subscriptions"
            },
            "tags_all": {
              "Environment": "dev",
              "ManagedBy": "terraform",
              "Name": "cobre-notif-dev-subscriptions",
              "Project": "cobre-notif",
              "Reto": "cobre-notifications"
            },
            "timeouts": null,
            "ttl": [
              {
                "attribute_name": "",
                "enabled": false
              }
            ],
            "write_capacity": 0
          },
          "sensitive_attributes": [],
          "identity_schema_version": 0,
          "private": "eyJlMmJmYjczMC1lY2FhLTExZTYtOGY4OC0zNDM2M2JjN2M0YzAiOnsiY3JlYXRlIjoxODAwMDAwMDAwMDAwLCJkZWxldGUiOjYwMDAwMDAwMDAwMCwidXBkYXRlIjozNjAwMDAwMDAwMDAwfSwic2NoZW1hX3ZlcnNpb24iOiIxIn0=",
          "dependencies": [
            "aws_kms_key.dynamodb"
          ]
        }
      ]
    },
    {
      "mode": "managed",
      "type": "aws_ecr_repository",
      "name": "svc",
      "provider": "provider[\"registry.terraform.io/hashicorp/aws\"]",
      "instances": [
        {
          "index_key": "events-api",
          "schema_version": 0,
          "attributes": {
            "arn": "arn:aws:ecr:us-east-1:470044069342:repository/cobre-notif-dev-events-api",
            "encryption_configuration": [
              {
                "encryption_type": "AES256",
                "kms_key": ""
              }
            ],
            "force_delete": null,
            "id": "cobre-notif-dev-events-api",
            "image_scanning_configuration": [
              {
                "scan_on_push": true
              }
            ],
            "image_tag_mutability": "IMMUTABLE",
            "name": "cobre-notif-dev-events-api",
            "registry_id": "470044069342",
            "repository_url": "470044069342.dkr.ecr.us-east-1.amazonaws.com/cobre-notif-dev-events-api",
            "tags": {
              "Name": "cobre-notif-dev-events-api"
            },
            "tags_all": {
              "Environment": "dev",
              "ManagedBy": "terraform",
              "Name": "cobre-notif-dev-events-api",
              "Project": "cobre-notif",
              "Reto": "cobre-notifications"
            },
            "timeouts": null
          },
          "sensitive_attributes": [],
          "identity_schema_version": 0,
          "private": "eyJlMmJmYjczMC1lY2FhLTExZTYtOGY4OC0zNDM2M2JjN2M0YzAiOnsiZGVsZXRlIjoxMjAwMDAwMDAwMDAwfX0="
        },
        {
          "index_key": "events-delivery",
          "schema_version": 0,
          "attributes": {
            "arn": "arn:aws:ecr:us-east-1:470044069342:repository/cobre-notif-dev-events-delivery",
            "encryption_configuration": [
              {
                "encryption_type": "AES256",
                "kms_key": ""
              }
            ],
            "force_delete": null,
            "id": "cobre-notif-dev-events-delivery",
            "image_scanning_configuration": [
              {
                "scan_on_push": true
              }
            ],
            "image_tag_mutability": "IMMUTABLE",
            "name": "cobre-notif-dev-events-delivery",
            "registry_id": "470044069342",
            "repository_url": "470044069342.dkr.ecr.us-east-1.amazonaws.com/cobre-notif-dev-events-delivery",
            "tags": {
              "Name": "cobre-notif-dev-events-delivery"
            },
            "tags_all": {
              "Environment": "dev",
              "ManagedBy": "terraform",
              "Name": "cobre-notif-dev-events-delivery",
              "Project": "cobre-notif",
              "Reto": "cobre-notifications"
            },
            "timeouts": null
          },
          "sensitive_attributes": [],
          "identity_schema_version": 0,
          "private": "eyJlMmJmYjczMC1lY2FhLTExZTYtOGY4OC0zNDM2M2JjN2M0YzAiOnsiZGVsZXRlIjoxMjAwMDAwMDAwMDAwfX0="
        },
        {
          "index_key": "events-simulator",
          "schema_version": 0,
          "attributes": {
            "arn": "arn:aws:ecr:us-east-1:470044069342:repository/cobre-notif-dev-events-simulator",
            "encryption_configuration": [
              {
                "encryption_type": "AES256",
                "kms_key": ""
              }
            ],
            "force_delete": null,
            "id": "cobre-notif-dev-events-simulator",
            "image_scanning_configuration": [
              {
                "scan_on_push": true
              }
            ],
            "image_tag_mutability": "IMMUTABLE",
            "name": "cobre-notif-dev-events-simulator",
            "registry_id": "470044069342",
            "repository_url": "470044069342.dkr.ecr.us-east-1.amazonaws.com/cobre-notif-dev-events-simulator",
            "tags": {
              "Name": "cobre-notif-dev-events-simulator"
            },
            "tags_all": {
              "Environment": "dev",
              "ManagedBy": "terraform",
              "Name": "cobre-notif-dev-events-simulator",
              "Project": "cobre-notif",
              "Reto": "cobre-notifications"
            },
            "timeouts": null
          },
          "sensitive_attributes": [],
          "identity_schema_version": 0,
          "private": "eyJlMmJmYjczMC1lY2FhLTExZTYtOGY4OC0zNDM2M2JjN2M0YzAiOnsiZGVsZXRlIjoxMjAwMDAwMDAwMDAwfX0="
        }
      ]
    },
    {
      "mode": "managed",
      "type": "aws_ecs_cluster",
      "name": "main",
      "provider": "provider[\"registry.terraform.io/hashicorp/aws\"]",
      "instances": [
        {
          "schema_version": 0,
          "attributes": {
            "arn": "arn:aws:ecs:us-east-1:470044069342:cluster/cobre-notif-dev-cluster",
            "configuration": [],
            "id": "arn:aws:ecs:us-east-1:470044069342:cluster/cobre-notif-dev-cluster",
            "name": "cobre-notif-dev-cluster",
            "service_connect_defaults": [],
            "setting": [
              {
                "name": "containerInsights",
                "value": "enabled"
              }
            ],
            "tags": {
              "Name": "cobre-notif-dev-cluster"
            },
            "tags_all": {
              "Environment": "dev",
              "ManagedBy": "terraform",
              "Name": "cobre-notif-dev-cluster",
              "Project": "cobre-notif",
              "Reto": "cobre-notifications"
            }
          },
          "sensitive_attributes": [],
          "identity_schema_version": 0,
          "private": "bnVsbA=="
        }
      ]
    },
    {
      "mode": "managed",
      "type": "aws_ecs_service",
      "name": "api",
      "provider": "provider[\"registry.terraform.io/hashicorp/aws\"]",
      "instances": [
        {
          "schema_version": 1,
          "attributes": {
            "alarms": [],
            "availability_zone_rebalancing": "DISABLED",
            "capacity_provider_strategy": [],
            "cluster": "arn:aws:ecs:us-east-1:470044069342:cluster/cobre-notif-dev-cluster",
            "deployment_circuit_breaker": [
              {
                "enable": false,
                "rollback": false
              }
            ],
            "deployment_controller": [
              {
                "type": "ECS"
              }
            ],
            "deployment_maximum_percent": 200,
            "deployment_minimum_healthy_percent": 100,
            "desired_count": 2,
            "enable_ecs_managed_tags": false,
            "enable_execute_command": false,
            "force_delete": null,
            "force_new_deployment": true,
            "health_check_grace_period_seconds": 0,
            "iam_role": "/aws-service-role/ecs.amazonaws.com/AWSServiceRoleForECS",
            "id": "arn:aws:ecs:us-east-1:470044069342:service/cobre-notif-dev-cluster/cobre-notif-dev-events-api",
            "launch_type": "FARGATE",
            "load_balancer": [
              {
                "container_name": "events-api",
                "container_port": 8080,
                "elb_name": "",
                "target_group_arn": "arn:aws:elasticloadbalancing:us-east-1:470044069342:targetgroup/cobre-notif-dev-tg-api/100e6d28487344c1"
              }
            ],
            "name": "cobre-notif-dev-events-api",
            "network_configuration": [
              {
                "assign_public_ip": false,
                "security_groups": [
                  "sg-022063fd8b0b8a22c"
                ],
                "subnets": [
                  "subnet-07a02cb703f07b6cc",
                  "subnet-09d27e56ea3d36016"
                ]
              }
            ],
            "ordered_placement_strategy": [],
            "placement_constraints": [],
            "platform_version": "LATEST",
            "propagate_tags": "NONE",
            "scheduling_strategy": "REPLICA",
            "service_connect_configuration": [],
            "service_registries": [],
            "tags": {
              "Name": "cobre-notif-dev-events-api"
            },
            "tags_all": {
              "Environment": "dev",
              "ManagedBy": "terraform",
              "Name": "cobre-notif-dev-events-api",
              "Project": "cobre-notif",
              "Reto": "cobre-notifications"
            },
            "task_definition": "arn:aws:ecs:us-east-1:470044069342:task-definition/cobre-notif-dev-events-api:7",
            "timeouts": null,
            "triggers": {},
            "volume_configuration": [],
            "vpc_lattice_configurations": [],
            "wait_for_steady_state": false
          },
          "sensitive_attributes": [],
          "identity_schema_version": 0,
          "private": "eyJlMmJmYjczMC1lY2FhLTExZTYtOGY4OC0zNDM2M2JjN2M0YzAiOnsiY3JlYXRlIjoxMjAwMDAwMDAwMDAwLCJkZWxldGUiOjEyMDAwMDAwMDAwMDAsInVwZGF0ZSI6MTIwMDAwMDAwMDAwMH0sInNjaGVtYV92ZXJzaW9uIjoiMSJ9",
          "dependencies": [
            "aws_cloudwatch_log_group.svc",
            "aws_cognito_resource_server.api",
            "aws_cognito_user_pool.main",
            "aws_cognito_user_pool_client.m2m",
            "aws_dynamodb_table.notification_events",
            "aws_dynamodb_table.subscriptions",
            "aws_ecr_repository.svc",
            "aws_ecs_cluster.main",
            "aws_ecs_task_definition.api",
            "aws_iam_role.ecs_execution",
            "aws_iam_role.task_api",
            "aws_kms_key.dynamodb",
            "aws_lb.api",
            "aws_lb_listener.api",
            "aws_lb_target_group.api",
            "aws_security_group.alb",
            "aws_security_group.api",
            "aws_sqs_queue.deliveries",
            "aws_sqs_queue.deliveries_dlq",
            "aws_subnet.private",
            "aws_vpc.main",
            "data.aws_iam_policy_document.ecs_assume"
          ]
        }
      ]
    },
    {
      "mode": "managed",
      "type": "aws_ecs_service",
      "name": "delivery",
      "provider": "provider[\"registry.terraform.io/hashicorp/aws\"]",
      "instances": [
        {
          "schema_version": 1,
          "attributes": {
            "alarms": [],
            "availability_zone_rebalancing": "DISABLED",
            "capacity_provider_strategy": [],
            "cluster": "arn:aws:ecs:us-east-1:470044069342:cluster/cobre-notif-dev-cluster",
            "deployment_circuit_breaker": [
              {
                "enable": false,
                "rollback": false
              }
            ],
            "deployment_controller": [
              {
                "type": "ECS"
              }
            ],
            "deployment_maximum_percent": 200,
            "deployment_minimum_healthy_percent": 50,
            "desired_count": 2,
            "enable_ecs_managed_tags": false,
            "enable_execute_command": false,
            "force_delete": null,
            "force_new_deployment": true,
            "health_check_grace_period_seconds": 0,
            "iam_role": "/aws-service-role/ecs.amazonaws.com/AWSServiceRoleForECS",
            "id": "arn:aws:ecs:us-east-1:470044069342:service/cobre-notif-dev-cluster/cobre-notif-dev-events-delivery",
            "launch_type": "FARGATE",
            "load_balancer": [],
            "name": "cobre-notif-dev-events-delivery",
            "network_configuration": [
              {
                "assign_public_ip": false,
                "security_groups": [
                  "sg-0d41d0a37254e52da"
                ],
                "subnets": [
                  "subnet-07a02cb703f07b6cc",
                  "subnet-09d27e56ea3d36016"
                ]
              }
            ],
            "ordered_placement_strategy": [],
            "placement_constraints": [],
            "platform_version": "LATEST",
            "propagate_tags": "NONE",
            "scheduling_strategy": "REPLICA",
            "service_connect_configuration": [],
            "service_registries": [],
            "tags": {
              "Name": "cobre-notif-dev-events-delivery"
            },
            "tags_all": {
              "Environment": "dev",
              "ManagedBy": "terraform",
              "Name": "cobre-notif-dev-events-delivery",
              "Project": "cobre-notif",
              "Reto": "cobre-notifications"
            },
            "task_definition": "arn:aws:ecs:us-east-1:470044069342:task-definition/cobre-notif-dev-events-delivery:4",
            "timeouts": null,
            "triggers": {},
            "volume_configuration": [],
            "vpc_lattice_configurations": [],
            "wait_for_steady_state": false
          },
          "sensitive_attributes": [],
          "identity_schema_version": 0,
          "private": "eyJlMmJmYjczMC1lY2FhLTExZTYtOGY4OC0zNDM2M2JjN2M0YzAiOnsiY3JlYXRlIjoxMjAwMDAwMDAwMDAwLCJkZWxldGUiOjEyMDAwMDAwMDAwMDAsInVwZGF0ZSI6MTIwMDAwMDAwMDAwMH0sInNjaGVtYV92ZXJzaW9uIjoiMSJ9",
          "dependencies": [
            "aws_cloudwatch_log_group.svc",
            "aws_dynamodb_table.notification_events",
            "aws_dynamodb_table.subscriptions",
            "aws_ecr_repository.svc",
            "aws_ecs_cluster.main",
            "aws_ecs_task_definition.delivery",
            "aws_iam_role.ecs_execution",
            "aws_iam_role.task_delivery",
            "aws_kms_key.dynamodb",
            "aws_security_group.worker",
            "aws_sqs_queue.deliveries",
            "aws_sqs_queue.deliveries_dlq",
            "aws_sqs_queue.raw_events",
            "aws_sqs_queue.raw_events_dlq",
            "aws_subnet.private",
            "aws_vpc.main",
            "data.aws_iam_policy_document.ecs_assume"
          ]
        }
      ]
    },
    {
      "mode": "managed",
      "type": "aws_ecs_service",
      "name": "simulator",
      "provider": "provider[\"registry.terraform.io/hashicorp/aws\"]",
      "instances": [
        {
          "schema_version": 1,
          "attributes": {
            "alarms": [],
            "availability_zone_rebalancing": "DISABLED",
            "capacity_provider_strategy": [],
            "cluster": "arn:aws:ecs:us-east-1:470044069342:cluster/cobre-notif-dev-cluster",
            "deployment_circuit_breaker": [
              {
                "enable": false,
                "rollback": false
              }
            ],
            "deployment_controller": [
              {
                "type": "ECS"
              }
            ],
            "deployment_maximum_percent": 200,
            "deployment_minimum_healthy_percent": 100,
            "desired_count": 0,
            "enable_ecs_managed_tags": false,
            "enable_execute_command": false,
            "force_delete": null,
            "force_new_deployment": null,
            "health_check_grace_period_seconds": 0,
            "iam_role": "/aws-service-role/ecs.amazonaws.com/AWSServiceRoleForECS",
            "id": "arn:aws:ecs:us-east-1:470044069342:service/cobre-notif-dev-cluster/cobre-notif-dev-events-simulator",
            "launch_type": "FARGATE",
            "load_balancer": [],
            "name": "cobre-notif-dev-events-simulator",
            "network_configuration": [
              {
                "assign_public_ip": false,
                "security_groups": [
                  "sg-0d41d0a37254e52da"
                ],
                "subnets": [
                  "subnet-07a02cb703f07b6cc",
                  "subnet-09d27e56ea3d36016"
                ]
              }
            ],
            "ordered_placement_strategy": [],
            "placement_constraints": [],
            "platform_version": "LATEST",
            "propagate_tags": "NONE",
            "scheduling_strategy": "REPLICA",
            "service_connect_configuration": [],
            "service_registries": [],
            "tags": {
              "Name": "cobre-notif-dev-events-simulator"
            },
            "tags_all": {
              "Environment": "dev",
              "ManagedBy": "terraform",
              "Name": "cobre-notif-dev-events-simulator",
              "Project": "cobre-notif",
              "Reto": "cobre-notifications"
            },
            "task_definition": "arn:aws:ecs:us-east-1:470044069342:task-definition/cobre-notif-dev-events-simulator:3",
            "timeouts": null,
            "triggers": {},
            "volume_configuration": [],
            "vpc_lattice_configurations": [],
            "wait_for_steady_state": false
          },
          "sensitive_attributes": [],
          "identity_schema_version": 0,
          "private": "eyJlMmJmYjczMC1lY2FhLTExZTYtOGY4OC0zNDM2M2JjN2M0YzAiOnsiY3JlYXRlIjoxMjAwMDAwMDAwMDAwLCJkZWxldGUiOjEyMDAwMDAwMDAwMDAsInVwZGF0ZSI6MTIwMDAwMDAwMDAwMH0sInNjaGVtYV92ZXJzaW9uIjoiMSJ9",
          "dependencies": [
            "aws_cloudwatch_log_group.svc",
            "aws_ecr_repository.svc",
            "aws_ecs_cluster.main",
            "aws_ecs_task_definition.simulator",
            "aws_iam_role.ecs_execution",
            "aws_iam_role.task_simulator",
            "aws_security_group.worker",
            "aws_sqs_queue.raw_events",
            "aws_sqs_queue.raw_events_dlq",
            "aws_subnet.private",
            "aws_vpc.main",
            "data.aws_iam_policy_document.ecs_assume"
          ]
        }
      ]
    },
    {
      "mode": "managed",
      "type": "aws_ecs_task_definition",
      "name": "api",
      "provider": "provider[\"registry.terraform.io/hashicorp/aws\"]",
      "instances": [
        {
          "schema_version": 1,
          "attributes": {
            "arn": "arn:aws:ecs:us-east-1:470044069342:task-definition/cobre-notif-dev-events-api:7",
            "arn_without_revision": "arn:aws:ecs:us-east-1:470044069342:task-definition/cobre-notif-dev-events-api",
            "container_definitions": "[{\"environment\":[{\"name\":\"COGNITO_AUDIENCE\",\"value\":\"487r8m30kv344g52t34occob55\"},{\"name\":\"COGNITO_ISSUER_URI\",\"value\":\"https://cognito-idp.us-east-1.amazonaws.com/us-east-1_oXjVdwniW\"},{\"name\":\"LOGGING_LEVEL_ORG_SPRINGFRAMEWORK_SECURITY\",\"value\":\"INFO\"},{\"name\":\"LOGGING_LEVEL_ORG_SPRINGFRAMEWORK_WEB\",\"value\":\"INFO\"},{\"name\":\"QUEUE_DELIVERIES_URL\",\"value\":\"https://sqs.us-east-1.amazonaws.com/470044069342/cobre-notif-dev-deliveries\"},{\"name\":\"TABLE_EVENTS\",\"value\":\"cobre-notif-dev-notification-events\"},{\"name\":\"TABLE_SUBS\",\"value\":\"cobre-notif-dev-subscriptions\"}],\"essential\":true,\"image\":\"470044069342.dkr.ecr.us-east-1.amazonaws.com/cobre-notif-dev-events-api:v4\",\"logConfiguration\":{\"logDriver\":\"awslogs\",\"options\":{\"awslogs-group\":\"/ecs/cobre-notif-dev/events-api\",\"awslogs-region\":\"us-east-1\",\"awslogs-stream-prefix\":\"api\"}},\"mountPoints\":[],\"name\":\"events-api\",\"portMappings\":[{\"containerPort\":8080,\"hostPort\":8080,\"protocol\":\"tcp\"}],\"systemControls\":[],\"volumesFrom\":[]}]",
            "cpu": "512",
            "enable_fault_injection": false,
            "ephemeral_storage": [],
            "execution_role_arn": "arn:aws:iam::470044069342:role/cobre-notif-dev-ecs-execution",
            "family": "cobre-notif-dev-events-api",
            "id": "cobre-notif-dev-events-api",
            "inference_accelerator": [],
            "ipc_mode": "",
            "memory": "1024",
            "network_mode": "awsvpc",
            "pid_mode": "",
            "placement_constraints": [],
            "proxy_configuration": [],
            "requires_compatibilities": [
              "FARGATE"
            ],
            "revision": 7,
            "runtime_platform": [],
            "skip_destroy": false,
            "tags": {
              "Name": "cobre-notif-dev-events-api"
            },
            "tags_all": {
              "Environment": "dev",
              "ManagedBy": "terraform",
              "Name": "cobre-notif-dev-events-api",
              "Project": "cobre-notif",
              "Reto": "cobre-notifications"
            },
            "task_role_arn": "arn:aws:iam::470044069342:role/cobre-notif-dev-task-api",
            "track_latest": false,
            "volume": []
          },
          "sensitive_attributes": [],
          "identity_schema_version": 0,
          "private": "eyJzY2hlbWFfdmVyc2lvbiI6IjEifQ==",
          "dependencies": [
            "aws_cloudwatch_log_group.svc",
            "aws_cognito_resource_server.api",
            "aws_cognito_user_pool.main",
            "aws_cognito_user_pool_client.m2m",
            "aws_dynamodb_table.notification_events",
            "aws_dynamodb_table.subscriptions",
            "aws_ecr_repository.svc",
            "aws_iam_role.ecs_execution",
            "aws_iam_role.task_api",
            "aws_kms_key.dynamodb",
            "aws_sqs_queue.deliveries",
            "aws_sqs_queue.deliveries_dlq",
            "data.aws_iam_policy_document.ecs_assume"
          ]
        }
      ]
    },
    {
      "mode": "managed",
      "type": "aws_ecs_task_definition",
      "name": "delivery",
      "provider": "provider[\"registry.terraform.io/hashicorp/aws\"]",
      "instances": [
        {
          "schema_version": 1,
          "attributes": {
            "arn": "arn:aws:ecs:us-east-1:470044069342:task-definition/cobre-notif-dev-events-delivery:4",
            "arn_without_revision": "arn:aws:ecs:us-east-1:470044069342:task-definition/cobre-notif-dev-events-delivery",
            "container_definitions": "[{\"environment\":[{\"name\":\"QUEUE_DELIVERIES_URL\",\"value\":\"https://sqs.us-east-1.amazonaws.com/470044069342/cobre-notif-dev-deliveries\"},{\"name\":\"QUEUE_RAW_URL\",\"value\":\"https://sqs.us-east-1.amazonaws.com/470044069342/cobre-notif-dev-raw-events\"},{\"name\":\"TABLE_EVENTS\",\"value\":\"cobre-notif-dev-notification-events\"},{\"name\":\"TABLE_SUBS\",\"value\":\"cobre-notif-dev-subscriptions\"}],\"essential\":true,\"image\":\"470044069342.dkr.ecr.us-east-1.amazonaws.com/cobre-notif-dev-events-delivery:v4\",\"logConfiguration\":{\"logDriver\":\"awslogs\",\"options\":{\"awslogs-region\":\"us-east-1\",\"awslogs-stream-prefix\":\"delivery\",\"awslogs-group\":\"/ecs/cobre-notif-dev/events-delivery\"}},\"mountPoints\":[],\"name\":\"events-delivery\",\"portMappings\":[],\"systemControls\":[],\"volumesFrom\":[]}]",
            "cpu": "1024",
            "enable_fault_injection": false,
            "ephemeral_storage": [],
            "execution_role_arn": "arn:aws:iam::470044069342:role/cobre-notif-dev-ecs-execution",
            "family": "cobre-notif-dev-events-delivery",
            "id": "cobre-notif-dev-events-delivery",
            "inference_accelerator": [],
            "ipc_mode": "",
            "memory": "2048",
            "network_mode": "awsvpc",
            "pid_mode": "",
            "placement_constraints": [],
            "proxy_configuration": [],
            "requires_compatibilities": [
              "FARGATE"
            ],
            "revision": 4,
            "runtime_platform": [],
            "skip_destroy": false,
            "tags": {
              "Name": "cobre-notif-dev-events-delivery"
            },
            "tags_all": {
              "Environment": "dev",
              "ManagedBy": "terraform",
              "Name": "cobre-notif-dev-events-delivery",
              "Project": "cobre-notif",
              "Reto": "cobre-notifications"
            },
            "task_role_arn": "arn:aws:iam::470044069342:role/cobre-notif-dev-task-delivery",
            "track_latest": false,
            "volume": []
          },
          "sensitive_attributes": [],
          "identity_schema_version": 0,
          "private": "eyJzY2hlbWFfdmVyc2lvbiI6IjEifQ==",
          "dependencies": [
            "aws_cloudwatch_log_group.svc",
            "aws_dynamodb_table.notification_events",
            "aws_dynamodb_table.subscriptions",
            "aws_ecr_repository.svc",
            "aws_iam_role.ecs_execution",
            "aws_iam_role.task_delivery",
            "aws_kms_key.dynamodb",
            "aws_sqs_queue.deliveries",
            "aws_sqs_queue.deliveries_dlq",
            "aws_sqs_queue.raw_events",
            "aws_sqs_queue.raw_events_dlq",
            "data.aws_iam_policy_document.ecs_assume"
          ]
        }
      ]
    },
    {
      "mode": "managed",
      "type": "aws_ecs_task_definition",
      "name": "simulator",
      "provider": "provider[\"registry.terraform.io/hashicorp/aws\"]",
      "instances": [
        {
          "schema_version": 1,
          "attributes": {
            "arn": "arn:aws:ecs:us-east-1:470044069342:task-definition/cobre-notif-dev-events-simulator:3",
            "arn_without_revision": "arn:aws:ecs:us-east-1:470044069342:task-definition/cobre-notif-dev-events-simulator",
            "container_definitions": "[{\"environment\":[{\"name\":\"QUEUE_RAW_URL\",\"value\":\"https://sqs.us-east-1.amazonaws.com/470044069342/cobre-notif-dev-raw-events\"}],\"essential\":true,\"image\":\"470044069342.dkr.ecr.us-east-1.amazonaws.com/cobre-notif-dev-events-simulator:latest\",\"logConfiguration\":{\"logDriver\":\"awslogs\",\"options\":{\"awslogs-group\":\"/ecs/cobre-notif-dev/events-simulator\",\"awslogs-region\":\"us-east-1\",\"awslogs-stream-prefix\":\"sim\"}},\"mountPoints\":[],\"name\":\"events-simulator\",\"portMappings\":[],\"systemControls\":[],\"volumesFrom\":[]}]",
            "cpu": "256",
            "enable_fault_injection": false,
            "ephemeral_storage": [],
            "execution_role_arn": "arn:aws:iam::470044069342:role/cobre-notif-dev-ecs-execution",
            "family": "cobre-notif-dev-events-simulator",
            "id": "cobre-notif-dev-events-simulator",
            "inference_accelerator": [],
            "ipc_mode": "",
            "memory": "512",
            "network_mode": "awsvpc",
            "pid_mode": "",
            "placement_constraints": [],
            "proxy_configuration": [],
            "requires_compatibilities": [
              "FARGATE"
            ],
            "revision": 3,
            "runtime_platform": [],
            "skip_destroy": false,
            "tags": {
              "Name": "cobre-notif-dev-events-simulator"
            },
            "tags_all": {
              "Environment": "dev",
              "ManagedBy": "terraform",
              "Name": "cobre-notif-dev-events-simulator",
              "Project": "cobre-notif",
              "Reto": "cobre-notifications"
            },
            "task_role_arn": "arn:aws:iam::470044069342:role/cobre-notif-dev-task-simulator",
            "track_latest": false,
            "volume": []
          },
          "sensitive_attributes": [],
          "identity_schema_version": 0,
          "private": "eyJzY2hlbWFfdmVyc2lvbiI6IjEifQ==",
          "dependencies": [
            "aws_cloudwatch_log_group.svc",
            "aws_ecr_repository.svc",
            "aws_iam_role.ecs_execution",
            "aws_iam_role.task_simulator",
            "aws_sqs_queue.raw_events",
            "aws_sqs_queue.raw_events_dlq",
            "data.aws_iam_policy_document.ecs_assume"
          ]
        }
      ]
    },
    {
      "mode": "managed",
      "type": "aws_eip",
      "name": "nat",
      "provider": "provider[\"registry.terraform.io/hashicorp/aws\"]",
      "instances": [
        {
          "index_key": 0,
          "schema_version": 0,
          "attributes": {
            "address": null,
            "allocation_id": "eipalloc-06680f97c1dcd1255",
            "arn": "arn:aws:ec2:us-east-1:470044069342:elastic-ip/eipalloc-06680f97c1dcd1255",
            "associate_with_private_ip": null,
            "association_id": "eipassoc-0f36b1ac2e87d8f37",
            "carrier_ip": "",
            "customer_owned_ip": "",
            "customer_owned_ipv4_pool": "",
            "domain": "vpc",
            "id": "eipalloc-06680f97c1dcd1255",
            "instance": "",
            "ipam_pool_id": null,
            "network_border_group": "us-east-1",
            "network_interface": "eni-075635f557fc92b57",
            "private_dns": "ip-10-0-1-234.ec2.internal",
            "private_ip": "10.0.1.234",
            "ptr_record": "",
            "public_dns": "ec2-34-233-30-111.compute-1.amazonaws.com",
            "public_ip": "34.233.30.111",
            "public_ipv4_pool": "amazon",
            "tags": {
              "Name": "cobre-notif-dev-nat-eip-1"
            },
            "tags_all": {
              "Environment": "dev",
              "ManagedBy": "terraform",
              "Name": "cobre-notif-dev-nat-eip-1",
              "Project": "cobre-notif",
              "Reto": "cobre-notifications"
            },
            "timeouts": null,
            "vpc": true
          },
          "sensitive_attributes": [],
          "identity_schema_version": 0,
          "private": "eyJlMmJmYjczMC1lY2FhLTExZTYtOGY4OC0zNDM2M2JjN2M0YzAiOnsiZGVsZXRlIjoxODAwMDAwMDAwMDAsInJlYWQiOjkwMDAwMDAwMDAwMCwidXBkYXRlIjozMDAwMDAwMDAwMDB9fQ=="
        },
        {
          "index_key": 1,
          "schema_version": 0,
          "attributes": {
            "address": null,
            "allocation_id": "eipalloc-06a38d6ab4547a2ec",
            "arn": "arn:aws:ec2:us-east-1:470044069342:elastic-ip/eipalloc-06a38d6ab4547a2ec",
            "associate_with_private_ip": null,
            "association_id": "eipassoc-04b3717cdb32c524d",
            "carrier_ip": "",
            "customer_owned_ip": "",
            "customer_owned_ipv4_pool": "",
            "domain": "vpc",
            "id": "eipalloc-06a38d6ab4547a2ec",
            "instance": "",
            "ipam_pool_id": null,
            "network_border_group": "us-east-1",
            "network_interface": "eni-0ba8535bf80cdf69c",
            "private_dns": "ip-10-0-3-171.ec2.internal",
            "private_ip": "10.0.3.171",
            "ptr_record": "",
            "public_dns": "ec2-52-4-215-143.compute-1.amazonaws.com",
            "public_ip": "52.4.215.143",
            "public_ipv4_pool": "amazon",
            "tags": {
              "Name": "cobre-notif-dev-nat-eip-2"
            },
            "tags_all": {
              "Environment": "dev",
              "ManagedBy": "terraform",
              "Name": "cobre-notif-dev-nat-eip-2",
              "Project": "cobre-notif",
              "Reto": "cobre-notifications"
            },
            "timeouts": null,
            "vpc": true
          },
          "sensitive_attributes": [],
          "identity_schema_version": 0,
          "private": "eyJlMmJmYjczMC1lY2FhLTExZTYtOGY4OC0zNDM2M2JjN2M0YzAiOnsiZGVsZXRlIjoxODAwMDAwMDAwMDAsInJlYWQiOjkwMDAwMDAwMDAwMCwidXBkYXRlIjozMDAwMDAwMDAwMDB9fQ=="
        }
      ]
    },
    {
      "mode": "managed",
      "type": "aws_glue_catalog_database",
      "name": "archive",
      "provider": "provider[\"registry.terraform.io/hashicorp/aws\"]",
      "instances": [
        {
          "schema_version": 0,
          "attributes": {
            "arn": "arn:aws:glue:us-east-1:470044069342:database/cobre_notif_dev_archive",
            "catalog_id": "470044069342",
            "create_table_default_permission": [
              {
                "permissions": [
                  "ALL"
                ],
                "principal": [
                  {
                    "data_lake_principal_identifier": "IAM_ALLOWED_PRINCIPALS"
                  }
                ]
              }
            ],
            "description": "",
            "federated_database": [],
            "id": "470044069342:cobre_notif_dev_archive",
            "location_uri": "",
            "name": "cobre_notif_dev_archive",
            "parameters": {},
            "tags": {},
            "tags_all": {
              "Environment": "dev",
              "ManagedBy": "terraform",
              "Project": "cobre-notif",
              "Reto": "cobre-notifications"
            },
            "target_database": []
          },
          "sensitive_attributes": [],
          "identity_schema_version": 0,
          "private": "bnVsbA=="
        }
      ]
    },
    {
      "mode": "managed",
      "type": "aws_iam_role",
      "name": "ecs_execution",
      "provider": "provider[\"registry.terraform.io/hashicorp/aws\"]",
      "instances": [
        {
          "schema_version": 0,
          "attributes": {
            "arn": "arn:aws:iam::470044069342:role/cobre-notif-dev-ecs-execution",
            "assume_role_policy": "{\"Statement\":[{\"Action\":\"sts:AssumeRole\",\"Effect\":\"Allow\",\"Principal\":{\"Service\":\"ecs-tasks.amazonaws.com\"}}],\"Version\":\"2012-10-17\"}",
            "create_date": "2026-08-22T08:27:08Z",
            "description": "",
            "force_detach_policies": false,
            "id": "cobre-notif-dev-ecs-execution",
            "inline_policy": [],
            "managed_policy_arns": [
              "arn:aws:iam::aws:policy/service-role/AmazonECSTaskExecutionRolePolicy"
            ],
            "max_session_duration": 3600,
            "name": "cobre-notif-dev-ecs-execution",
            "name_prefix": "",
            "path": "/",
            "permissions_boundary": "",
            "tags": {
              "Name": "cobre-notif-dev-ecs-execution"
            },
            "tags_all": {
              "Environment": "dev",
              "ManagedBy": "terraform",
              "Name": "cobre-notif-dev-ecs-execution",
              "Project": "cobre-notif",
              "Reto": "cobre-notifications"
            },
            "unique_id": "AROAW24GPJXPJOBQ7ABG3"
          },
          "sensitive_attributes": [],
          "identity_schema_version": 0,
          "private": "bnVsbA==",
          "dependencies": [
            "data.aws_iam_policy_document.ecs_assume"
          ]
        }
      ]
    },
    {
      "mode": "managed",
      "type": "aws_iam_role",
      "name": "firehose",
      "provider": "provider[\"registry.terraform.io/hashicorp/aws\"]",
      "instances": [
        {
          "schema_version": 0,
          "attributes": {
            "arn": "arn:aws:iam::470044069342:role/cobre-notif-dev-firehose",
            "assume_role_policy": "{\"Statement\":[{\"Action\":\"sts:AssumeRole\",\"Effect\":\"Allow\",\"Principal\":{\"Service\":\"firehose.amazonaws.com\"}}],\"Version\":\"2012-10-17\"}",
            "create_date": "2026-08-22T08:27:08Z",
            "description": "",
            "force_detach_policies": false,
            "id": "cobre-notif-dev-firehose",
            "inline_policy": [
              {
                "name": "cobre-notif-dev-firehose-policy",
                "policy": "{\"Version\":\"2012-10-17\",\"Statement\":[{\"Action\":[\"s3:PutObject\",\"s3:ListBucket\",\"s3:GetBucketLocation\"],\"Effect\":\"Allow\",\"Resource\":[\"arn:aws:s3:::cobre-notif-dev-archive/*\",\"arn:aws:s3:::cobre-notif-dev-archive\"]},{\"Action\":[\"kms:GenerateDataKey\",\"kms:Decrypt\"],\"Effect\":\"Allow\",\"Resource\":\"arn:aws:kms:us-east-1:470044069342:key/15551bf7-76a2-497b-8acb-74dc1359f214\"}]}"
              }
            ],
            "managed_policy_arns": [],
            "max_session_duration": 3600,
            "name": "cobre-notif-dev-firehose",
            "name_prefix": "",
            "path": "/",
            "permissions_boundary": "",
            "tags": {},
            "tags_all": {
              "Environment": "dev",
              "ManagedBy": "terraform",
              "Project": "cobre-notif",
              "Reto": "cobre-notifications"
            },
            "unique_id": "AROAW24GPJXPHVIZ7EP6B"
          },
          "sensitive_attributes": [],
          "identity_schema_version": 0,
          "private": "bnVsbA==",
          "dependencies": [
            "data.aws_iam_policy_document.firehose_assume"
          ]
        }
      ]
    },
    {
      "mode": "managed",
      "type": "aws_iam_role",
      "name": "task_api",
      "provider": "provider[\"registry.terraform.io/hashicorp/aws\"]",
      "instances": [
        {
          "schema_version": 0,
          "attributes": {
            "arn": "arn:aws:iam::470044069342:role/cobre-notif-dev-task-api",
            "assume_role_policy": "{\"Statement\":[{\"Action\":\"sts:AssumeRole\",\"Effect\":\"Allow\",\"Principal\":{\"Service\":\"ecs-tasks.amazonaws.com\"}}],\"Version\":\"2012-10-17\"}",
            "create_date": "2026-08-22T08:27:10Z",
            "description": "",
            "force_detach_policies": false,
            "id": "cobre-notif-dev-task-api",
            "inline_policy": [
              {
                "name": "cobre-notif-dev-task-api-policy",
                "policy": "{\"Version\":\"2012-10-17\",\"Statement\":[{\"Action\":[\"dynamodb:UpdateItem\",\"dynamodb:Query\",\"dynamodb:PutItem\",\"dynamodb:GetItem\",\"dynamodb:DeleteItem\"],\"Effect\":\"Allow\",\"Resource\":[\"arn:aws:dynamodb:us-east-1:470044069342:table/cobre-notif-dev-subscriptions\",\"arn:aws:dynamodb:us-east-1:470044069342:table/cobre-notif-dev-notification-events/index/*\",\"arn:aws:dynamodb:us-east-1:470044069342:table/cobre-notif-dev-notification-events\"],\"Sid\":\"DynamoApi\"},{\"Action\":\"sqs:SendMessage\",\"Effect\":\"Allow\",\"Resource\":\"arn:aws:sqs:us-east-1:470044069342:cobre-notif-dev-deliveries\",\"Sid\":\"SqsReplay\"},{\"Action\":[\"secretsmanager:PutSecretValue\",\"secretsmanager:DescribeSecret\",\"secretsmanager:CreateSecret\"],\"Effect\":\"Allow\",\"Resource\":\"arn:aws:secretsmanager:us-east-1:*:secret:cobre/webhook-hmac/*\",\"Sid\":\"SecretsWrite\"},{\"Action\":[\"kms:GenerateDataKey\",\"kms:Decrypt\"],\"Effect\":\"Allow\",\"Resource\":\"arn:aws:kms:us-east-1:470044069342:key/bbfcad45-ca45-4783-8988-00fb28462c10\",\"Sid\":\"DynamoKmsAccess\"}]}"
              }
            ],
            "managed_policy_arns": [],
            "max_session_duration": 3600,
            "name": "cobre-notif-dev-task-api",
            "name_prefix": "",
            "path": "/",
            "permissions_boundary": "",
            "tags": {
              "Name": "cobre-notif-dev-task-api"
            },
            "tags_all": {
              "Environment": "dev",
              "ManagedBy": "terraform",
              "Name": "cobre-notif-dev-task-api",
              "Project": "cobre-notif",
              "Reto": "cobre-notifications"
            },
            "unique_id": "AROAW24GPJXPKBEW6LLDL"
          },
          "sensitive_attributes": [],
          "identity_schema_version": 0,
          "private": "bnVsbA==",
          "dependencies": [
            "data.aws_iam_policy_document.ecs_assume"
          ]
        }
      ]
    },
    {
      "mode": "managed",
      "type": "aws_iam_role",
      "name": "task_delivery",
      "provider": "provider[\"registry.terraform.io/hashicorp/aws\"]",
      "instances": [
        {
          "schema_version": 0,
          "attributes": {
            "arn": "arn:aws:iam::470044069342:role/cobre-notif-dev-task-delivery",
            "assume_role_policy": "{\"Statement\":[{\"Action\":\"sts:AssumeRole\",\"Effect\":\"Allow\",\"Principal\":{\"Service\":\"ecs-tasks.amazonaws.com\"}}],\"Version\":\"2012-10-17\"}",
            "create_date": "2026-08-22T08:27:07Z",
            "description": "",
            "force_detach_policies": false,
            "id": "cobre-notif-dev-task-delivery",
            "inline_policy": [
              {
                "name": "cobre-notif-dev-task-delivery-policy",
                "policy": "{\"Version\":\"2012-10-17\",\"Statement\":[{\"Action\":[\"sqs:SendMessage\",\"sqs:ReceiveMessage\",\"sqs:GetQueueAttributes\",\"sqs:DeleteMessage\",\"sqs:ChangeMessageVisibility\"],\"Effect\":\"Allow\",\"Resource\":[\"arn:aws:sqs:us-east-1:470044069342:cobre-notif-dev-raw-events\",\"arn:aws:sqs:us-east-1:470044069342:cobre-notif-dev-deliveries\"],\"Sid\":\"SqsWork\"},{\"Action\":[\"dynamodb:UpdateItem\",\"dynamodb:Query\",\"dynamodb:PutItem\",\"dynamodb:GetItem\"],\"Effect\":\"Allow\",\"Resource\":[\"arn:aws:dynamodb:us-east-1:470044069342:table/cobre-notif-dev-subscriptions/index/*\",\"arn:aws:dynamodb:us-east-1:470044069342:table/cobre-notif-dev-subscriptions\",\"arn:aws:dynamodb:us-east-1:470044069342:table/cobre-notif-dev-notification-events/index/*\",\"arn:aws:dynamodb:us-east-1:470044069342:table/cobre-notif-dev-notification-events\"],\"Sid\":\"Dynamo\"},{\"Action\":\"secretsmanager:GetSecretValue\",\"Effect\":\"Allow\",\"Resource\":\"arn:aws:secretsmanager:us-east-1:*:secret:cobre/webhook-hmac/*\",\"Sid\":\"SecretsRead\"},{\"Action\":\"cloudwatch:PutMetricData\",\"Condition\":{\"StringEquals\":{\"cloudwatch:namespace\":[\"notification-events-delivery\",\"notification-events-api\",\"notification-events-simulator\"]}},\"Effect\":\"Allow\",\"Resource\":\"*\",\"Sid\":\"CloudWatchMetrics\"},{\"Action\":[\"kms:GenerateDataKey\",\"kms:Decrypt\"],\"Effect\":\"Allow\",\"Resource\":\"arn:aws:kms:us-east-1:470044069342:key/bbfcad45-ca45-4783-8988-00fb28462c10\",\"Sid\":\"DynamoKmsAccess\"}]}"
              }
            ],
            "managed_policy_arns": [],
            "max_session_duration": 3600,
            "name": "cobre-notif-dev-task-delivery",
            "name_prefix": "",
            "path": "/",
            "permissions_boundary": "",
            "tags": {
              "Name": "cobre-notif-dev-task-delivery"
            },
            "tags_all": {
              "Environment": "dev",
              "ManagedBy": "terraform",
              "Name": "cobre-notif-dev-task-delivery",
              "Project": "cobre-notif",
              "Reto": "cobre-notifications"
            },
            "unique_id": "AROAW24GPJXPBIVOUPUGI"
          },
          "sensitive_attributes": [],
          "identity_schema_version": 0,
          "private": "bnVsbA==",
          "dependencies": [
            "data.aws_iam_policy_document.ecs_assume"
          ]
        }
      ]
    },
    {
      "mode": "managed",
      "type": "aws_iam_role",
      "name": "task_simulator",
      "provider": "provider[\"registry.terraform.io/hashicorp/aws\"]",
      "instances": [
        {
          "schema_version": 0,
          "attributes": {
            "arn": "arn:aws:iam::470044069342:role/cobre-notif-dev-task-simulator",
            "assume_role_policy": "{\"Statement\":[{\"Action\":\"sts:AssumeRole\",\"Effect\":\"Allow\",\"Principal\":{\"Service\":\"ecs-tasks.amazonaws.com\"}}],\"Version\":\"2012-10-17\"}",
            "create_date": "2026-08-22T08:27:07Z",
            "description": "",
            "force_detach_policies": false,
            "id": "cobre-notif-dev-task-simulator",
            "inline_policy": [
              {
                "name": "cobre-notif-dev-task-simulator-policy",
                "policy": "{\"Version\":\"2012-10-17\",\"Statement\":[{\"Action\":\"sqs:SendMessage\",\"Effect\":\"Allow\",\"Resource\":\"arn:aws:sqs:us-east-1:470044069342:cobre-notif-dev-raw-events\",\"Sid\":\"SqsProduce\"}]}"
              }
            ],
            "managed_policy_arns": [],
            "max_session_duration": 3600,
            "name": "cobre-notif-dev-task-simulator",
            "name_prefix": "",
            "path": "/",
            "permissions_boundary": "",
            "tags": {
              "Name": "cobre-notif-dev-task-simulator"
            },
            "tags_all": {
              "Environment": "dev",
              "ManagedBy": "terraform",
              "Name": "cobre-notif-dev-task-simulator",
              "Project": "cobre-notif",
              "Reto": "cobre-notifications"
            },
            "unique_id": "AROAW24GPJXPGQDENPFIO"
          },
          "sensitive_attributes": [],
          "identity_schema_version": 0,
          "private": "bnVsbA==",
          "dependencies": [
            "data.aws_iam_policy_document.ecs_assume"
          ]
        }
      ]
    },
    {
      "mode": "managed",
      "type": "aws_iam_role_policy",
      "name": "firehose",
      "provider": "provider[\"registry.terraform.io/hashicorp/aws\"]",
      "instances": [
        {
          "schema_version": 0,
          "attributes": {
            "id": "cobre-notif-dev-firehose:cobre-notif-dev-firehose-policy",
            "name": "cobre-notif-dev-firehose-policy",
            "name_prefix": "",
            "policy": "{\"Version\":\"2012-10-17\",\"Statement\":[{\"Action\":[\"s3:PutObject\",\"s3:ListBucket\",\"s3:GetBucketLocation\"],\"Effect\":\"Allow\",\"Resource\":[\"arn:aws:s3:::cobre-notif-dev-archive/*\",\"arn:aws:s3:::cobre-notif-dev-archive\"]},{\"Action\":[\"kms:GenerateDataKey\",\"kms:Decrypt\"],\"Effect\":\"Allow\",\"Resource\":\"arn:aws:kms:us-east-1:470044069342:key/15551bf7-76a2-497b-8acb-74dc1359f214\"}]}",
            "role": "cobre-notif-dev-firehose"
          },
          "sensitive_attributes": [],
          "identity_schema_version": 0,
          "private": "bnVsbA==",
          "dependencies": [
            "aws_iam_role.firehose",
            "aws_kms_key.s3",
            "aws_s3_bucket.archive",
            "data.aws_iam_policy_document.firehose",
            "data.aws_iam_policy_document.firehose_assume"
          ]
        }
      ]
    },
    {
      "mode": "managed",
      "type": "aws_iam_role_policy",
      "name": "task_api",
      "provider": "provider[\"registry.terraform.io/hashicorp/aws\"]",
      "instances": [
        {
          "schema_version": 0,
          "attributes": {
            "id": "cobre-notif-dev-task-api:cobre-notif-dev-task-api-policy",
            "name": "cobre-notif-dev-task-api-policy",
            "name_prefix": "",
            "policy": "{\"Version\":\"2012-10-17\",\"Statement\":[{\"Action\":[\"dynamodb:UpdateItem\",\"dynamodb:Query\",\"dynamodb:PutItem\",\"dynamodb:GetItem\",\"dynamodb:DeleteItem\"],\"Effect\":\"Allow\",\"Resource\":[\"arn:aws:dynamodb:us-east-1:470044069342:table/cobre-notif-dev-subscriptions\",\"arn:aws:dynamodb:us-east-1:470044069342:table/cobre-notif-dev-notification-events/index/*\",\"arn:aws:dynamodb:us-east-1:470044069342:table/cobre-notif-dev-notification-events\"],\"Sid\":\"DynamoApi\"},{\"Action\":\"sqs:SendMessage\",\"Effect\":\"Allow\",\"Resource\":\"arn:aws:sqs:us-east-1:470044069342:cobre-notif-dev-deliveries\",\"Sid\":\"SqsReplay\"},{\"Action\":[\"secretsmanager:PutSecretValue\",\"secretsmanager:DescribeSecret\",\"secretsmanager:CreateSecret\"],\"Effect\":\"Allow\",\"Resource\":\"arn:aws:secretsmanager:us-east-1:*:secret:cobre/webhook-hmac/*\",\"Sid\":\"SecretsWrite\"},{\"Action\":[\"kms:GenerateDataKey\",\"kms:Decrypt\"],\"Effect\":\"Allow\",\"Resource\":\"arn:aws:kms:us-east-1:470044069342:key/bbfcad45-ca45-4783-8988-00fb28462c10\",\"Sid\":\"DynamoKmsAccess\"}]}",
            "role": "cobre-notif-dev-task-api"
          },
          "sensitive_attributes": [],
          "identity_schema_version": 0,
          "private": "bnVsbA==",
          "dependencies": [
            "aws_dynamodb_table.notification_events",
            "aws_dynamodb_table.subscriptions",
            "aws_iam_role.task_api",
            "aws_kms_key.dynamodb",
            "aws_sqs_queue.deliveries",
            "aws_sqs_queue.deliveries_dlq",
            "data.aws_iam_policy_document.ecs_assume",
            "data.aws_iam_policy_document.task_api"
          ]
        }
      ]
    },
    {
      "mode": "managed",
      "type": "aws_iam_role_policy",
      "name": "task_delivery",
      "provider": "provider[\"registry.terraform.io/hashicorp/aws\"]",
      "instances": [
        {
          "schema_version": 0,
          "attributes": {
            "id": "cobre-notif-dev-task-delivery:cobre-notif-dev-task-delivery-policy",
            "name": "cobre-notif-dev-task-delivery-policy",
            "name_prefix": "",
            "policy": "{\"Version\":\"2012-10-17\",\"Statement\":[{\"Action\":[\"sqs:SendMessage\",\"sqs:ReceiveMessage\",\"sqs:GetQueueAttributes\",\"sqs:DeleteMessage\",\"sqs:ChangeMessageVisibility\"],\"Effect\":\"Allow\",\"Resource\":[\"arn:aws:sqs:us-east-1:470044069342:cobre-notif-dev-raw-events\",\"arn:aws:sqs:us-east-1:470044069342:cobre-notif-dev-deliveries\"],\"Sid\":\"SqsWork\"},{\"Action\":[\"dynamodb:UpdateItem\",\"dynamodb:Query\",\"dynamodb:PutItem\",\"dynamodb:GetItem\"],\"Effect\":\"Allow\",\"Resource\":[\"arn:aws:dynamodb:us-east-1:470044069342:table/cobre-notif-dev-subscriptions/index/*\",\"arn:aws:dynamodb:us-east-1:470044069342:table/cobre-notif-dev-subscriptions\",\"arn:aws:dynamodb:us-east-1:470044069342:table/cobre-notif-dev-notification-events/index/*\",\"arn:aws:dynamodb:us-east-1:470044069342:table/cobre-notif-dev-notification-events\"],\"Sid\":\"Dynamo\"},{\"Action\":\"secretsmanager:GetSecretValue\",\"Effect\":\"Allow\",\"Resource\":\"arn:aws:secretsmanager:us-east-1:*:secret:cobre/webhook-hmac/*\",\"Sid\":\"SecretsRead\"},{\"Action\":\"cloudwatch:PutMetricData\",\"Condition\":{\"StringEquals\":{\"cloudwatch:namespace\":[\"notification-events-delivery\",\"notification-events-api\",\"notification-events-simulator\"]}},\"Effect\":\"Allow\",\"Resource\":\"*\",\"Sid\":\"CloudWatchMetrics\"},{\"Action\":[\"kms:GenerateDataKey\",\"kms:Decrypt\"],\"Effect\":\"Allow\",\"Resource\":\"arn:aws:kms:us-east-1:470044069342:key/bbfcad45-ca45-4783-8988-00fb28462c10\",\"Sid\":\"DynamoKmsAccess\"}]}",
            "role": "cobre-notif-dev-task-delivery"
          },
          "sensitive_attributes": [],
          "identity_schema_version": 0,
          "private": "bnVsbA==",
          "dependencies": [
            "aws_dynamodb_table.notification_events",
            "aws_dynamodb_table.subscriptions",
            "aws_iam_role.task_delivery",
            "aws_kms_key.dynamodb",
            "aws_sqs_queue.deliveries",
            "aws_sqs_queue.deliveries_dlq",
            "aws_sqs_queue.raw_events",
            "aws_sqs_queue.raw_events_dlq",
            "data.aws_iam_policy_document.ecs_assume",
            "data.aws_iam_policy_document.task_delivery"
          ]
        }
      ]
    },
    {
      "mode": "managed",
      "type": "aws_iam_role_policy",
      "name": "task_simulator",
      "provider": "provider[\"registry.terraform.io/hashicorp/aws\"]",
      "instances": [
        {
          "schema_version": 0,
          "attributes": {
            "id": "cobre-notif-dev-task-simulator:cobre-notif-dev-task-simulator-policy",
            "name": "cobre-notif-dev-task-simulator-policy",
            "name_prefix": "",
            "policy": "{\"Version\":\"2012-10-17\",\"Statement\":[{\"Action\":\"sqs:SendMessage\",\"Effect\":\"Allow\",\"Resource\":\"arn:aws:sqs:us-east-1:470044069342:cobre-notif-dev-raw-events\",\"Sid\":\"SqsProduce\"}]}",
            "role": "cobre-notif-dev-task-simulator"
          },
          "sensitive_attributes": [],
          "identity_schema_version": 0,
          "private": "bnVsbA==",
          "dependencies": [
            "aws_iam_role.task_simulator",
            "aws_sqs_queue.raw_events",
            "aws_sqs_queue.raw_events_dlq",
            "data.aws_iam_policy_document.ecs_assume",
            "data.aws_iam_policy_document.task_simulator"
          ]
        }
      ]
    },
    {
      "mode": "managed",
      "type": "aws_iam_role_policy_attachment",
      "name": "execution_managed",
      "provider": "provider[\"registry.terraform.io/hashicorp/aws\"]",
      "instances": [
        {
          "schema_version": 0,
          "attributes": {
            "id": "cobre-notif-dev-ecs-execution-20260822082712428000000003",
            "policy_arn": "arn:aws:iam::aws:policy/service-role/AmazonECSTaskExecutionRolePolicy",
            "role": "cobre-notif-dev-ecs-execution"
          },
          "sensitive_attributes": [],
          "identity_schema_version": 0,
          "private": "bnVsbA==",
          "dependencies": [
            "aws_iam_role.ecs_execution",
            "data.aws_iam_policy_document.ecs_assume"
          ]
        }
      ]
    },
    {
      "mode": "managed",
      "type": "aws_internet_gateway",
      "name": "igw",
      "provider": "provider[\"registry.terraform.io/hashicorp/aws\"]",
      "instances": [
        {
          "schema_version": 0,
          "attributes": {
            "arn": "arn:aws:ec2:us-east-1:470044069342:internet-gateway/igw-0e5960a43d7624c3e",
            "id": "igw-0e5960a43d7624c3e",
            "owner_id": "470044069342",
            "tags": {
              "Name": "cobre-notif-dev-igw"
            },
            "tags_all": {
              "Environment": "dev",
              "ManagedBy": "terraform",
              "Name": "cobre-notif-dev-igw",
              "Project": "cobre-notif",
              "Reto": "cobre-notifications"
            },
            "timeouts": null,
            "vpc_id": "vpc-0294b60c9108314da"
          },
          "sensitive_attributes": [],
          "identity_schema_version": 0,
          "private": "eyJlMmJmYjczMC1lY2FhLTExZTYtOGY4OC0zNDM2M2JjN2M0YzAiOnsiY3JlYXRlIjoxMjAwMDAwMDAwMDAwLCJkZWxldGUiOjEyMDAwMDAwMDAwMDAsInVwZGF0ZSI6MTIwMDAwMDAwMDAwMH19",
          "dependencies": [
            "aws_vpc.main"
          ]
        }
      ]
    },
    {
      "mode": "managed",
      "type": "aws_kinesis_firehose_delivery_stream",
      "name": "archive",
      "provider": "provider[\"registry.terraform.io/hashicorp/aws\"]",
      "instances": [
        {
          "schema_version": 1,
          "attributes": {
            "arn": "arn:aws:firehose:us-east-1:470044069342:deliverystream/cobre-notif-dev-archive",
            "destination": "extended_s3",
            "destination_id": "destinationId-000000000001",
            "elasticsearch_configuration": [],
            "extended_s3_configuration": [
              {
                "bucket_arn": "arn:aws:s3:::cobre-notif-dev-archive",
                "buffering_interval": 300,
                "buffering_size": 64,
                "cloudwatch_logging_options": [
                  {
                    "enabled": false,
                    "log_group_name": "",
                    "log_stream_name": ""
                  }
                ],
                "compression_format": "GZIP",
                "custom_time_zone": "UTC",
                "data_format_conversion_configuration": [],
                "dynamic_partitioning_configuration": [],
                "error_output_prefix": "errors/",
                "file_extension": "",
                "kms_key_arn": "",
                "prefix": "events/year=!{timestamp:yyyy}/month=!{timestamp:MM}/day=!{timestamp:dd}/",
                "processing_configuration": [
                  {
                    "enabled": false,
                    "processors": []
                  }
                ],
                "role_arn": "arn:aws:iam::470044069342:role/cobre-notif-dev-firehose",
                "s3_backup_configuration": [],
                "s3_backup_mode": "Disabled"
              }
            ],
            "http_endpoint_configuration": [],
            "iceberg_configuration": [],
            "id": "arn:aws:firehose:us-east-1:470044069342:deliverystream/cobre-notif-dev-archive",
            "kinesis_source_configuration": [],
            "msk_source_configuration": [],
            "name": "cobre-notif-dev-archive",
            "opensearch_configuration": [],
            "opensearchserverless_configuration": [],
            "redshift_configuration": [],
            "server_side_encryption": [
              {
                "enabled": false,
                "key_arn": "",
                "key_type": "AWS_OWNED_CMK"
              }
            ],
            "snowflake_configuration": [],
            "splunk_configuration": [],
            "tags": {
              "Name": "cobre-notif-dev-archive"
            },
            "tags_all": {
              "Environment": "dev",
              "ManagedBy": "terraform",
              "Name": "cobre-notif-dev-archive",
              "Project": "cobre-notif",
              "Reto": "cobre-notifications"
            },
            "timeouts": null,
            "version_id": "1"
          },
          "sensitive_attributes": [],
          "identity_schema_version": 0,
          "private": "eyJlMmJmYjczMC1lY2FhLTExZTYtOGY4OC0zNDM2M2JjN2M0YzAiOnsiY3JlYXRlIjoxODAwMDAwMDAwMDAwLCJkZWxldGUiOjE4MDAwMDAwMDAwMDAsInVwZGF0ZSI6NjAwMDAwMDAwMDAwfSwic2NoZW1hX3ZlcnNpb24iOiIxIn0=",
          "dependencies": [
            "aws_iam_role.firehose",
            "aws_s3_bucket.archive",
            "data.aws_iam_policy_document.firehose_assume"
          ]
        }
      ]
    },
    {
      "mode": "managed",
      "type": "aws_kms_alias",
      "name": "dynamodb",
      "provider": "provider[\"registry.terraform.io/hashicorp/aws\"]",
      "instances": [
        {
          "schema_version": 0,
          "attributes": {
            "arn": "arn:aws:kms:us-east-1:470044069342:alias/cobre-notif-dev-dynamodb",
            "id": "alias/cobre-notif-dev-dynamodb",
            "name": "alias/cobre-notif-dev-dynamodb",
            "name_prefix": "",
            "target_key_arn": "arn:aws:kms:us-east-1:470044069342:key/bbfcad45-ca45-4783-8988-00fb28462c10",
            "target_key_id": "bbfcad45-ca45-4783-8988-00fb28462c10"
          },
          "sensitive_attributes": [],
          "identity_schema_version": 0,
          "private": "bnVsbA==",
          "dependencies": [
            "aws_kms_key.dynamodb"
          ]
        }
      ]
    },
    {
      "mode": "managed",
      "type": "aws_kms_alias",
      "name": "s3",
      "provider": "provider[\"registry.terraform.io/hashicorp/aws\"]",
      "instances": [
        {
          "schema_version": 0,
          "attributes": {
            "arn": "arn:aws:kms:us-east-1:470044069342:alias/cobre-notif-dev-s3",
            "id": "alias/cobre-notif-dev-s3",
            "name": "alias/cobre-notif-dev-s3",
            "name_prefix": "",
            "target_key_arn": "arn:aws:kms:us-east-1:470044069342:key/15551bf7-76a2-497b-8acb-74dc1359f214",
            "target_key_id": "15551bf7-76a2-497b-8acb-74dc1359f214"
          },
          "sensitive_attributes": [],
          "identity_schema_version": 0,
          "private": "bnVsbA==",
          "dependencies": [
            "aws_kms_key.s3"
          ]
        }
      ]
    },
    {
      "mode": "managed",
      "type": "aws_kms_alias",
      "name": "secrets",
      "provider": "provider[\"registry.terraform.io/hashicorp/aws\"]",
      "instances": [
        {
          "schema_version": 0,
          "attributes": {
            "arn": "arn:aws:kms:us-east-1:470044069342:alias/cobre-notif-dev-secrets",
            "id": "alias/cobre-notif-dev-secrets",
            "name": "alias/cobre-notif-dev-secrets",
            "name_prefix": "",
            "target_key_arn": "arn:aws:kms:us-east-1:470044069342:key/f465d8f5-5fc4-4c41-9956-2a9af686fdf4",
            "target_key_id": "f465d8f5-5fc4-4c41-9956-2a9af686fdf4"
          },
          "sensitive_attributes": [],
          "identity_schema_version": 0,
          "private": "bnVsbA==",
          "dependencies": [
            "aws_kms_key.secrets"
          ]
        }
      ]
    },
    {
      "mode": "managed",
      "type": "aws_kms_key",
      "name": "dynamodb",
      "provider": "provider[\"registry.terraform.io/hashicorp/aws\"]",
      "instances": [
        {
          "schema_version": 0,
          "attributes": {
            "arn": "arn:aws:kms:us-east-1:470044069342:key/bbfcad45-ca45-4783-8988-00fb28462c10",
            "bypass_policy_lockout_safety_check": false,
            "custom_key_store_id": "",
            "customer_master_key_spec": "SYMMETRIC_DEFAULT",
            "deletion_window_in_days": 7,
            "description": "cobre-notif-dev CMK DynamoDB",
            "enable_key_rotation": true,
            "id": "bbfcad45-ca45-4783-8988-00fb28462c10",
            "is_enabled": true,
            "key_id": "bbfcad45-ca45-4783-8988-00fb28462c10",
            "key_usage": "ENCRYPT_DECRYPT",
            "multi_region": false,
            "policy": "{\"Id\":\"key-default-1\",\"Statement\":[{\"Action\":\"kms:*\",\"Effect\":\"Allow\",\"Principal\":{\"AWS\":\"arn:aws:iam::470044069342:root\"},\"Resource\":\"*\",\"Sid\":\"Enable IAM User Permissions\"}],\"Version\":\"2012-10-17\"}",
            "rotation_period_in_days": 365,
            "tags": {
              "Name": "cobre-notif-dev-kms-dynamodb"
            },
            "tags_all": {
              "Environment": "dev",
              "ManagedBy": "terraform",
              "Name": "cobre-notif-dev-kms-dynamodb",
              "Project": "cobre-notif",
              "Reto": "cobre-notifications"
            },
            "timeouts": null,
            "xks_key_id": ""
          },
          "sensitive_attributes": [],
          "identity_schema_version": 0,
          "private": "eyJlMmJmYjczMC1lY2FhLTExZTYtOGY4OC0zNDM2M2JjN2M0YzAiOnsiY3JlYXRlIjoxMjAwMDAwMDAwMDB9fQ=="
        }
      ]
    },
    {
      "mode": "managed",
      "type": "aws_kms_key",
      "name": "s3",
      "provider": "provider[\"registry.terraform.io/hashicorp/aws\"]",
      "instances": [
        {
          "schema_version": 0,
          "attributes": {
            "arn": "arn:aws:kms:us-east-1:470044069342:key/15551bf7-76a2-497b-8acb-74dc1359f214",
            "bypass_policy_lockout_safety_check": false,
            "custom_key_store_id": "",
            "customer_master_key_spec": "SYMMETRIC_DEFAULT",
            "deletion_window_in_days": 7,
            "description": "cobre-notif-dev CMK S3",
            "enable_key_rotation": true,
            "id": "15551bf7-76a2-497b-8acb-74dc1359f214",
            "is_enabled": true,
            "key_id": "15551bf7-76a2-497b-8acb-74dc1359f214",
            "key_usage": "ENCRYPT_DECRYPT",
            "multi_region": false,
            "policy": "{\"Id\":\"key-default-1\",\"Statement\":[{\"Action\":\"kms:*\",\"Effect\":\"Allow\",\"Principal\":{\"AWS\":\"arn:aws:iam::470044069342:root\"},\"Resource\":\"*\",\"Sid\":\"Enable IAM User Permissions\"}],\"Version\":\"2012-10-17\"}",
            "rotation_period_in_days": 365,
            "tags": {
              "Name": "cobre-notif-dev-kms-s3"
            },
            "tags_all": {
              "Environment": "dev",
              "ManagedBy": "terraform",
              "Name": "cobre-notif-dev-kms-s3",
              "Project": "cobre-notif",
              "Reto": "cobre-notifications"
            },
            "timeouts": null,
            "xks_key_id": ""
          },
          "sensitive_attributes": [],
          "identity_schema_version": 0,
          "private": "eyJlMmJmYjczMC1lY2FhLTExZTYtOGY4OC0zNDM2M2JjN2M0YzAiOnsiY3JlYXRlIjoxMjAwMDAwMDAwMDB9fQ=="
        }
      ]
    },
    {
      "mode": "managed",
      "type": "aws_kms_key",
      "name": "secrets",
      "provider": "provider[\"registry.terraform.io/hashicorp/aws\"]",
      "instances": [
        {
          "schema_version": 0,
          "attributes": {
            "arn": "arn:aws:kms:us-east-1:470044069342:key/f465d8f5-5fc4-4c41-9956-2a9af686fdf4",
            "bypass_policy_lockout_safety_check": false,
            "custom_key_store_id": "",
            "customer_master_key_spec": "SYMMETRIC_DEFAULT",
            "deletion_window_in_days": 7,
            "description": "cobre-notif-dev CMK Secrets Manager",
            "enable_key_rotation": true,
            "id": "f465d8f5-5fc4-4c41-9956-2a9af686fdf4",
            "is_enabled": true,
            "key_id": "f465d8f5-5fc4-4c41-9956-2a9af686fdf4",
            "key_usage": "ENCRYPT_DECRYPT",
            "multi_region": false,
            "policy": "{\"Id\":\"key-default-1\",\"Statement\":[{\"Action\":\"kms:*\",\"Effect\":\"Allow\",\"Principal\":{\"AWS\":\"arn:aws:iam::470044069342:root\"},\"Resource\":\"*\",\"Sid\":\"Enable IAM User Permissions\"}],\"Version\":\"2012-10-17\"}",
            "rotation_period_in_days": 365,
            "tags": {
              "Name": "cobre-notif-dev-kms-secrets"
            },
            "tags_all": {
              "Environment": "dev",
              "ManagedBy": "terraform",
              "Name": "cobre-notif-dev-kms-secrets",
              "Project": "cobre-notif",
              "Reto": "cobre-notifications"
            },
            "timeouts": null,
            "xks_key_id": ""
          },
          "sensitive_attributes": [],
          "identity_schema_version": 0,
          "private": "eyJlMmJmYjczMC1lY2FhLTExZTYtOGY4OC0zNDM2M2JjN2M0YzAiOnsiY3JlYXRlIjoxMjAwMDAwMDAwMDB9fQ=="
        }
      ]
    },
    {
      "mode": "managed",
      "type": "aws_lb",
      "name": "api",
      "provider": "provider[\"registry.terraform.io/hashicorp/aws\"]",
      "instances": [
        {
          "schema_version": 0,
          "attributes": {
            "access_logs": [
              {
                "bucket": "",
                "enabled": false,
                "prefix": ""
              }
            ],
            "arn": "arn:aws:elasticloadbalancing:us-east-1:470044069342:loadbalancer/app/cobre-notif-dev-alb/0ff62f1304060805",
            "arn_suffix": "app/cobre-notif-dev-alb/0ff62f1304060805",
            "client_keep_alive": 3600,
            "connection_logs": [
              {
                "bucket": "",
                "enabled": false,
                "prefix": ""
              }
            ],
            "customer_owned_ipv4_pool": "",
            "desync_mitigation_mode": "defensive",
            "dns_name": "internal-cobre-notif-dev-alb-640106501.us-east-1.elb.amazonaws.com",
            "dns_record_client_routing_policy": null,
            "drop_invalid_header_fields": false,
            "enable_cross_zone_load_balancing": true,
            "enable_deletion_protection": false,
            "enable_http2": true,
            "enable_tls_version_and_cipher_suite_headers": false,
            "enable_waf_fail_open": false,
            "enable_xff_client_port": false,
            "enable_zonal_shift": false,
            "enforce_security_group_inbound_rules_on_private_link_traffic": "",
            "id": "arn:aws:elasticloadbalancing:us-east-1:470044069342:loadbalancer/app/cobre-notif-dev-alb/0ff62f1304060805",
            "idle_timeout": 60,
            "internal": true,
            "ip_address_type": "ipv4",
            "ipam_pools": [],
            "load_balancer_type": "application",
            "minimum_load_balancer_capacity": [],
            "name": "cobre-notif-dev-alb",
            "name_prefix": "",
            "preserve_host_header": false,
            "security_groups": [
              "sg-09d23674fbe753d52"
            ],
            "subnet_mapping": [
              {
                "allocation_id": "",
                "ipv6_address": "",
                "outpost_id": "",
                "private_ipv4_address": "",
                "subnet_id": "subnet-07a02cb703f07b6cc"
              },
              {
                "allocation_id": "",
                "ipv6_address": "",
                "outpost_id": "",
                "private_ipv4_address": "",
                "subnet_id": "subnet-09d27e56ea3d36016"
              }
            ],
            "subnets": [
              "subnet-07a02cb703f07b6cc",
              "subnet-09d27e56ea3d36016"
            ],
            "tags": {
              "Name": "cobre-notif-dev-alb"
            },
            "tags_all": {
              "Environment": "dev",
              "ManagedBy": "terraform",
              "Name": "cobre-notif-dev-alb",
              "Project": "cobre-notif",
              "Reto": "cobre-notifications"
            },
            "timeouts": null,
            "vpc_id": "vpc-0294b60c9108314da",
            "xff_header_processing_mode": "append",
            "zone_id": "Z35SXDOTRQ7X7K"
          },
          "sensitive_attributes": [],
          "identity_schema_version": 0,
          "private": "eyJlMmJmYjczMC1lY2FhLTExZTYtOGY4OC0zNDM2M2JjN2M0YzAiOnsiY3JlYXRlIjo2MDAwMDAwMDAwMDAsImRlbGV0ZSI6NjAwMDAwMDAwMDAwLCJ1cGRhdGUiOjYwMDAwMDAwMDAwMH19",
          "dependencies": [
            "aws_security_group.alb",
            "aws_subnet.private",
            "aws_vpc.main"
          ]
        }
      ]
    },
    {
      "mode": "managed",
      "type": "aws_lb_listener",
      "name": "api",
      "provider": "provider[\"registry.terraform.io/hashicorp/aws\"]",
      "instances": [
        {
          "schema_version": 0,
          "attributes": {
            "alpn_policy": null,
            "arn": "arn:aws:elasticloadbalancing:us-east-1:470044069342:listener/app/cobre-notif-dev-alb/0ff62f1304060805/ccb556c5f794b62d",
            "certificate_arn": null,
            "default_action": [
              {
                "authenticate_cognito": [],
                "authenticate_oidc": [],
                "fixed_response": [],
                "forward": [],
                "order": 1,
                "redirect": [],
                "target_group_arn": "arn:aws:elasticloadbalancing:us-east-1:470044069342:targetgroup/cobre-notif-dev-tg-api/100e6d28487344c1",
                "type": "forward"
              }
            ],
            "id": "arn:aws:elasticloadbalancing:us-east-1:470044069342:listener/app/cobre-notif-dev-alb/0ff62f1304060805/ccb556c5f794b62d",
            "load_balancer_arn": "arn:aws:elasticloadbalancing:us-east-1:470044069342:loadbalancer/app/cobre-notif-dev-alb/0ff62f1304060805",
            "mutual_authentication": [],
            "port": 80,
            "protocol": "HTTP",
            "routing_http_request_x_amzn_mtls_clientcert_header_name": null,
            "routing_http_request_x_amzn_mtls_clientcert_issuer_header_name": null,
            "routing_http_request_x_amzn_mtls_clientcert_leaf_header_name": null,
            "routing_http_request_x_amzn_mtls_clientcert_serial_number_header_name": null,
            "routing_http_request_x_amzn_mtls_clientcert_subject_header_name": null,
            "routing_http_request_x_amzn_mtls_clientcert_validity_header_name": null,
            "routing_http_request_x_amzn_tls_cipher_suite_header_name": null,
            "routing_http_request_x_amzn_tls_version_header_name": null,
            "routing_http_response_access_control_allow_credentials_header_value": "",
            "routing_http_response_access_control_allow_headers_header_value": "",
            "routing_http_response_access_control_allow_methods_header_value": "",
            "routing_http_response_access_control_allow_origin_header_value": "",
            "routing_http_response_access_control_expose_headers_header_value": "",
            "routing_http_response_access_control_max_age_header_value": "",
            "routing_http_response_content_security_policy_header_value": "",
            "routing_http_response_server_enabled": true,
            "routing_http_response_strict_transport_security_header_value": "",
            "routing_http_response_x_content_type_options_header_value": "",
            "routing_http_response_x_frame_options_header_value": "",
            "ssl_policy": "",
            "tags": {},
            "tags_all": {
              "Environment": "dev",
              "ManagedBy": "terraform",
              "Project": "cobre-notif",
              "Reto": "cobre-notifications"
            },
            "tcp_idle_timeout_seconds": null,
            "timeouts": null
          },
          "sensitive_attributes": [],
          "identity_schema_version": 0,
          "private": "eyJlMmJmYjczMC1lY2FhLTExZTYtOGY4OC0zNDM2M2JjN2M0YzAiOnsiY3JlYXRlIjozMDAwMDAwMDAwMDAsInVwZGF0ZSI6MzAwMDAwMDAwMDAwfX0=",
          "dependencies": [
            "aws_lb.api",
            "aws_lb_target_group.api",
            "aws_security_group.alb",
            "aws_subnet.private",
            "aws_vpc.main"
          ]
        }
      ]
    },
    {
      "mode": "managed",
      "type": "aws_lb_target_group",
      "name": "api",
      "provider": "provider[\"registry.terraform.io/hashicorp/aws\"]",
      "instances": [
        {
          "schema_version": 0,
          "attributes": {
            "arn": "arn:aws:elasticloadbalancing:us-east-1:470044069342:targetgroup/cobre-notif-dev-tg-api/100e6d28487344c1",
            "arn_suffix": "targetgroup/cobre-notif-dev-tg-api/100e6d28487344c1",
            "connection_termination": null,
            "deregistration_delay": "300",
            "health_check": [
              {
                "enabled": true,
                "healthy_threshold": 2,
                "interval": 15,
                "matcher": "200,401",
                "path": "/actuator/health",
                "port": "traffic-port",
                "protocol": "HTTP",
                "timeout": 5,
                "unhealthy_threshold": 3
              }
            ],
            "id": "arn:aws:elasticloadbalancing:us-east-1:470044069342:targetgroup/cobre-notif-dev-tg-api/100e6d28487344c1",
            "ip_address_type": "ipv4",
            "lambda_multi_value_headers_enabled": false,
            "load_balancer_arns": [
              "arn:aws:elasticloadbalancing:us-east-1:470044069342:loadbalancer/app/cobre-notif-dev-alb/0ff62f1304060805"
            ],
            "load_balancing_algorithm_type": "round_robin",
            "load_balancing_anomaly_mitigation": "off",
            "load_balancing_cross_zone_enabled": "use_load_balancer_configuration",
            "name": "cobre-notif-dev-tg-api",
            "name_prefix": "",
            "port": 8080,
            "preserve_client_ip": null,
            "protocol": "HTTP",
            "protocol_version": "HTTP1",
            "proxy_protocol_v2": false,
            "slow_start": 0,
            "stickiness": [
              {
                "cookie_duration": 86400,
                "cookie_name": "",
                "enabled": false,
                "type": "lb_cookie"
              }
            ],
            "tags": {
              "Name": "cobre-notif-dev-tg-api"
            },
            "tags_all": {
              "Environment": "dev",
              "ManagedBy": "terraform",
              "Name": "cobre-notif-dev-tg-api",
              "Project": "cobre-notif",
              "Reto": "cobre-notifications"
            },
            "target_failover": [
              {
                "on_deregistration": null,
                "on_unhealthy": null
              }
            ],
            "target_group_health": [
              {
                "dns_failover": [
                  {
                    "minimum_healthy_targets_count": "1",
                    "minimum_healthy_targets_percentage": "off"
                  }
                ],
                "unhealthy_state_routing": [
                  {
                    "minimum_healthy_targets_count": 1,
                    "minimum_healthy_targets_percentage": "off"
                  }
                ]
              }
            ],
            "target_health_state": [
              {
                "enable_unhealthy_connection_termination": null,
                "unhealthy_draining_interval": null
              }
            ],
            "target_type": "ip",
            "vpc_id": "vpc-0294b60c9108314da"
          },
          "sensitive_attributes": [],
          "identity_schema_version": 0,
          "private": "bnVsbA==",
          "dependencies": [
            "aws_vpc.main"
          ]
        }
      ]
    },
    {
      "mode": "managed",
      "type": "aws_nat_gateway",
      "name": "nat",
      "provider": "provider[\"registry.terraform.io/hashicorp/aws\"]",
      "instances": [
        {
          "index_key": 0,
          "schema_version": 0,
          "attributes": {
            "allocation_id": "eipalloc-06680f97c1dcd1255",
            "association_id": "eipassoc-0f36b1ac2e87d8f37",
            "connectivity_type": "public",
            "id": "nat-0bb2ba2fc82bad276",
            "network_interface_id": "eni-075635f557fc92b57",
            "private_ip": "10.0.1.234",
            "public_ip": "34.233.30.111",
            "secondary_allocation_ids": [],
            "secondary_private_ip_address_count": 0,
            "secondary_private_ip_addresses": [],
            "subnet_id": "subnet-05560b0ba0ab50285",
            "tags": {
              "Name": "cobre-notif-dev-nat-us-east-1a"
            },
            "tags_all": {
              "Environment": "dev",
              "ManagedBy": "terraform",
              "Name": "cobre-notif-dev-nat-us-east-1a",
              "Project": "cobre-notif",
              "Reto": "cobre-notifications"
            },
            "timeouts": null
          },
          "sensitive_attributes": [],
          "identity_schema_version": 0,
          "private": "eyJlMmJmYjczMC1lY2FhLTExZTYtOGY4OC0zNDM2M2JjN2M0YzAiOnsiY3JlYXRlIjo2MDAwMDAwMDAwMDAsImRlbGV0ZSI6MTgwMDAwMDAwMDAwMCwidXBkYXRlIjo2MDAwMDAwMDAwMDB9fQ==",
          "dependencies": [
            "aws_eip.nat",
            "aws_internet_gateway.igw",
            "aws_subnet.public",
            "aws_vpc.main"
          ]
        },
        {
          "index_key": 1,
          "schema_version": 0,
          "attributes": {
            "allocation_id": "eipalloc-06a38d6ab4547a2ec",
            "association_id": "eipassoc-04b3717cdb32c524d",
            "connectivity_type": "public",
            "id": "nat-0913af0bf6abaac46",
            "network_interface_id": "eni-0ba8535bf80cdf69c",
            "private_ip": "10.0.3.171",
            "public_ip": "52.4.215.143",
            "secondary_allocation_ids": [],
            "secondary_private_ip_address_count": 0,
            "secondary_private_ip_addresses": [],
            "subnet_id": "subnet-0eb2321da317ec1ed",
            "tags": {
              "Name": "cobre-notif-dev-nat-us-east-1b"
            },
            "tags_all": {
              "Environment": "dev",
              "ManagedBy": "terraform",
              "Name": "cobre-notif-dev-nat-us-east-1b",
              "Project": "cobre-notif",
              "Reto": "cobre-notifications"
            },
            "timeouts": null
          },
          "sensitive_attributes": [],
          "identity_schema_version": 0,
          "private": "eyJlMmJmYjczMC1lY2FhLTExZTYtOGY4OC0zNDM2M2JjN2M0YzAiOnsiY3JlYXRlIjo2MDAwMDAwMDAwMDAsImRlbGV0ZSI6MTgwMDAwMDAwMDAwMCwidXBkYXRlIjo2MDAwMDAwMDAwMDB9fQ==",
          "dependencies": [
            "aws_eip.nat",
            "aws_internet_gateway.igw",
            "aws_subnet.public",
            "aws_vpc.main"
          ]
        }
      ]
    },
    {
      "mode": "managed",
      "type": "aws_route_table",
      "name": "private",
      "provider": "provider[\"registry.terraform.io/hashicorp/aws\"]",
      "instances": [
        {
          "index_key": 0,
          "schema_version": 0,
          "attributes": {
            "arn": "arn:aws:ec2:us-east-1:470044069342:route-table/rtb-0cfd220382cebc9d9",
            "id": "rtb-0cfd220382cebc9d9",
            "owner_id": "470044069342",
            "propagating_vgws": [],
            "route": [
              {
                "carrier_gateway_id": "",
                "cidr_block": "0.0.0.0/0",
                "core_network_arn": "",
                "destination_prefix_list_id": "",
                "egress_only_gateway_id": "",
                "gateway_id": "",
                "ipv6_cidr_block": "",
                "local_gateway_id": "",
                "nat_gateway_id": "nat-0bb2ba2fc82bad276",
                "network_interface_id": "",
                "transit_gateway_id": "",
                "vpc_endpoint_id": "",
                "vpc_peering_connection_id": ""
              }
            ],
            "tags": {
              "Name": "cobre-notif-dev-rt-private-us-east-1a"
            },
            "tags_all": {
              "Environment": "dev",
              "ManagedBy": "terraform",
              "Name": "cobre-notif-dev-rt-private-us-east-1a",
              "Project": "cobre-notif",
              "Reto": "cobre-notifications"
            },
            "timeouts": null,
            "vpc_id": "vpc-0294b60c9108314da"
          },
          "sensitive_attributes": [],
          "identity_schema_version": 0,
          "private": "eyJlMmJmYjczMC1lY2FhLTExZTYtOGY4OC0zNDM2M2JjN2M0YzAiOnsiY3JlYXRlIjozMDAwMDAwMDAwMDAsImRlbGV0ZSI6MzAwMDAwMDAwMDAwLCJ1cGRhdGUiOjEyMDAwMDAwMDAwMH19",
          "dependencies": [
            "aws_eip.nat",
            "aws_internet_gateway.igw",
            "aws_nat_gateway.nat",
            "aws_subnet.public",
            "aws_vpc.main"
          ]
        },
        {
          "index_key": 1,
          "schema_version": 0,
          "attributes": {
            "arn": "arn:aws:ec2:us-east-1:470044069342:route-table/rtb-0f67b6a31ca06dd58",
            "id": "rtb-0f67b6a31ca06dd58",
            "owner_id": "470044069342",
            "propagating_vgws": [],
            "route": [
              {
                "carrier_gateway_id": "",
                "cidr_block": "0.0.0.0/0",
                "core_network_arn": "",
                "destination_prefix_list_id": "",
                "egress_only_gateway_id": "",
                "gateway_id": "",
                "ipv6_cidr_block": "",
                "local_gateway_id": "",
                "nat_gateway_id": "nat-0913af0bf6abaac46",
                "network_interface_id": "",
                "transit_gateway_id": "",
                "vpc_endpoint_id": "",
                "vpc_peering_connection_id": ""
              }
            ],
            "tags": {
              "Name": "cobre-notif-dev-rt-private-us-east-1b"
            },
            "tags_all": {
              "Environment": "dev",
              "ManagedBy": "terraform",
              "Name": "cobre-notif-dev-rt-private-us-east-1b",
              "Project": "cobre-notif",
              "Reto": "cobre-notifications"
            },
            "timeouts": null,
            "vpc_id": "vpc-0294b60c9108314da"
          },
          "sensitive_attributes": [],
          "identity_schema_version": 0,
          "private": "eyJlMmJmYjczMC1lY2FhLTExZTYtOGY4OC0zNDM2M2JjN2M0YzAiOnsiY3JlYXRlIjozMDAwMDAwMDAwMDAsImRlbGV0ZSI6MzAwMDAwMDAwMDAwLCJ1cGRhdGUiOjEyMDAwMDAwMDAwMH19",
          "dependencies": [
            "aws_eip.nat",
            "aws_internet_gateway.igw",
            "aws_nat_gateway.nat",
            "aws_subnet.public",
            "aws_vpc.main"
          ]
        }
      ]
    },
    {
      "mode": "managed",
      "type": "aws_route_table",
      "name": "public",
      "provider": "provider[\"registry.terraform.io/hashicorp/aws\"]",
      "instances": [
        {
          "schema_version": 0,
          "attributes": {
            "arn": "arn:aws:ec2:us-east-1:470044069342:route-table/rtb-0256ac01abb8d16fc",
            "id": "rtb-0256ac01abb8d16fc",
            "owner_id": "470044069342",
            "propagating_vgws": [],
            "route": [
              {
                "carrier_gateway_id": "",
                "cidr_block": "0.0.0.0/0",
                "core_network_arn": "",
                "destination_prefix_list_id": "",
                "egress_only_gateway_id": "",
                "gateway_id": "igw-0e5960a43d7624c3e",
                "ipv6_cidr_block": "",
                "local_gateway_id": "",
                "nat_gateway_id": "",
                "network_interface_id": "",
                "transit_gateway_id": "",
                "vpc_endpoint_id": "",
                "vpc_peering_connection_id": ""
              }
            ],
            "tags": {
              "Name": "cobre-notif-dev-rt-public"
            },
            "tags_all": {
              "Environment": "dev",
              "ManagedBy": "terraform",
              "Name": "cobre-notif-dev-rt-public",
              "Project": "cobre-notif",
              "Reto": "cobre-notifications"
            },
            "timeouts": null,
            "vpc_id": "vpc-0294b60c9108314da"
          },
          "sensitive_attributes": [],
          "identity_schema_version": 0,
          "private": "eyJlMmJmYjczMC1lY2FhLTExZTYtOGY4OC0zNDM2M2JjN2M0YzAiOnsiY3JlYXRlIjozMDAwMDAwMDAwMDAsImRlbGV0ZSI6MzAwMDAwMDAwMDAwLCJ1cGRhdGUiOjEyMDAwMDAwMDAwMH19",
          "dependencies": [
            "aws_internet_gateway.igw",
            "aws_vpc.main"
          ]
        }
      ]
    },
    {
      "mode": "managed",
      "type": "aws_route_table_association",
      "name": "private",
      "provider": "provider[\"registry.terraform.io/hashicorp/aws\"]",
      "instances": [
        {
          "index_key": 0,
          "schema_version": 0,
          "attributes": {
            "gateway_id": "",
            "id": "rtbassoc-0c940a0a22179dbca",
            "route_table_id": "rtb-0cfd220382cebc9d9",
            "subnet_id": "subnet-07a02cb703f07b6cc",
            "timeouts": null
          },
          "sensitive_attributes": [],
          "identity_schema_version": 0,
          "private": "eyJlMmJmYjczMC1lY2FhLTExZTYtOGY4OC0zNDM2M2JjN2M0YzAiOnsiY3JlYXRlIjozMDAwMDAwMDAwMDAsImRlbGV0ZSI6MzAwMDAwMDAwMDAwLCJ1cGRhdGUiOjEyMDAwMDAwMDAwMH19",
          "dependencies": [
            "aws_eip.nat",
            "aws_internet_gateway.igw",
            "aws_nat_gateway.nat",
            "aws_route_table.private",
            "aws_subnet.private",
            "aws_subnet.public",
            "aws_vpc.main"
          ]
        },
        {
          "index_key": 1,
          "schema_version": 0,
          "attributes": {
            "gateway_id": "",
            "id": "rtbassoc-05b30fdb5619f5132",
            "route_table_id": "rtb-0f67b6a31ca06dd58",
            "subnet_id": "subnet-09d27e56ea3d36016",
            "timeouts": null
          },
          "sensitive_attributes": [],
          "identity_schema_version": 0,
          "private": "eyJlMmJmYjczMC1lY2FhLTExZTYtOGY4OC0zNDM2M2JjN2M0YzAiOnsiY3JlYXRlIjozMDAwMDAwMDAwMDAsImRlbGV0ZSI6MzAwMDAwMDAwMDAwLCJ1cGRhdGUiOjEyMDAwMDAwMDAwMH19",
          "dependencies": [
            "aws_eip.nat",
            "aws_internet_gateway.igw",
            "aws_nat_gateway.nat",
            "aws_route_table.private",
            "aws_subnet.private",
            "aws_subnet.public",
            "aws_vpc.main"
          ]
        }
      ]
    },
    {
      "mode": "managed",
      "type": "aws_route_table_association",
      "name": "public",
      "provider": "provider[\"registry.terraform.io/hashicorp/aws\"]",
      "instances": [
        {
          "index_key": 0,
          "schema_version": 0,
          "attributes": {
            "gateway_id": "",
            "id": "rtbassoc-08415511689ad36d5",
            "route_table_id": "rtb-0256ac01abb8d16fc",
            "subnet_id": "subnet-05560b0ba0ab50285",
            "timeouts": null
          },
          "sensitive_attributes": [],
          "identity_schema_version": 0,
          "private": "eyJlMmJmYjczMC1lY2FhLTExZTYtOGY4OC0zNDM2M2JjN2M0YzAiOnsiY3JlYXRlIjozMDAwMDAwMDAwMDAsImRlbGV0ZSI6MzAwMDAwMDAwMDAwLCJ1cGRhdGUiOjEyMDAwMDAwMDAwMH19",
          "dependencies": [
            "aws_internet_gateway.igw",
            "aws_route_table.public",
            "aws_subnet.public",
            "aws_vpc.main"
          ]
        },
        {
          "index_key": 1,
          "schema_version": 0,
          "attributes": {
            "gateway_id": "",
            "id": "rtbassoc-08b52344211c0d764",
            "route_table_id": "rtb-0256ac01abb8d16fc",
            "subnet_id": "subnet-0eb2321da317ec1ed",
            "timeouts": null
          },
          "sensitive_attributes": [],
          "identity_schema_version": 0,
          "private": "eyJlMmJmYjczMC1lY2FhLTExZTYtOGY4OC0zNDM2M2JjN2M0YzAiOnsiY3JlYXRlIjozMDAwMDAwMDAwMDAsImRlbGV0ZSI6MzAwMDAwMDAwMDAwLCJ1cGRhdGUiOjEyMDAwMDAwMDAwMH19",
          "dependencies": [
            "aws_internet_gateway.igw",
            "aws_route_table.public",
            "aws_subnet.public",
            "aws_vpc.main"
          ]
        }
      ]
    },
    {
      "mode": "managed",
      "type": "aws_s3_bucket",
      "name": "archive",
      "provider": "provider[\"registry.terraform.io/hashicorp/aws\"]",
      "instances": [
        {
          "schema_version": 0,
          "attributes": {
            "acceleration_status": "",
            "acl": null,
            "arn": "arn:aws:s3:::cobre-notif-dev-archive",
            "bucket": "cobre-notif-dev-archive",
            "bucket_domain_name": "cobre-notif-dev-archive.s3.amazonaws.com",
            "bucket_prefix": "",
            "bucket_regional_domain_name": "cobre-notif-dev-archive.s3.us-east-1.amazonaws.com",
            "cors_rule": [],
            "force_destroy": false,
            "grant": [
              {
                "id": "531695dc6381a7620fda3d59f8bb375f237189c5b032ba7599f5a161d78abd6e",
                "permissions": [
                  "FULL_CONTROL"
                ],
                "type": "CanonicalUser",
                "uri": ""
              }
            ],
            "hosted_zone_id": "Z3AQBSTGFYJSTF",
            "id": "cobre-notif-dev-archive",
            "lifecycle_rule": [
              {
                "abort_incomplete_multipart_upload_days": 0,
                "enabled": true,
                "expiration": [
                  {
                    "date": "",
                    "days": 365,
                    "expired_object_delete_marker": false
                  }
                ],
                "id": "archive-tiering",
                "noncurrent_version_expiration": [],
                "noncurrent_version_transition": [],
                "prefix": "",
                "tags": {},
                "transition": [
                  {
                    "date": "",
                    "days": 30,
                    "storage_class": "STANDARD_IA"
                  },
                  {
                    "date": "",
                    "days": 90,
                    "storage_class": "GLACIER"
                  }
                ]
              }
            ],
            "logging": [],
            "object_lock_configuration": [],
            "object_lock_enabled": false,
            "policy": "",
            "region": "us-east-1",
            "replication_configuration": [],
            "request_payer": "BucketOwner",
            "server_side_encryption_configuration": [
              {
                "rule": [
                  {
                    "apply_server_side_encryption_by_default": [
                      {
                        "kms_master_key_id": "arn:aws:kms:us-east-1:470044069342:key/15551bf7-76a2-497b-8acb-74dc1359f214",
                        "sse_algorithm": "aws:kms"
                      }
                    ],
                    "bucket_key_enabled": false
                  }
                ]
              }
            ],
            "tags": {
              "Name": "cobre-notif-dev-archive"
            },
            "tags_all": {
              "Environment": "dev",
              "ManagedBy": "terraform",
              "Name": "cobre-notif-dev-archive",
              "Project": "cobre-notif",
              "Reto": "cobre-notifications"
            },
            "timeouts": null,
            "versioning": [
              {
                "enabled": false,
                "mfa_delete": false
              }
            ],
            "website": [],
            "website_domain": null,
            "website_endpoint": null
          },
          "sensitive_attributes": [],
          "identity_schema_version": 0,
          "private": "eyJlMmJmYjczMC1lY2FhLTExZTYtOGY4OC0zNDM2M2JjN2M0YzAiOnsiY3JlYXRlIjoxMjAwMDAwMDAwMDAwLCJkZWxldGUiOjM2MDAwMDAwMDAwMDAsInJlYWQiOjEyMDAwMDAwMDAwMDAsInVwZGF0ZSI6MTIwMDAwMDAwMDAwMH19"
        }
      ]
    },
    {
      "mode": "managed",
      "type": "aws_s3_bucket_lifecycle_configuration",
      "name": "archive",
      "provider": "provider[\"registry.terraform.io/hashicorp/aws\"]",
      "instances": [
        {
          "schema_version": 1,
          "attributes": {
            "bucket": "cobre-notif-dev-archive",
            "expected_bucket_owner": "",
            "id": "cobre-notif-dev-archive",
            "rule": [
              {
                "abort_incomplete_multipart_upload": [],
                "expiration": [
                  {
                    "date": null,
                    "days": 365,
                    "expired_object_delete_marker": false
                  }
                ],
                "filter": [
                  {
                    "and": [],
                    "object_size_greater_than": null,
                    "object_size_less_than": null,
                    "prefix": "",
                    "tag": []
                  }
                ],
                "id": "archive-tiering",
                "noncurrent_version_expiration": [],
                "noncurrent_version_transition": [],
                "prefix": "",
                "status": "Enabled",
                "transition": [
                  {
                    "date": null,
                    "days": 30,
                    "storage_class": "STANDARD_IA"
                  },
                  {
                    "date": null,
                    "days": 90,
                    "storage_class": "GLACIER"
                  }
                ]
              }
            ],
            "timeouts": null,
            "transition_default_minimum_object_size": "all_storage_classes_128K"
          },
          "sensitive_attributes": [],
          "identity_schema_version": 0,
          "dependencies": [
            "aws_s3_bucket.archive"
          ]
        }
      ]
    },
    {
      "mode": "managed",
      "type": "aws_s3_bucket_public_access_block",
      "name": "archive",
      "provider": "provider[\"registry.terraform.io/hashicorp/aws\"]",
      "instances": [
        {
          "schema_version": 0,
          "attributes": {
            "block_public_acls": true,
            "block_public_policy": true,
            "bucket": "cobre-notif-dev-archive",
            "id": "cobre-notif-dev-archive",
            "ignore_public_acls": true,
            "restrict_public_buckets": true
          },
          "sensitive_attributes": [],
          "identity_schema_version": 0,
          "private": "bnVsbA==",
          "dependencies": [
            "aws_s3_bucket.archive"
          ]
        }
      ]
    },
    {
      "mode": "managed",
      "type": "aws_s3_bucket_server_side_encryption_configuration",
      "name": "archive",
      "provider": "provider[\"registry.terraform.io/hashicorp/aws\"]",
      "instances": [
        {
          "schema_version": 0,
          "attributes": {
            "bucket": "cobre-notif-dev-archive",
            "expected_bucket_owner": "",
            "id": "cobre-notif-dev-archive",
            "rule": [
              {
                "apply_server_side_encryption_by_default": [
                  {
                    "kms_master_key_id": "arn:aws:kms:us-east-1:470044069342:key/15551bf7-76a2-497b-8acb-74dc1359f214",
                    "sse_algorithm": "aws:kms"
                  }
                ],
                "bucket_key_enabled": false
              }
            ]
          },
          "sensitive_attributes": [],
          "identity_schema_version": 0,
          "private": "bnVsbA==",
          "dependencies": [
            "aws_kms_key.s3",
            "aws_s3_bucket.archive"
          ]
        }
      ]
    },
    {
      "mode": "managed",
      "type": "aws_secretsmanager_secret",
      "name": "webhook_hmac_example",
      "provider": "provider[\"registry.terraform.io/hashicorp/aws\"]",
      "instances": [
        {
          "schema_version": 0,
          "attributes": {
            "arn": "arn:aws:secretsmanager:us-east-1:470044069342:secret:cobre/webhook-hmac/example-client-o09KSJ",
            "description": "HMAC de ejemplo (patrón cobre/webhook-hmac/{client_id})",
            "force_overwrite_replica_secret": false,
            "id": "arn:aws:secretsmanager:us-east-1:470044069342:secret:cobre/webhook-hmac/example-client-o09KSJ",
            "kms_key_id": "arn:aws:kms:us-east-1:470044069342:key/f465d8f5-5fc4-4c41-9956-2a9af686fdf4",
            "name": "cobre/webhook-hmac/example-client",
            "name_prefix": "",
            "policy": "",
            "recovery_window_in_days": 30,
            "replica": [],
            "tags": {
              "Name": "cobre-notif-dev-hmac-example"
            },
            "tags_all": {
              "Environment": "dev",
              "ManagedBy": "terraform",
              "Name": "cobre-notif-dev-hmac-example",
              "Project": "cobre-notif",
              "Reto": "cobre-notifications"
            }
          },
          "sensitive_attributes": [],
          "identity_schema_version": 0,
          "private": "bnVsbA==",
          "dependencies": [
            "aws_kms_key.secrets"
          ]
        }
      ]
    },
    {
      "mode": "managed",
      "type": "aws_security_group",
      "name": "alb",
      "provider": "provider[\"registry.terraform.io/hashicorp/aws\"]",
      "instances": [
        {
          "schema_version": 1,
          "attributes": {
            "arn": "arn:aws:ec2:us-east-1:470044069342:security-group/sg-09d23674fbe753d52",
            "description": "ALB interno de events-api (ingreso desde VPC Link, egreso a tareas)",
            "egress": [
              {
                "cidr_blocks": [],
                "description": "8080 hacia las tareas de events-api",
                "from_port": 8080,
                "ipv6_cidr_blocks": [],
                "prefix_list_ids": [],
                "protocol": "tcp",
                "security_groups": [
                  "sg-022063fd8b0b8a22c"
                ],
                "self": false,
                "to_port": 8080
              }
            ],
            "id": "sg-09d23674fbe753d52",
            "ingress": [
              {
                "cidr_blocks": [],
                "description": "HTTP 80 desde el VPC Link",
                "from_port": 80,
                "ipv6_cidr_blocks": [],
                "prefix_list_ids": [],
                "protocol": "tcp",
                "security_groups": [
                  "sg-022063fd8b0b8a22c"
                ],
                "self": false,
                "to_port": 80
              }
            ],
            "name": "cobre-notif-dev-sg-alb",
            "name_prefix": "",
            "owner_id": "470044069342",
            "revoke_rules_on_delete": false,
            "tags": {
              "Name": "cobre-notif-dev-sg-alb"
            },
            "tags_all": {
              "Environment": "dev",
              "ManagedBy": "terraform",
              "Name": "cobre-notif-dev-sg-alb",
              "Project": "cobre-notif",
              "Reto": "cobre-notifications"
            },
            "timeouts": null,
            "vpc_id": "vpc-0294b60c9108314da"
          },
          "sensitive_attributes": [],
          "identity_schema_version": 0,
          "private": "eyJlMmJmYjczMC1lY2FhLTExZTYtOGY4OC0zNDM2M2JjN2M0YzAiOnsiY3JlYXRlIjo2MDAwMDAwMDAwMDAsImRlbGV0ZSI6OTAwMDAwMDAwMDAwfSwic2NoZW1hX3ZlcnNpb24iOiIxIn0=",
          "dependencies": [
            "aws_vpc.main"
          ]
        }
      ]
    },
    {
      "mode": "managed",
      "type": "aws_security_group",
      "name": "api",
      "provider": "provider[\"registry.terraform.io/hashicorp/aws\"]",
      "instances": [
        {
          "schema_version": 1,
          "attributes": {
            "arn": "arn:aws:ec2:us-east-1:470044069342:security-group/sg-022063fd8b0b8a22c",
            "description": "events-api (recibe por VPC Link, sale a VPC endpoints)",
            "egress": [
              {
                "cidr_blocks": [
                  "0.0.0.0/0"
                ],
                "description": "443 a 0.0.0.0/0 por NAT (pull ECR/S3 + JWKS Cognito)",
                "from_port": 443,
                "ipv6_cidr_blocks": [],
                "prefix_list_ids": [],
                "protocol": "tcp",
                "security_groups": [],
                "self": false,
                "to_port": 443
              },
              {
                "cidr_blocks": [],
                "description": "443 a interface endpoints",
                "from_port": 443,
                "ipv6_cidr_blocks": [],
                "prefix_list_ids": [],
                "protocol": "tcp",
                "security_groups": [
                  "sg-031c71d1a48f3572c"
                ],
                "self": false,
                "to_port": 443
              },
              {
                "cidr_blocks": [],
                "description": "80 hacia el ALB interno desde el VPC Link",
                "from_port": 80,
                "ipv6_cidr_blocks": [],
                "prefix_list_ids": [],
                "protocol": "tcp",
                "security_groups": [
                  "sg-09d23674fbe753d52"
                ],
                "self": false,
                "to_port": 80
              }
            ],
            "id": "sg-022063fd8b0b8a22c",
            "ingress": [
              {
                "cidr_blocks": [
                  "10.0.0.0/16"
                ],
                "description": "HTTP app desde VPC Link (rango de la VPC)",
                "from_port": 8080,
                "ipv6_cidr_blocks": [],
                "prefix_list_ids": [],
                "protocol": "tcp",
                "security_groups": [],
                "self": false,
                "to_port": 8080
              },
              {
                "cidr_blocks": [],
                "description": "8080 desde el ALB interno",
                "from_port": 8080,
                "ipv6_cidr_blocks": [],
                "prefix_list_ids": [],
                "protocol": "tcp",
                "security_groups": [
                  "sg-09d23674fbe753d52"
                ],
                "self": false,
                "to_port": 8080
              },
              {
                "cidr_blocks": [],
                "description": "HTTP 8080 desde el propio SG para VPC Link",
                "from_port": 8080,
                "ipv6_cidr_blocks": [],
                "prefix_list_ids": [],
                "protocol": "tcp",
                "security_groups": [],
                "self": true,
                "to_port": 8080
              }
            ],
            "name": "cobre-notif-dev-sg-api",
            "name_prefix": "",
            "owner_id": "470044069342",
            "revoke_rules_on_delete": false,
            "tags": {
              "Name": "cobre-notif-dev-sg-api"
            },
            "tags_all": {
              "Environment": "dev",
              "ManagedBy": "terraform",
              "Name": "cobre-notif-dev-sg-api",
              "Project": "cobre-notif",
              "Reto": "cobre-notifications"
            },
            "timeouts": null,
            "vpc_id": "vpc-0294b60c9108314da"
          },
          "sensitive_attributes": [],
          "identity_schema_version": 0,
          "private": "eyJlMmJmYjczMC1lY2FhLTExZTYtOGY4OC0zNDM2M2JjN2M0YzAiOnsiY3JlYXRlIjo2MDAwMDAwMDAwMDAsImRlbGV0ZSI6OTAwMDAwMDAwMDAwfSwic2NoZW1hX3ZlcnNpb24iOiIxIn0=",
          "dependencies": [
            "aws_vpc.main"
          ]
        }
      ]
    },
    {
      "mode": "managed",
      "type": "aws_security_group",
      "name": "endpoints",
      "provider": "provider[\"registry.terraform.io/hashicorp/aws\"]",
      "instances": [
        {
          "schema_version": 1,
          "attributes": {
            "arn": "arn:aws:ec2:us-east-1:470044069342:security-group/sg-031c71d1a48f3572c",
            "description": "Interface endpoints (443 desde api y worker)",
            "egress": [],
            "id": "sg-031c71d1a48f3572c",
            "ingress": [
              {
                "cidr_blocks": [],
                "description": "443 desde SG-api",
                "from_port": 443,
                "ipv6_cidr_blocks": [],
                "prefix_list_ids": [],
                "protocol": "tcp",
                "security_groups": [
                  "sg-022063fd8b0b8a22c"
                ],
                "self": false,
                "to_port": 443
              },
              {
                "cidr_blocks": [],
                "description": "443 desde SG-worker",
                "from_port": 443,
                "ipv6_cidr_blocks": [],
                "prefix_list_ids": [],
                "protocol": "tcp",
                "security_groups": [
                  "sg-0d41d0a37254e52da"
                ],
                "self": false,
                "to_port": 443
              }
            ],
            "name": "cobre-notif-dev-sg-endpoints",
            "name_prefix": "",
            "owner_id": "470044069342",
            "revoke_rules_on_delete": false,
            "tags": {
              "Name": "cobre-notif-dev-sg-endpoints"
            },
            "tags_all": {
              "Environment": "dev",
              "ManagedBy": "terraform",
              "Name": "cobre-notif-dev-sg-endpoints",
              "Project": "cobre-notif",
              "Reto": "cobre-notifications"
            },
            "timeouts": null,
            "vpc_id": "vpc-0294b60c9108314da"
          },
          "sensitive_attributes": [],
          "identity_schema_version": 0,
          "private": "eyJlMmJmYjczMC1lY2FhLTExZTYtOGY4OC0zNDM2M2JjN2M0YzAiOnsiY3JlYXRlIjo2MDAwMDAwMDAwMDAsImRlbGV0ZSI6OTAwMDAwMDAwMDAwfSwic2NoZW1hX3ZlcnNpb24iOiIxIn0=",
          "dependencies": [
            "aws_vpc.main"
          ]
        }
      ]
    },
    {
      "mode": "managed",
      "type": "aws_security_group",
      "name": "worker",
      "provider": "provider[\"registry.terraform.io/hashicorp/aws\"]",
      "instances": [
        {
          "schema_version": 1,
          "attributes": {
            "arn": "arn:aws:ec2:us-east-1:470044069342:security-group/sg-0d41d0a37254e52da",
            "description": "workers (sin entrada; egreso a endpoints y a webhooks por NAT)",
            "egress": [
              {
                "cidr_blocks": [
                  "0.0.0.0/0"
                ],
                "description": "443 a 0.0.0.0/0 por NAT (entrega de webhooks del cliente)",
                "from_port": 443,
                "ipv6_cidr_blocks": [],
                "prefix_list_ids": [],
                "protocol": "tcp",
                "security_groups": [],
                "self": false,
                "to_port": 443
              },
              {
                "cidr_blocks": [],
                "description": "443 a interface endpoints (SQS/Secrets/...)",
                "from_port": 443,
                "ipv6_cidr_blocks": [],
                "prefix_list_ids": [],
                "protocol": "tcp",
                "security_groups": [
                  "sg-031c71d1a48f3572c"
                ],
                "self": false,
                "to_port": 443
              }
            ],
            "id": "sg-0d41d0a37254e52da",
            "ingress": [],
            "name": "cobre-notif-dev-sg-worker",
            "name_prefix": "",
            "owner_id": "470044069342",
            "revoke_rules_on_delete": false,
            "tags": {
              "Name": "cobre-notif-dev-sg-worker"
            },
            "tags_all": {
              "Environment": "dev",
              "ManagedBy": "terraform",
              "Name": "cobre-notif-dev-sg-worker",
              "Project": "cobre-notif",
              "Reto": "cobre-notifications"
            },
            "timeouts": null,
            "vpc_id": "vpc-0294b60c9108314da"
          },
          "sensitive_attributes": [],
          "identity_schema_version": 0,
          "private": "eyJlMmJmYjczMC1lY2FhLTExZTYtOGY4OC0zNDM2M2JjN2M0YzAiOnsiY3JlYXRlIjo2MDAwMDAwMDAwMDAsImRlbGV0ZSI6OTAwMDAwMDAwMDAwfSwic2NoZW1hX3ZlcnNpb24iOiIxIn0=",
          "dependencies": [
            "aws_vpc.main"
          ]
        }
      ]
    },
    {
      "mode": "managed",
      "type": "aws_sqs_queue",
      "name": "deliveries",
      "provider": "provider[\"registry.terraform.io/hashicorp/aws\"]",
      "instances": [
        {
          "schema_version": 0,
          "attributes": {
            "arn": "arn:aws:sqs:us-east-1:470044069342:cobre-notif-dev-deliveries",
            "content_based_deduplication": false,
            "deduplication_scope": "",
            "delay_seconds": 0,
            "fifo_queue": false,
            "fifo_throughput_limit": "",
            "id": "https://sqs.us-east-1.amazonaws.com/470044069342/cobre-notif-dev-deliveries",
            "kms_data_key_reuse_period_seconds": 300,
            "kms_master_key_id": "",
            "max_message_size": 262144,
            "message_retention_seconds": 1209600,
            "name": "cobre-notif-dev-deliveries",
            "name_prefix": "",
            "policy": "",
            "receive_wait_time_seconds": 10,
            "redrive_allow_policy": "",
            "redrive_policy": "{\"deadLetterTargetArn\":\"arn:aws:sqs:us-east-1:470044069342:cobre-notif-dev-deliveries-dlq\",\"maxReceiveCount\":10}",
            "sqs_managed_sse_enabled": true,
            "tags": {
              "Name": "cobre-notif-dev-deliveries"
            },
            "tags_all": {
              "Environment": "dev",
              "ManagedBy": "terraform",
              "Name": "cobre-notif-dev-deliveries",
              "Project": "cobre-notif",
              "Reto": "cobre-notifications"
            },
            "timeouts": null,
            "url": "https://sqs.us-east-1.amazonaws.com/470044069342/cobre-notif-dev-deliveries",
            "visibility_timeout_seconds": 60
          },
          "sensitive_attributes": [],
          "identity_schema_version": 0,
          "private": "eyJlMmJmYjczMC1lY2FhLTExZTYtOGY4OC0zNDM2M2JjN2M0YzAiOnsiY3JlYXRlIjoxODAwMDAwMDAwMDAsImRlbGV0ZSI6MTgwMDAwMDAwMDAwLCJ1cGRhdGUiOjE4MDAwMDAwMDAwMH19",
          "dependencies": [
            "aws_sqs_queue.deliveries_dlq"
          ]
        }
      ]
    },
    {
      "mode": "managed",
      "type": "aws_sqs_queue",
      "name": "deliveries_dlq",
      "provider": "provider[\"registry.terraform.io/hashicorp/aws\"]",
      "instances": [
        {
          "schema_version": 0,
          "attributes": {
            "arn": "arn:aws:sqs:us-east-1:470044069342:cobre-notif-dev-deliveries-dlq",
            "content_based_deduplication": false,
            "deduplication_scope": "",
            "delay_seconds": 0,
            "fifo_queue": false,
            "fifo_throughput_limit": "",
            "id": "https://sqs.us-east-1.amazonaws.com/470044069342/cobre-notif-dev-deliveries-dlq",
            "kms_data_key_reuse_period_seconds": 300,
            "kms_master_key_id": "",
            "max_message_size": 262144,
            "message_retention_seconds": 1209600,
            "name": "cobre-notif-dev-deliveries-dlq",
            "name_prefix": "",
            "policy": "",
            "receive_wait_time_seconds": 0,
            "redrive_allow_policy": "",
            "redrive_policy": "",
            "sqs_managed_sse_enabled": true,
            "tags": {
              "Name": "cobre-notif-dev-deliveries-dlq"
            },
            "tags_all": {
              "Environment": "dev",
              "ManagedBy": "terraform",
              "Name": "cobre-notif-dev-deliveries-dlq",
              "Project": "cobre-notif",
              "Reto": "cobre-notifications"
            },
            "timeouts": null,
            "url": "https://sqs.us-east-1.amazonaws.com/470044069342/cobre-notif-dev-deliveries-dlq",
            "visibility_timeout_seconds": 30
          },
          "sensitive_attributes": [],
          "identity_schema_version": 0,
          "private": "eyJlMmJmYjczMC1lY2FhLTExZTYtOGY4OC0zNDM2M2JjN2M0YzAiOnsiY3JlYXRlIjoxODAwMDAwMDAwMDAsImRlbGV0ZSI6MTgwMDAwMDAwMDAwLCJ1cGRhdGUiOjE4MDAwMDAwMDAwMH19"
        }
      ]
    },
    {
      "mode": "managed",
      "type": "aws_sqs_queue",
      "name": "raw_events",
      "provider": "provider[\"registry.terraform.io/hashicorp/aws\"]",
      "instances": [
        {
          "schema_version": 0,
          "attributes": {
            "arn": "arn:aws:sqs:us-east-1:470044069342:cobre-notif-dev-raw-events",
            "content_based_deduplication": false,
            "deduplication_scope": "",
            "delay_seconds": 0,
            "fifo_queue": false,
            "fifo_throughput_limit": "",
            "id": "https://sqs.us-east-1.amazonaws.com/470044069342/cobre-notif-dev-raw-events",
            "kms_data_key_reuse_period_seconds": 300,
            "kms_master_key_id": "",
            "max_message_size": 262144,
            "message_retention_seconds": 345600,
            "name": "cobre-notif-dev-raw-events",
            "name_prefix": "",
            "policy": "",
            "receive_wait_time_seconds": 10,
            "redrive_allow_policy": "",
            "redrive_policy": "{\"deadLetterTargetArn\":\"arn:aws:sqs:us-east-1:470044069342:cobre-notif-dev-raw-events-dlq\",\"maxReceiveCount\":5}",
            "sqs_managed_sse_enabled": true,
            "tags": {
              "Name": "cobre-notif-dev-raw-events"
            },
            "tags_all": {
              "Environment": "dev",
              "ManagedBy": "terraform",
              "Name": "cobre-notif-dev-raw-events",
              "Project": "cobre-notif",
              "Reto": "cobre-notifications"
            },
            "timeouts": null,
            "url": "https://sqs.us-east-1.amazonaws.com/470044069342/cobre-notif-dev-raw-events",
            "visibility_timeout_seconds": 60
          },
          "sensitive_attributes": [],
          "identity_schema_version": 0,
          "private": "eyJlMmJmYjczMC1lY2FhLTExZTYtOGY4OC0zNDM2M2JjN2M0YzAiOnsiY3JlYXRlIjoxODAwMDAwMDAwMDAsImRlbGV0ZSI6MTgwMDAwMDAwMDAwLCJ1cGRhdGUiOjE4MDAwMDAwMDAwMH19",
          "dependencies": [
            "aws_sqs_queue.raw_events_dlq"
          ]
        }
      ]
    },
    {
      "mode": "managed",
      "type": "aws_sqs_queue",
      "name": "raw_events_dlq",
      "provider": "provider[\"registry.terraform.io/hashicorp/aws\"]",
      "instances": [
        {
          "schema_version": 0,
          "attributes": {
            "arn": "arn:aws:sqs:us-east-1:470044069342:cobre-notif-dev-raw-events-dlq",
            "content_based_deduplication": false,
            "deduplication_scope": "",
            "delay_seconds": 0,
            "fifo_queue": false,
            "fifo_throughput_limit": "",
            "id": "https://sqs.us-east-1.amazonaws.com/470044069342/cobre-notif-dev-raw-events-dlq",
            "kms_data_key_reuse_period_seconds": 300,
            "kms_master_key_id": "",
            "max_message_size": 262144,
            "message_retention_seconds": 1209600,
            "name": "cobre-notif-dev-raw-events-dlq",
            "name_prefix": "",
            "policy": "",
            "receive_wait_time_seconds": 0,
            "redrive_allow_policy": "",
            "redrive_policy": "",
            "sqs_managed_sse_enabled": true,
            "tags": {
              "Name": "cobre-notif-dev-raw-events-dlq"
            },
            "tags_all": {
              "Environment": "dev",
              "ManagedBy": "terraform",
              "Name": "cobre-notif-dev-raw-events-dlq",
              "Project": "cobre-notif",
              "Reto": "cobre-notifications"
            },
            "timeouts": null,
            "url": "https://sqs.us-east-1.amazonaws.com/470044069342/cobre-notif-dev-raw-events-dlq",
            "visibility_timeout_seconds": 30
          },
          "sensitive_attributes": [],
          "identity_schema_version": 0,
          "private": "eyJlMmJmYjczMC1lY2FhLTExZTYtOGY4OC0zNDM2M2JjN2M0YzAiOnsiY3JlYXRlIjoxODAwMDAwMDAwMDAsImRlbGV0ZSI6MTgwMDAwMDAwMDAwLCJ1cGRhdGUiOjE4MDAwMDAwMDAwMH19"
        }
      ]
    },
    {
      "mode": "managed",
      "type": "aws_subnet",
      "name": "private",
      "provider": "provider[\"registry.terraform.io/hashicorp/aws\"]",
      "instances": [
        {
          "index_key": 0,
          "schema_version": 1,
          "attributes": {
            "arn": "arn:aws:ec2:us-east-1:470044069342:subnet/subnet-07a02cb703f07b6cc",
            "assign_ipv6_address_on_creation": false,
            "availability_zone": "us-east-1a",
            "availability_zone_id": "use1-az1",
            "cidr_block": "10.0.2.0/24",
            "customer_owned_ipv4_pool": "",
            "enable_dns64": false,
            "enable_lni_at_device_index": 0,
            "enable_resource_name_dns_a_record_on_launch": false,
            "enable_resource_name_dns_aaaa_record_on_launch": false,
            "id": "subnet-07a02cb703f07b6cc",
            "ipv6_cidr_block": "",
            "ipv6_cidr_block_association_id": "",
            "ipv6_native": false,
            "map_customer_owned_ip_on_launch": false,
            "map_public_ip_on_launch": false,
            "outpost_arn": "",
            "owner_id": "470044069342",
            "private_dns_hostname_type_on_launch": "ip-name",
            "tags": {
              "Name": "cobre-notif-dev-private-us-east-1a"
            },
            "tags_all": {
              "Environment": "dev",
              "ManagedBy": "terraform",
              "Name": "cobre-notif-dev-private-us-east-1a",
              "Project": "cobre-notif",
              "Reto": "cobre-notifications"
            },
            "timeouts": null,
            "vpc_id": "vpc-0294b60c9108314da"
          },
          "sensitive_attributes": [],
          "identity_schema_version": 0,
          "private": "eyJlMmJmYjczMC1lY2FhLTExZTYtOGY4OC0zNDM2M2JjN2M0YzAiOnsiY3JlYXRlIjo2MDAwMDAwMDAwMDAsImRlbGV0ZSI6MTIwMDAwMDAwMDAwMH0sInNjaGVtYV92ZXJzaW9uIjoiMSJ9",
          "dependencies": [
            "aws_vpc.main"
          ]
        },
        {
          "index_key": 1,
          "schema_version": 1,
          "attributes": {
            "arn": "arn:aws:ec2:us-east-1:470044069342:subnet/subnet-09d27e56ea3d36016",
            "assign_ipv6_address_on_creation": false,
            "availability_zone": "us-east-1b",
            "availability_zone_id": "use1-az2",
            "cidr_block": "10.0.4.0/24",
            "customer_owned_ipv4_pool": "",
            "enable_dns64": false,
            "enable_lni_at_device_index": 0,
            "enable_resource_name_dns_a_record_on_launch": false,
            "enable_resource_name_dns_aaaa_record_on_launch": false,
            "id": "subnet-09d27e56ea3d36016",
            "ipv6_cidr_block": "",
            "ipv6_cidr_block_association_id": "",
            "ipv6_native": false,
            "map_customer_owned_ip_on_launch": false,
            "map_public_ip_on_launch": false,
            "outpost_arn": "",
            "owner_id": "470044069342",
            "private_dns_hostname_type_on_launch": "ip-name",
            "tags": {
              "Name": "cobre-notif-dev-private-us-east-1b"
            },
            "tags_all": {
              "Environment": "dev",
              "ManagedBy": "terraform",
              "Name": "cobre-notif-dev-private-us-east-1b",
              "Project": "cobre-notif",
              "Reto": "cobre-notifications"
            },
            "timeouts": null,
            "vpc_id": "vpc-0294b60c9108314da"
          },
          "sensitive_attributes": [],
          "identity_schema_version": 0,
          "private": "eyJlMmJmYjczMC1lY2FhLTExZTYtOGY4OC0zNDM2M2JjN2M0YzAiOnsiY3JlYXRlIjo2MDAwMDAwMDAwMDAsImRlbGV0ZSI6MTIwMDAwMDAwMDAwMH0sInNjaGVtYV92ZXJzaW9uIjoiMSJ9",
          "dependencies": [
            "aws_vpc.main"
          ]
        }
      ]
    },
    {
      "mode": "managed",
      "type": "aws_subnet",
      "name": "public",
      "provider": "provider[\"registry.terraform.io/hashicorp/aws\"]",
      "instances": [
        {
          "index_key": 0,
          "schema_version": 1,
          "attributes": {
            "arn": "arn:aws:ec2:us-east-1:470044069342:subnet/subnet-05560b0ba0ab50285",
            "assign_ipv6_address_on_creation": false,
            "availability_zone": "us-east-1a",
            "availability_zone_id": "use1-az1",
            "cidr_block": "10.0.1.0/24",
            "customer_owned_ipv4_pool": "",
            "enable_dns64": false,
            "enable_lni_at_device_index": 0,
            "enable_resource_name_dns_a_record_on_launch": false,
            "enable_resource_name_dns_aaaa_record_on_launch": false,
            "id": "subnet-05560b0ba0ab50285",
            "ipv6_cidr_block": "",
            "ipv6_cidr_block_association_id": "",
            "ipv6_native": false,
            "map_customer_owned_ip_on_launch": false,
            "map_public_ip_on_launch": true,
            "outpost_arn": "",
            "owner_id": "470044069342",
            "private_dns_hostname_type_on_launch": "ip-name",
            "tags": {
              "Name": "cobre-notif-dev-public-us-east-1a"
            },
            "tags_all": {
              "Environment": "dev",
              "ManagedBy": "terraform",
              "Name": "cobre-notif-dev-public-us-east-1a",
              "Project": "cobre-notif",
              "Reto": "cobre-notifications"
            },
            "timeouts": null,
            "vpc_id": "vpc-0294b60c9108314da"
          },
          "sensitive_attributes": [],
          "identity_schema_version": 0,
          "private": "eyJlMmJmYjczMC1lY2FhLTExZTYtOGY4OC0zNDM2M2JjN2M0YzAiOnsiY3JlYXRlIjo2MDAwMDAwMDAwMDAsImRlbGV0ZSI6MTIwMDAwMDAwMDAwMH0sInNjaGVtYV92ZXJzaW9uIjoiMSJ9",
          "dependencies": [
            "aws_vpc.main"
          ]
        },
        {
          "index_key": 1,
          "schema_version": 1,
          "attributes": {
            "arn": "arn:aws:ec2:us-east-1:470044069342:subnet/subnet-0eb2321da317ec1ed",
            "assign_ipv6_address_on_creation": false,
            "availability_zone": "us-east-1b",
            "availability_zone_id": "use1-az2",
            "cidr_block": "10.0.3.0/24",
            "customer_owned_ipv4_pool": "",
            "enable_dns64": false,
            "enable_lni_at_device_index": 0,
            "enable_resource_name_dns_a_record_on_launch": false,
            "enable_resource_name_dns_aaaa_record_on_launch": false,
            "id": "subnet-0eb2321da317ec1ed",
            "ipv6_cidr_block": "",
            "ipv6_cidr_block_association_id": "",
            "ipv6_native": false,
            "map_customer_owned_ip_on_launch": false,
            "map_public_ip_on_launch": true,
            "outpost_arn": "",
            "owner_id": "470044069342",
            "private_dns_hostname_type_on_launch": "ip-name",
            "tags": {
              "Name": "cobre-notif-dev-public-us-east-1b"
            },
            "tags_all": {
              "Environment": "dev",
              "ManagedBy": "terraform",
              "Name": "cobre-notif-dev-public-us-east-1b",
              "Project": "cobre-notif",
              "Reto": "cobre-notifications"
            },
            "timeouts": null,
            "vpc_id": "vpc-0294b60c9108314da"
          },
          "sensitive_attributes": [],
          "identity_schema_version": 0,
          "private": "eyJlMmJmYjczMC1lY2FhLTExZTYtOGY4OC0zNDM2M2JjN2M0YzAiOnsiY3JlYXRlIjo2MDAwMDAwMDAwMDAsImRlbGV0ZSI6MTIwMDAwMDAwMDAwMH0sInNjaGVtYV92ZXJzaW9uIjoiMSJ9",
          "dependencies": [
            "aws_vpc.main"
          ]
        }
      ]
    },
    {
      "mode": "managed",
      "type": "aws_vpc",
      "name": "main",
      "provider": "provider[\"registry.terraform.io/hashicorp/aws\"]",
      "instances": [
        {
          "schema_version": 1,
          "attributes": {
            "arn": "arn:aws:ec2:us-east-1:470044069342:vpc/vpc-0294b60c9108314da",
            "assign_generated_ipv6_cidr_block": false,
            "cidr_block": "10.0.0.0/16",
            "default_network_acl_id": "acl-0c24e7e3a883873de",
            "default_route_table_id": "rtb-08402e0812204012b",
            "default_security_group_id": "sg-07e8189c5cbfc6789",
            "dhcp_options_id": "dopt-0ae32edffd4df28b5",
            "enable_dns_hostnames": true,
            "enable_dns_support": true,
            "enable_network_address_usage_metrics": false,
            "id": "vpc-0294b60c9108314da",
            "instance_tenancy": "default",
            "ipv4_ipam_pool_id": null,
            "ipv4_netmask_length": null,
            "ipv6_association_id": "",
            "ipv6_cidr_block": "",
            "ipv6_cidr_block_network_border_group": "",
            "ipv6_ipam_pool_id": "",
            "ipv6_netmask_length": 0,
            "main_route_table_id": "rtb-08402e0812204012b",
            "owner_id": "470044069342",
            "tags": {
              "Name": "cobre-notif-dev-vpc"
            },
            "tags_all": {
              "Environment": "dev",
              "ManagedBy": "terraform",
              "Name": "cobre-notif-dev-vpc",
              "Project": "cobre-notif",
              "Reto": "cobre-notifications"
            }
          },
          "sensitive_attributes": [],
          "identity_schema_version": 0,
          "private": "eyJzY2hlbWFfdmVyc2lvbiI6IjEifQ=="
        }
      ]
    },
    {
      "mode": "managed",
      "type": "aws_vpc_endpoint",
      "name": "dynamodb",
      "provider": "provider[\"registry.terraform.io/hashicorp/aws\"]",
      "instances": [
        {
          "schema_version": 0,
          "attributes": {
            "arn": "arn:aws:ec2:us-east-1:470044069342:vpc-endpoint/vpce-0deb44b454edf7e0c",
            "auto_accept": null,
            "cidr_blocks": [
              "35.71.70.0/24",
              "3.218.182.0/24",
              "3.218.180.0/23",
              "35.71.68.0/23",
              "52.94.0.0/22",
              "52.119.224.0/20"
            ],
            "dns_entry": [],
            "dns_options": [
              {
                "dns_record_ip_type": "service-defined",
                "private_dns_only_for_inbound_resolver_endpoint": false
              }
            ],
            "id": "vpce-0deb44b454edf7e0c",
            "ip_address_type": "ipv4",
            "network_interface_ids": [],
            "owner_id": "470044069342",
            "policy": "{\"Statement\":[{\"Action\":\"*\",\"Effect\":\"Allow\",\"Principal\":\"*\",\"Resource\":\"*\"}],\"Version\":\"2008-10-17\"}",
            "prefix_list_id": "pl-02cd2c6b",
            "private_dns_enabled": false,
            "requester_managed": false,
            "resource_configuration_arn": "",
            "route_table_ids": [
              "rtb-0cfd220382cebc9d9",
              "rtb-0f67b6a31ca06dd58"
            ],
            "security_group_ids": [],
            "service_name": "com.amazonaws.us-east-1.dynamodb",
            "service_network_arn": "",
            "service_region": "us-east-1",
            "state": "available",
            "subnet_configuration": [],
            "subnet_ids": [],
            "tags": {
              "Name": "cobre-notif-dev-vpce-dynamodb"
            },
            "tags_all": {
              "Environment": "dev",
              "ManagedBy": "terraform",
              "Name": "cobre-notif-dev-vpce-dynamodb",
              "Project": "cobre-notif",
              "Reto": "cobre-notifications"
            },
            "timeouts": null,
            "vpc_endpoint_type": "Gateway",
            "vpc_id": "vpc-0294b60c9108314da"
          },
          "sensitive_attributes": [],
          "identity_schema_version": 0,
          "private": "eyJlMmJmYjczMC1lY2FhLTExZTYtOGY4OC0zNDM2M2JjN2M0YzAiOnsiY3JlYXRlIjo2MDAwMDAwMDAwMDAsImRlbGV0ZSI6NjAwMDAwMDAwMDAwLCJ1cGRhdGUiOjYwMDAwMDAwMDAwMH19",
          "dependencies": [
            "aws_eip.nat",
            "aws_internet_gateway.igw",
            "aws_nat_gateway.nat",
            "aws_route_table.private",
            "aws_subnet.public",
            "aws_vpc.main"
          ]
        }
      ]
    },
    {
      "mode": "managed",
      "type": "aws_vpc_endpoint",
      "name": "interface",
      "provider": "provider[\"registry.terraform.io/hashicorp/aws\"]",
      "instances": [
        {
          "index_key": "ecr_api",
          "schema_version": 0,
          "attributes": {
            "arn": "arn:aws:ec2:us-east-1:470044069342:vpc-endpoint/vpce-0cc7436d995e1c0e5",
            "auto_accept": null,
            "cidr_blocks": [],
            "dns_entry": [
              {
                "dns_name": "vpce-0cc7436d995e1c0e5-khkw3zad.api.ecr.us-east-1.vpce.amazonaws.com",
                "hosted_zone_id": "Z7HUB22UULQXV"
              },
              {
                "dns_name": "vpce-0cc7436d995e1c0e5-khkw3zad-us-east-1b.api.ecr.us-east-1.vpce.amazonaws.com",
                "hosted_zone_id": "Z7HUB22UULQXV"
              },
              {
                "dns_name": "vpce-0cc7436d995e1c0e5-khkw3zad-us-east-1a.api.ecr.us-east-1.vpce.amazonaws.com",
                "hosted_zone_id": "Z7HUB22UULQXV"
              },
              {
                "dns_name": "api.ecr.us-east-1.amazonaws.com",
                "hosted_zone_id": "Z04552573H8SZKQTJCESL"
              },
              {
                "dns_name": "ecr.us-east-1.api.aws",
                "hosted_zone_id": "Z044458133AAH3I1QQK6R"
              }
            ],
            "dns_options": [
              {
                "dns_record_ip_type": "ipv4",
                "private_dns_only_for_inbound_resolver_endpoint": false
              }
            ],
            "id": "vpce-0cc7436d995e1c0e5",
            "ip_address_type": "ipv4",
            "network_interface_ids": [
              "eni-04107d53129d41bea",
              "eni-0b25e314f1c6c46ec"
            ],
            "owner_id": "470044069342",
            "policy": "{\"Statement\":[{\"Action\":\"*\",\"Effect\":\"Allow\",\"Principal\":\"*\",\"Resource\":\"*\"}]}",
            "prefix_list_id": null,
            "private_dns_enabled": true,
            "requester_managed": false,
            "resource_configuration_arn": "",
            "route_table_ids": [],
            "security_group_ids": [
              "sg-031c71d1a48f3572c"
            ],
            "service_name": "com.amazonaws.us-east-1.ecr.api",
            "service_network_arn": "",
            "service_region": "us-east-1",
            "state": "available",
            "subnet_configuration": [
              {
                "ipv4": "10.0.2.67",
                "ipv6": "",
                "subnet_id": "subnet-07a02cb703f07b6cc"
              },
              {
                "ipv4": "10.0.4.85",
                "ipv6": "",
                "subnet_id": "subnet-09d27e56ea3d36016"
              }
            ],
            "subnet_ids": [
              "subnet-07a02cb703f07b6cc",
              "subnet-09d27e56ea3d36016"
            ],
            "tags": {
              "Name": "cobre-notif-dev-vpce-ecr_api"
            },
            "tags_all": {
              "Environment": "dev",
              "ManagedBy": "terraform",
              "Name": "cobre-notif-dev-vpce-ecr_api",
              "Project": "cobre-notif",
              "Reto": "cobre-notifications"
            },
            "timeouts": null,
            "vpc_endpoint_type": "Interface",
            "vpc_id": "vpc-0294b60c9108314da"
          },
          "sensitive_attributes": [],
          "identity_schema_version": 0,
          "private": "eyJlMmJmYjczMC1lY2FhLTExZTYtOGY4OC0zNDM2M2JjN2M0YzAiOnsiY3JlYXRlIjo2MDAwMDAwMDAwMDAsImRlbGV0ZSI6NjAwMDAwMDAwMDAwLCJ1cGRhdGUiOjYwMDAwMDAwMDAwMH19",
          "dependencies": [
            "aws_security_group.endpoints",
            "aws_subnet.private",
            "aws_vpc.main"
          ]
        },
        {
          "index_key": "ecr_dkr",
          "schema_version": 0,
          "attributes": {
            "arn": "arn:aws:ec2:us-east-1:470044069342:vpc-endpoint/vpce-00a01608e5323dd22",
            "auto_accept": null,
            "cidr_blocks": [],
            "dns_entry": [
              {
                "dns_name": "vpce-00a01608e5323dd22-he8wug8i.dkr.ecr.us-east-1.vpce.amazonaws.com",
                "hosted_zone_id": "Z7HUB22UULQXV"
              },
              {
                "dns_name": "vpce-00a01608e5323dd22-he8wug8i-us-east-1b.dkr.ecr.us-east-1.vpce.amazonaws.com",
                "hosted_zone_id": "Z7HUB22UULQXV"
              },
              {
                "dns_name": "vpce-00a01608e5323dd22-he8wug8i-us-east-1a.dkr.ecr.us-east-1.vpce.amazonaws.com",
                "hosted_zone_id": "Z7HUB22UULQXV"
              },
              {
                "dns_name": "dkr.ecr.us-east-1.amazonaws.com",
                "hosted_zone_id": "Z03812991MXZR8Y6WC0PE"
              },
              {
                "dns_name": "*.dkr.ecr.us-east-1.amazonaws.com",
                "hosted_zone_id": "Z03812991MXZR8Y6WC0PE"
              },
              {
                "dns_name": "dkr-ecr.us-east-1.on.aws",
                "hosted_zone_id": "Z04552352W985SBA26VJB"
              },
              {
                "dns_name": "*.dkr-ecr.us-east-1.on.aws",
                "hosted_zone_id": "Z04552352W985SBA26VJB"
              }
            ],
            "dns_options": [
              {
                "dns_record_ip_type": "ipv4",
                "private_dns_only_for_inbound_resolver_endpoint": false
              }
            ],
            "id": "vpce-00a01608e5323dd22",
            "ip_address_type": "ipv4",
            "network_interface_ids": [
              "eni-02a37185aac1c6615",
              "eni-07d430e2490e3b8a0"
            ],
            "owner_id": "470044069342",
            "policy": "{\"Statement\":[{\"Action\":\"*\",\"Effect\":\"Allow\",\"Principal\":\"*\",\"Resource\":\"*\"}]}",
            "prefix_list_id": null,
            "private_dns_enabled": true,
            "requester_managed": false,
            "resource_configuration_arn": "",
            "route_table_ids": [],
            "security_group_ids": [
              "sg-031c71d1a48f3572c"
            ],
            "service_name": "com.amazonaws.us-east-1.ecr.dkr",
            "service_network_arn": "",
            "service_region": "us-east-1",
            "state": "available",
            "subnet_configuration": [
              {
                "ipv4": "10.0.2.168",
                "ipv6": "",
                "subnet_id": "subnet-07a02cb703f07b6cc"
              },
              {
                "ipv4": "10.0.4.38",
                "ipv6": "",
                "subnet_id": "subnet-09d27e56ea3d36016"
              }
            ],
            "subnet_ids": [
              "subnet-07a02cb703f07b6cc",
              "subnet-09d27e56ea3d36016"
            ],
            "tags": {
              "Name": "cobre-notif-dev-vpce-ecr_dkr"
            },
            "tags_all": {
              "Environment": "dev",
              "ManagedBy": "terraform",
              "Name": "cobre-notif-dev-vpce-ecr_dkr",
              "Project": "cobre-notif",
              "Reto": "cobre-notifications"
            },
            "timeouts": null,
            "vpc_endpoint_type": "Interface",
            "vpc_id": "vpc-0294b60c9108314da"
          },
          "sensitive_attributes": [],
          "identity_schema_version": 0,
          "private": "eyJlMmJmYjczMC1lY2FhLTExZTYtOGY4OC0zNDM2M2JjN2M0YzAiOnsiY3JlYXRlIjo2MDAwMDAwMDAwMDAsImRlbGV0ZSI6NjAwMDAwMDAwMDAwLCJ1cGRhdGUiOjYwMDAwMDAwMDAwMH19",
          "dependencies": [
            "aws_security_group.endpoints",
            "aws_subnet.private",
            "aws_vpc.main"
          ]
        },
        {
          "index_key": "logs",
          "schema_version": 0,
          "attributes": {
            "arn": "arn:aws:ec2:us-east-1:470044069342:vpc-endpoint/vpce-01490c9762fc908eb",
            "auto_accept": null,
            "cidr_blocks": [],
            "dns_entry": [
              {
                "dns_name": "vpce-01490c9762fc908eb-f7sclvad.logs.us-east-1.vpce.amazonaws.com",
                "hosted_zone_id": "Z7HUB22UULQXV"
              },
              {
                "dns_name": "vpce-01490c9762fc908eb-f7sclvad-us-east-1b.logs.us-east-1.vpce.amazonaws.com",
                "hosted_zone_id": "Z7HUB22UULQXV"
              },
              {
                "dns_name": "vpce-01490c9762fc908eb-f7sclvad-us-east-1a.logs.us-east-1.vpce.amazonaws.com",
                "hosted_zone_id": "Z7HUB22UULQXV"
              },
              {
                "dns_name": "logs.us-east-1.amazonaws.com",
                "hosted_zone_id": "Z03815813U67XI5AG9PIK"
              },
              {
                "dns_name": "streaming-logs.us-east-1.amazonaws.com",
                "hosted_zone_id": "Z05679842Z82ZKQFFOYDU"
              },
              {
                "dns_name": "streaming-logs.us-east-1.api.aws",
                "hosted_zone_id": "Z0381262VUG3HBWNZA86"
              },
              {
                "dns_name": "logs.us-east-1.api.aws",
                "hosted_zone_id": "Z05679892PIOKAFMGQ96D"
              }
            ],
            "dns_options": [
              {
                "dns_record_ip_type": "ipv4",
                "private_dns_only_for_inbound_resolver_endpoint": false
              }
            ],
            "id": "vpce-01490c9762fc908eb",
            "ip_address_type": "ipv4",
            "network_interface_ids": [
              "eni-076c32ddbf362833d",
              "eni-0ae773678e8fa0bc3"
            ],
            "owner_id": "470044069342",
            "policy": "{\"Statement\":[{\"Action\":\"*\",\"Effect\":\"Allow\",\"Principal\":\"*\",\"Resource\":\"*\"}]}",
            "prefix_list_id": null,
            "private_dns_enabled": true,
            "requester_managed": false,
            "resource_configuration_arn": "",
            "route_table_ids": [],
            "security_group_ids": [
              "sg-031c71d1a48f3572c"
            ],
            "service_name": "com.amazonaws.us-east-1.logs",
            "service_network_arn": "",
            "service_region": "us-east-1",
            "state": "available",
            "subnet_configuration": [
              {
                "ipv4": "10.0.2.104",
                "ipv6": "",
                "subnet_id": "subnet-07a02cb703f07b6cc"
              },
              {
                "ipv4": "10.0.4.121",
                "ipv6": "",
                "subnet_id": "subnet-09d27e56ea3d36016"
              }
            ],
            "subnet_ids": [
              "subnet-07a02cb703f07b6cc",
              "subnet-09d27e56ea3d36016"
            ],
            "tags": {
              "Name": "cobre-notif-dev-vpce-logs"
            },
            "tags_all": {
              "Environment": "dev",
              "ManagedBy": "terraform",
              "Name": "cobre-notif-dev-vpce-logs",
              "Project": "cobre-notif",
              "Reto": "cobre-notifications"
            },
            "timeouts": null,
            "vpc_endpoint_type": "Interface",
            "vpc_id": "vpc-0294b60c9108314da"
          },
          "sensitive_attributes": [],
          "identity_schema_version": 0,
          "private": "eyJlMmJmYjczMC1lY2FhLTExZTYtOGY4OC0zNDM2M2JjN2M0YzAiOnsiY3JlYXRlIjo2MDAwMDAwMDAwMDAsImRlbGV0ZSI6NjAwMDAwMDAwMDAwLCJ1cGRhdGUiOjYwMDAwMDAwMDAwMH19",
          "dependencies": [
            "aws_security_group.endpoints",
            "aws_subnet.private",
            "aws_vpc.main"
          ]
        },
        {
          "index_key": "secrets",
          "schema_version": 0,
          "attributes": {
            "arn": "arn:aws:ec2:us-east-1:470044069342:vpc-endpoint/vpce-017b9c0498aa76ff4",
            "auto_accept": null,
            "cidr_blocks": [],
            "dns_entry": [
              {
                "dns_name": "vpce-017b9c0498aa76ff4-vow1apwo.secretsmanager.us-east-1.vpce.amazonaws.com",
                "hosted_zone_id": "Z7HUB22UULQXV"
              },
              {
                "dns_name": "vpce-017b9c0498aa76ff4-vow1apwo-us-east-1b.secretsmanager.us-east-1.vpce.amazonaws.com",
                "hosted_zone_id": "Z7HUB22UULQXV"
              },
              {
                "dns_name": "vpce-017b9c0498aa76ff4-vow1apwo-us-east-1a.secretsmanager.us-east-1.vpce.amazonaws.com",
                "hosted_zone_id": "Z7HUB22UULQXV"
              },
              {
                "dns_name": "secretsmanager.us-east-1.amazonaws.com",
                "hosted_zone_id": "Z0546574296T1L84F7GRI"
              }
            ],
            "dns_options": [
              {
                "dns_record_ip_type": "ipv4",
                "private_dns_only_for_inbound_resolver_endpoint": false
              }
            ],
            "id": "vpce-017b9c0498aa76ff4",
            "ip_address_type": "ipv4",
            "network_interface_ids": [
              "eni-06d4f3547f08e06e6",
              "eni-0bf18f717f0c8ed6f"
            ],
            "owner_id": "470044069342",
            "policy": "{\"Statement\":[{\"Action\":\"*\",\"Effect\":\"Allow\",\"Principal\":\"*\",\"Resource\":\"*\"}]}",
            "prefix_list_id": null,
            "private_dns_enabled": true,
            "requester_managed": false,
            "resource_configuration_arn": "",
            "route_table_ids": [],
            "security_group_ids": [
              "sg-031c71d1a48f3572c"
            ],
            "service_name": "com.amazonaws.us-east-1.secretsmanager",
            "service_network_arn": "",
            "service_region": "us-east-1",
            "state": "available",
            "subnet_configuration": [
              {
                "ipv4": "10.0.2.197",
                "ipv6": "",
                "subnet_id": "subnet-07a02cb703f07b6cc"
              },
              {
                "ipv4": "10.0.4.215",
                "ipv6": "",
                "subnet_id": "subnet-09d27e56ea3d36016"
              }
            ],
            "subnet_ids": [
              "subnet-07a02cb703f07b6cc",
              "subnet-09d27e56ea3d36016"
            ],
            "tags": {
              "Name": "cobre-notif-dev-vpce-secrets"
            },
            "tags_all": {
              "Environment": "dev",
              "ManagedBy": "terraform",
              "Name": "cobre-notif-dev-vpce-secrets",
              "Project": "cobre-notif",
              "Reto": "cobre-notifications"
            },
            "timeouts": null,
            "vpc_endpoint_type": "Interface",
            "vpc_id": "vpc-0294b60c9108314da"
          },
          "sensitive_attributes": [],
          "identity_schema_version": 0,
          "private": "eyJlMmJmYjczMC1lY2FhLTExZTYtOGY4OC0zNDM2M2JjN2M0YzAiOnsiY3JlYXRlIjo2MDAwMDAwMDAwMDAsImRlbGV0ZSI6NjAwMDAwMDAwMDAwLCJ1cGRhdGUiOjYwMDAwMDAwMDAwMH19",
          "dependencies": [
            "aws_security_group.endpoints",
            "aws_subnet.private",
            "aws_vpc.main"
          ]
        },
        {
          "index_key": "sqs",
          "schema_version": 0,
          "attributes": {
            "arn": "arn:aws:ec2:us-east-1:470044069342:vpc-endpoint/vpce-0cb2ead33249ce688",
            "auto_accept": null,
            "cidr_blocks": [],
            "dns_entry": [
              {
                "dns_name": "vpce-0cb2ead33249ce688-rnq6yt15.sqs.us-east-1.vpce.amazonaws.com",
                "hosted_zone_id": "Z7HUB22UULQXV"
              },
              {
                "dns_name": "vpce-0cb2ead33249ce688-rnq6yt15-us-east-1a.sqs.us-east-1.vpce.amazonaws.com",
                "hosted_zone_id": "Z7HUB22UULQXV"
              },
              {
                "dns_name": "vpce-0cb2ead33249ce688-rnq6yt15-us-east-1b.sqs.us-east-1.vpce.amazonaws.com",
                "hosted_zone_id": "Z7HUB22UULQXV"
              },
              {
                "dns_name": "sqs.us-east-1.amazonaws.com",
                "hosted_zone_id": "Z04463153K33NR3PLUFUQ"
              },
              {
                "dns_name": "sqs.us-east-1.api.aws",
                "hosted_zone_id": "Z04438073JION7E07SQEA"
              }
            ],
            "dns_options": [
              {
                "dns_record_ip_type": "ipv4",
                "private_dns_only_for_inbound_resolver_endpoint": false
              }
            ],
            "id": "vpce-0cb2ead33249ce688",
            "ip_address_type": "ipv4",
            "network_interface_ids": [
              "eni-09736090314b056b9",
              "eni-0bb0aec9ba0ebbaac"
            ],
            "owner_id": "470044069342",
            "policy": "{\"Statement\":[{\"Action\":\"*\",\"Effect\":\"Allow\",\"Principal\":\"*\",\"Resource\":\"*\"}]}",
            "prefix_list_id": null,
            "private_dns_enabled": true,
            "requester_managed": false,
            "resource_configuration_arn": "",
            "route_table_ids": [],
            "security_group_ids": [
              "sg-031c71d1a48f3572c"
            ],
            "service_name": "com.amazonaws.us-east-1.sqs",
            "service_network_arn": "",
            "service_region": "us-east-1",
            "state": "available",
            "subnet_configuration": [
              {
                "ipv4": "10.0.2.225",
                "ipv6": "",
                "subnet_id": "subnet-07a02cb703f07b6cc"
              },
              {
                "ipv4": "10.0.4.160",
                "ipv6": "",
                "subnet_id": "subnet-09d27e56ea3d36016"
              }
            ],
            "subnet_ids": [
              "subnet-07a02cb703f07b6cc",
              "subnet-09d27e56ea3d36016"
            ],
            "tags": {
              "Name": "cobre-notif-dev-vpce-sqs"
            },
            "tags_all": {
              "Environment": "dev",
              "ManagedBy": "terraform",
              "Name": "cobre-notif-dev-vpce-sqs",
              "Project": "cobre-notif",
              "Reto": "cobre-notifications"
            },
            "timeouts": null,
            "vpc_endpoint_type": "Interface",
            "vpc_id": "vpc-0294b60c9108314da"
          },
          "sensitive_attributes": [],
          "identity_schema_version": 0,
          "private": "eyJlMmJmYjczMC1lY2FhLTExZTYtOGY4OC0zNDM2M2JjN2M0YzAiOnsiY3JlYXRlIjo2MDAwMDAwMDAwMDAsImRlbGV0ZSI6NjAwMDAwMDAwMDAwLCJ1cGRhdGUiOjYwMDAwMDAwMDAwMH19",
          "dependencies": [
            "aws_security_group.endpoints",
            "aws_subnet.private",
            "aws_vpc.main"
          ]
        },
        {
          "index_key": "sts",
          "schema_version": 0,
          "attributes": {
            "arn": "arn:aws:ec2:us-east-1:470044069342:vpc-endpoint/vpce-023e54b696c424967",
            "auto_accept": null,
            "cidr_blocks": [],
            "dns_entry": [
              {
                "dns_name": "vpce-023e54b696c424967-ckoz81zz.sts.us-east-1.vpce.amazonaws.com",
                "hosted_zone_id": "Z7HUB22UULQXV"
              },
              {
                "dns_name": "vpce-023e54b696c424967-ckoz81zz-us-east-1b.sts.us-east-1.vpce.amazonaws.com",
                "hosted_zone_id": "Z7HUB22UULQXV"
              },
              {
                "dns_name": "vpce-023e54b696c424967-ckoz81zz-us-east-1a.sts.us-east-1.vpce.amazonaws.com",
                "hosted_zone_id": "Z7HUB22UULQXV"
              },
              {
                "dns_name": "sts.us-east-1.amazonaws.com",
                "hosted_zone_id": "Z0455237193H8UPLXA5ET"
              },
              {
                "dns_name": "sts.us-east-1.api.aws",
                "hosted_zone_id": "Z03824382B9MS5ZGJM2G2"
              }
            ],
            "dns_options": [
              {
                "dns_record_ip_type": "ipv4",
                "private_dns_only_for_inbound_resolver_endpoint": false
              }
            ],
            "id": "vpce-023e54b696c424967",
            "ip_address_type": "ipv4",
            "network_interface_ids": [
              "eni-056cc187a81500d7e",
              "eni-0d7f85da3cc8b9345"
            ],
            "owner_id": "470044069342",
            "policy": "{\"Statement\":[{\"Action\":\"*\",\"Effect\":\"Allow\",\"Principal\":\"*\",\"Resource\":\"*\"}]}",
            "prefix_list_id": null,
            "private_dns_enabled": true,
            "requester_managed": false,
            "resource_configuration_arn": "",
            "route_table_ids": [],
            "security_group_ids": [
              "sg-031c71d1a48f3572c"
            ],
            "service_name": "com.amazonaws.us-east-1.sts",
            "service_network_arn": "",
            "service_region": "us-east-1",
            "state": "available",
            "subnet_configuration": [
              {
                "ipv4": "10.0.2.141",
                "ipv6": "",
                "subnet_id": "subnet-07a02cb703f07b6cc"
              },
              {
                "ipv4": "10.0.4.250",
                "ipv6": "",
                "subnet_id": "subnet-09d27e56ea3d36016"
              }
            ],
            "subnet_ids": [
              "subnet-07a02cb703f07b6cc",
              "subnet-09d27e56ea3d36016"
            ],
            "tags": {
              "Name": "cobre-notif-dev-vpce-sts"
            },
            "tags_all": {
              "Environment": "dev",
              "ManagedBy": "terraform",
              "Name": "cobre-notif-dev-vpce-sts",
              "Project": "cobre-notif",
              "Reto": "cobre-notifications"
            },
            "timeouts": null,
            "vpc_endpoint_type": "Interface",
            "vpc_id": "vpc-0294b60c9108314da"
          },
          "sensitive_attributes": [],
          "identity_schema_version": 0,
          "private": "eyJlMmJmYjczMC1lY2FhLTExZTYtOGY4OC0zNDM2M2JjN2M0YzAiOnsiY3JlYXRlIjo2MDAwMDAwMDAwMDAsImRlbGV0ZSI6NjAwMDAwMDAwMDAwLCJ1cGRhdGUiOjYwMDAwMDAwMDAwMH19",
          "dependencies": [
            "aws_security_group.endpoints",
            "aws_subnet.private",
            "aws_vpc.main"
          ]
        }
      ]
    },
    {
      "mode": "managed",
      "type": "aws_vpc_endpoint",
      "name": "s3",
      "provider": "provider[\"registry.terraform.io/hashicorp/aws\"]",
      "instances": [
        {
          "schema_version": 0,
          "attributes": {
            "arn": "arn:aws:ec2:us-east-1:470044069342:vpc-endpoint/vpce-06462c2000c471a93",
            "auto_accept": null,
            "cidr_blocks": [
              "16.15.160.0/19",
              "16.182.0.0/16",
              "18.34.0.0/19",
              "52.216.0.0/15",
              "54.231.0.0/16",
              "3.5.0.0/19",
              "18.34.232.0/21",
              "16.15.192.0/18",
              "16.15.156.0/22"
            ],
            "dns_entry": [],
            "dns_options": [
              {
                "dns_record_ip_type": "service-defined",
                "private_dns_only_for_inbound_resolver_endpoint": false
              }
            ],
            "id": "vpce-06462c2000c471a93",
            "ip_address_type": "ipv4",
            "network_interface_ids": [],
            "owner_id": "470044069342",
            "policy": "{\"Statement\":[{\"Action\":\"*\",\"Effect\":\"Allow\",\"Principal\":\"*\",\"Resource\":\"*\"}],\"Version\":\"2008-10-17\"}",
            "prefix_list_id": "pl-63a5400a",
            "private_dns_enabled": false,
            "requester_managed": false,
            "resource_configuration_arn": "",
            "route_table_ids": [
              "rtb-0cfd220382cebc9d9",
              "rtb-0f67b6a31ca06dd58"
            ],
            "security_group_ids": [],
            "service_name": "com.amazonaws.us-east-1.s3",
            "service_network_arn": "",
            "service_region": "us-east-1",
            "state": "available",
            "subnet_configuration": [],
            "subnet_ids": [],
            "tags": {
              "Name": "cobre-notif-dev-vpce-s3"
            },
            "tags_all": {
              "Environment": "dev",
              "ManagedBy": "terraform",
              "Name": "cobre-notif-dev-vpce-s3",
              "Project": "cobre-notif",
              "Reto": "cobre-notifications"
            },
            "timeouts": null,
            "vpc_endpoint_type": "Gateway",
            "vpc_id": "vpc-0294b60c9108314da"
          },
          "sensitive_attributes": [],
          "identity_schema_version": 0,
          "private": "eyJlMmJmYjczMC1lY2FhLTExZTYtOGY4OC0zNDM2M2JjN2M0YzAiOnsiY3JlYXRlIjo2MDAwMDAwMDAwMDAsImRlbGV0ZSI6NjAwMDAwMDAwMDAwLCJ1cGRhdGUiOjYwMDAwMDAwMDAwMH19",
          "dependencies": [
            "aws_eip.nat",
            "aws_internet_gateway.igw",
            "aws_nat_gateway.nat",
            "aws_route_table.private",
            "aws_subnet.public",
            "aws_vpc.main"
          ]
        }
      ]
    },
    {
      "mode": "managed",
      "type": "aws_vpc_security_group_egress_rule",
      "name": "alb_to_tasks",
      "provider": "provider[\"registry.terraform.io/hashicorp/aws\"]",
      "instances": [
        {
          "schema_version": 0,
          "attributes": {
            "arn": "arn:aws:ec2:us-east-1:470044069342:security-group-rule/sgr-091d34ea7956c269d",
            "cidr_ipv4": null,
            "cidr_ipv6": null,
            "description": "8080 hacia las tareas de events-api",
            "from_port": 8080,
            "id": "sgr-091d34ea7956c269d",
            "ip_protocol": "tcp",
            "prefix_list_id": null,
            "referenced_security_group_id": "sg-022063fd8b0b8a22c",
            "security_group_id": "sg-09d23674fbe753d52",
            "security_group_rule_id": "sgr-091d34ea7956c269d",
            "tags": null,
            "tags_all": {
              "Environment": "dev",
              "ManagedBy": "terraform",
              "Project": "cobre-notif",
              "Reto": "cobre-notifications"
            },
            "to_port": 8080
          },
          "sensitive_attributes": [],
          "identity_schema_version": 0,
          "dependencies": [
            "aws_security_group.alb",
            "aws_security_group.api",
            "aws_vpc.main"
          ]
        }
      ]
    },
    {
      "mode": "managed",
      "type": "aws_vpc_security_group_egress_rule",
      "name": "api_to_alb",
      "provider": "provider[\"registry.terraform.io/hashicorp/aws\"]",
      "instances": [
        {
          "schema_version": 0,
          "attributes": {
            "arn": "arn:aws:ec2:us-east-1:470044069342:security-group-rule/sgr-0b1e0c929bde90d67",
            "cidr_ipv4": null,
            "cidr_ipv6": null,
            "description": "80 hacia el ALB interno desde el VPC Link",
            "from_port": 80,
            "id": "sgr-0b1e0c929bde90d67",
            "ip_protocol": "tcp",
            "prefix_list_id": null,
            "referenced_security_group_id": "sg-09d23674fbe753d52",
            "security_group_id": "sg-022063fd8b0b8a22c",
            "security_group_rule_id": "sgr-0b1e0c929bde90d67",
            "tags": null,
            "tags_all": {
              "Environment": "dev",
              "ManagedBy": "terraform",
              "Project": "cobre-notif",
              "Reto": "cobre-notifications"
            },
            "to_port": 80
          },
          "sensitive_attributes": [],
          "identity_schema_version": 0,
          "dependencies": [
            "aws_security_group.alb",
            "aws_security_group.api",
            "aws_vpc.main"
          ]
        }
      ]
    },
    {
      "mode": "managed",
      "type": "aws_vpc_security_group_egress_rule",
      "name": "api_to_endpoints",
      "provider": "provider[\"registry.terraform.io/hashicorp/aws\"]",
      "instances": [
        {
          "schema_version": 0,
          "attributes": {
            "arn": "arn:aws:ec2:us-east-1:470044069342:security-group-rule/sgr-008a39c9d96b84141",
            "cidr_ipv4": null,
            "cidr_ipv6": null,
            "description": "443 a interface endpoints",
            "from_port": 443,
            "id": "sgr-008a39c9d96b84141",
            "ip_protocol": "tcp",
            "prefix_list_id": null,
            "referenced_security_group_id": "sg-031c71d1a48f3572c",
            "security_group_id": "sg-022063fd8b0b8a22c",
            "security_group_rule_id": "sgr-008a39c9d96b84141",
            "tags": null,
            "tags_all": {
              "Environment": "dev",
              "ManagedBy": "terraform",
              "Project": "cobre-notif",
              "Reto": "cobre-notifications"
            },
            "to_port": 443
          },
          "sensitive_attributes": [],
          "identity_schema_version": 0,
          "dependencies": [
            "aws_security_group.api",
            "aws_security_group.endpoints",
            "aws_vpc.main"
          ]
        }
      ]
    },
    {
      "mode": "managed",
      "type": "aws_vpc_security_group_egress_rule",
      "name": "api_to_internet",
      "provider": "provider[\"registry.terraform.io/hashicorp/aws\"]",
      "instances": [
        {
          "schema_version": 0,
          "attributes": {
            "arn": "arn:aws:ec2:us-east-1:470044069342:security-group-rule/sgr-0757b73e8fcf7d183",
            "cidr_ipv4": "0.0.0.0/0",
            "cidr_ipv6": null,
            "description": "443 a 0.0.0.0/0 por NAT (pull ECR/S3 + JWKS Cognito)",
            "from_port": 443,
            "id": "sgr-0757b73e8fcf7d183",
            "ip_protocol": "tcp",
            "prefix_list_id": null,
            "referenced_security_group_id": null,
            "security_group_id": "sg-022063fd8b0b8a22c",
            "security_group_rule_id": "sgr-0757b73e8fcf7d183",
            "tags": null,
            "tags_all": {
              "Environment": "dev",
              "ManagedBy": "terraform",
              "Project": "cobre-notif",
              "Reto": "cobre-notifications"
            },
            "to_port": 443
          },
          "sensitive_attributes": [],
          "identity_schema_version": 0,
          "dependencies": [
            "aws_security_group.api",
            "aws_vpc.main"
          ]
        }
      ]
    },
    {
      "mode": "managed",
      "type": "aws_vpc_security_group_egress_rule",
      "name": "worker_to_endpoints",
      "provider": "provider[\"registry.terraform.io/hashicorp/aws\"]",
      "instances": [
        {
          "schema_version": 0,
          "attributes": {
            "arn": "arn:aws:ec2:us-east-1:470044069342:security-group-rule/sgr-0dbabce0c2f836341",
            "cidr_ipv4": null,
            "cidr_ipv6": null,
            "description": "443 a interface endpoints (SQS/Secrets/...)",
            "from_port": 443,
            "id": "sgr-0dbabce0c2f836341",
            "ip_protocol": "tcp",
            "prefix_list_id": null,
            "referenced_security_group_id": "sg-031c71d1a48f3572c",
            "security_group_id": "sg-0d41d0a37254e52da",
            "security_group_rule_id": "sgr-0dbabce0c2f836341",
            "tags": null,
            "tags_all": {
              "Environment": "dev",
              "ManagedBy": "terraform",
              "Project": "cobre-notif",
              "Reto": "cobre-notifications"
            },
            "to_port": 443
          },
          "sensitive_attributes": [],
          "identity_schema_version": 0,
          "dependencies": [
            "aws_security_group.endpoints",
            "aws_security_group.worker",
            "aws_vpc.main"
          ]
        }
      ]
    },
    {
      "mode": "managed",
      "type": "aws_vpc_security_group_egress_rule",
      "name": "worker_to_internet",
      "provider": "provider[\"registry.terraform.io/hashicorp/aws\"]",
      "instances": [
        {
          "schema_version": 0,
          "attributes": {
            "arn": "arn:aws:ec2:us-east-1:470044069342:security-group-rule/sgr-0a5bcc87c78b282ae",
            "cidr_ipv4": "0.0.0.0/0",
            "cidr_ipv6": null,
            "description": "443 a 0.0.0.0/0 por NAT (entrega de webhooks del cliente)",
            "from_port": 443,
            "id": "sgr-0a5bcc87c78b282ae",
            "ip_protocol": "tcp",
            "prefix_list_id": null,
            "referenced_security_group_id": null,
            "security_group_id": "sg-0d41d0a37254e52da",
            "security_group_rule_id": "sgr-0a5bcc87c78b282ae",
            "tags": null,
            "tags_all": {
              "Environment": "dev",
              "ManagedBy": "terraform",
              "Project": "cobre-notif",
              "Reto": "cobre-notifications"
            },
            "to_port": 443
          },
          "sensitive_attributes": [],
          "identity_schema_version": 0,
          "dependencies": [
            "aws_security_group.worker",
            "aws_vpc.main"
          ]
        }
      ]
    },
    {
      "mode": "managed",
      "type": "aws_vpc_security_group_ingress_rule",
      "name": "alb_from_vpclink",
      "provider": "provider[\"registry.terraform.io/hashicorp/aws\"]",
      "instances": [
        {
          "schema_version": 0,
          "attributes": {
            "arn": "arn:aws:ec2:us-east-1:470044069342:security-group-rule/sgr-0113f4564e2e8647a",
            "cidr_ipv4": null,
            "cidr_ipv6": null,
            "description": "HTTP 80 desde el VPC Link",
            "from_port": 80,
            "id": "sgr-0113f4564e2e8647a",
            "ip_protocol": "tcp",
            "prefix_list_id": null,
            "referenced_security_group_id": "sg-022063fd8b0b8a22c",
            "security_group_id": "sg-09d23674fbe753d52",
            "security_group_rule_id": "sgr-0113f4564e2e8647a",
            "tags": null,
            "tags_all": {
              "Environment": "dev",
              "ManagedBy": "terraform",
              "Project": "cobre-notif",
              "Reto": "cobre-notifications"
            },
            "to_port": 80
          },
          "sensitive_attributes": [],
          "identity_schema_version": 0,
          "dependencies": [
            "aws_security_group.alb",
            "aws_security_group.api",
            "aws_vpc.main"
          ]
        }
      ]
    },
    {
      "mode": "managed",
      "type": "aws_vpc_security_group_ingress_rule",
      "name": "api_from_alb",
      "provider": "provider[\"registry.terraform.io/hashicorp/aws\"]",
      "instances": [
        {
          "schema_version": 0,
          "attributes": {
            "arn": "arn:aws:ec2:us-east-1:470044069342:security-group-rule/sgr-04df0059225e67ce4",
            "cidr_ipv4": null,
            "cidr_ipv6": null,
            "description": "8080 desde el ALB interno",
            "from_port": 8080,
            "id": "sgr-04df0059225e67ce4",
            "ip_protocol": "tcp",
            "prefix_list_id": null,
            "referenced_security_group_id": "sg-09d23674fbe753d52",
            "security_group_id": "sg-022063fd8b0b8a22c",
            "security_group_rule_id": "sgr-04df0059225e67ce4",
            "tags": null,
            "tags_all": {
              "Environment": "dev",
              "ManagedBy": "terraform",
              "Project": "cobre-notif",
              "Reto": "cobre-notifications"
            },
            "to_port": 8080
          },
          "sensitive_attributes": [],
          "identity_schema_version": 0,
          "dependencies": [
            "aws_security_group.alb",
            "aws_security_group.api",
            "aws_vpc.main"
          ]
        }
      ]
    },
    {
      "mode": "managed",
      "type": "aws_vpc_security_group_ingress_rule",
      "name": "api_from_vpclink",
      "provider": "provider[\"registry.terraform.io/hashicorp/aws\"]",
      "instances": [
        {
          "schema_version": 0,
          "attributes": {
            "arn": "arn:aws:ec2:us-east-1:470044069342:security-group-rule/sgr-00cf298021baed8fe",
            "cidr_ipv4": "10.0.0.0/16",
            "cidr_ipv6": null,
            "description": "HTTP app desde VPC Link (rango de la VPC)",
            "from_port": 8080,
            "id": "sgr-00cf298021baed8fe",
            "ip_protocol": "tcp",
            "prefix_list_id": null,
            "referenced_security_group_id": null,
            "security_group_id": "sg-022063fd8b0b8a22c",
            "security_group_rule_id": "sgr-00cf298021baed8fe",
            "tags": null,
            "tags_all": {
              "Environment": "dev",
              "ManagedBy": "terraform",
              "Project": "cobre-notif",
              "Reto": "cobre-notifications"
            },
            "to_port": 8080
          },
          "sensitive_attributes": [],
          "identity_schema_version": 0,
          "dependencies": [
            "aws_security_group.api",
            "aws_vpc.main"
          ]
        }
      ]
    },
    {
      "mode": "managed",
      "type": "aws_vpc_security_group_ingress_rule",
      "name": "api_self_8080",
      "provider": "provider[\"registry.terraform.io/hashicorp/aws\"]",
      "instances": [
        {
          "schema_version": 0,
          "attributes": {
            "arn": "arn:aws:ec2:us-east-1:470044069342:security-group-rule/sgr-078e29b8ff7f98e84",
            "cidr_ipv4": null,
            "cidr_ipv6": null,
            "description": "HTTP 8080 desde el propio SG para VPC Link",
            "from_port": 8080,
            "id": "sgr-078e29b8ff7f98e84",
            "ip_protocol": "tcp",
            "prefix_list_id": null,
            "referenced_security_group_id": "sg-022063fd8b0b8a22c",
            "security_group_id": "sg-022063fd8b0b8a22c",
            "security_group_rule_id": "sgr-078e29b8ff7f98e84",
            "tags": null,
            "tags_all": {
              "Environment": "dev",
              "ManagedBy": "terraform",
              "Project": "cobre-notif",
              "Reto": "cobre-notifications"
            },
            "to_port": 8080
          },
          "sensitive_attributes": [],
          "identity_schema_version": 0,
          "dependencies": [
            "aws_security_group.api",
            "aws_vpc.main"
          ]
        }
      ]
    },
    {
      "mode": "managed",
      "type": "aws_vpc_security_group_ingress_rule",
      "name": "endpoints_from_api",
      "provider": "provider[\"registry.terraform.io/hashicorp/aws\"]",
      "instances": [
        {
          "schema_version": 0,
          "attributes": {
            "arn": "arn:aws:ec2:us-east-1:470044069342:security-group-rule/sgr-0b7b92ef6dd30ac6e",
            "cidr_ipv4": null,
            "cidr_ipv6": null,
            "description": "443 desde SG-api",
            "from_port": 443,
            "id": "sgr-0b7b92ef6dd30ac6e",
            "ip_protocol": "tcp",
            "prefix_list_id": null,
            "referenced_security_group_id": "sg-022063fd8b0b8a22c",
            "security_group_id": "sg-031c71d1a48f3572c",
            "security_group_rule_id": "sgr-0b7b92ef6dd30ac6e",
            "tags": null,
            "tags_all": {
              "Environment": "dev",
              "ManagedBy": "terraform",
              "Project": "cobre-notif",
              "Reto": "cobre-notifications"
            },
            "to_port": 443
          },
          "sensitive_attributes": [],
          "identity_schema_version": 0,
          "dependencies": [
            "aws_security_group.api",
            "aws_security_group.endpoints",
            "aws_vpc.main"
          ]
        }
      ]
    },
    {
      "mode": "managed",
      "type": "aws_vpc_security_group_ingress_rule",
      "name": "endpoints_from_worker",
      "provider": "provider[\"registry.terraform.io/hashicorp/aws\"]",
      "instances": [
        {
          "schema_version": 0,
          "attributes": {
            "arn": "arn:aws:ec2:us-east-1:470044069342:security-group-rule/sgr-064c5c9e033e29f6e",
            "cidr_ipv4": null,
            "cidr_ipv6": null,
            "description": "443 desde SG-worker",
            "from_port": 443,
            "id": "sgr-064c5c9e033e29f6e",
            "ip_protocol": "tcp",
            "prefix_list_id": null,
            "referenced_security_group_id": "sg-0d41d0a37254e52da",
            "security_group_id": "sg-031c71d1a48f3572c",
            "security_group_rule_id": "sgr-064c5c9e033e29f6e",
            "tags": null,
            "tags_all": {
              "Environment": "dev",
              "ManagedBy": "terraform",
              "Project": "cobre-notif",
              "Reto": "cobre-notifications"
            },
            "to_port": 443
          },
          "sensitive_attributes": [],
          "identity_schema_version": 0,
          "dependencies": [
            "aws_security_group.endpoints",
            "aws_security_group.worker",
            "aws_vpc.main"
          ]
        }
      ]
    },
    {
      "mode": "managed",
      "type": "aws_wafv2_web_acl",
      "name": "api",
      "provider": "provider[\"registry.terraform.io/hashicorp/aws\"]",
      "instances": [
        {
          "schema_version": 0,
          "attributes": {
            "application_integration_url": "",
            "arn": "arn:aws:wafv2:us-east-1:470044069342:regional/webacl/cobre-notif-dev-waf/29b20594-1711-4527-818d-fc335e50708b",
            "association_config": [],
            "capacity": 2,
            "captcha_config": [],
            "challenge_config": [],
            "custom_response_body": [],
            "data_protection_config": [],
            "default_action": [
              {
                "allow": [
                  {
                    "custom_request_handling": []
                  }
                ],
                "block": []
              }
            ],
            "description": "",
            "id": "29b20594-1711-4527-818d-fc335e50708b",
            "lock_token": "dd67a2ff-2440-42c6-b35e-d1856b0d9035",
            "name": "cobre-notif-dev-waf",
            "name_prefix": "",
            "rule": [
              {
                "action": [
                  {
                    "allow": [],
                    "block": [
                      {
                        "custom_response": []
                      }
                    ],
                    "captcha": [],
                    "challenge": [],
                    "count": []
                  }
                ],
                "captcha_config": [],
                "challenge_config": [],
                "name": "rate-limit",
                "override_action": [],
                "priority": 1,
                "rule_label": [],
                "statement": [
                  {
                    "and_statement": [],
                    "asn_match_statement": [],
                    "byte_match_statement": [],
                    "geo_match_statement": [],
                    "ip_set_reference_statement": [],
                    "label_match_statement": [],
                    "managed_rule_group_statement": [],
                    "not_statement": [],
                    "or_statement": [],
                    "rate_based_statement": [
                      {
                        "aggregate_key_type": "IP",
                        "custom_key": [],
                        "evaluation_window_sec": 300,
                        "forwarded_ip_config": [],
                        "limit": 2000,
                        "scope_down_statement": []
                      }
                    ],
                    "regex_match_statement": [],
                    "regex_pattern_set_reference_statement": [],
                    "rule_group_reference_statement": [],
                    "size_constraint_statement": [],
                    "sqli_match_statement": [],
                    "xss_match_statement": []
                  }
                ],
                "visibility_config": [
                  {
                    "cloudwatch_metrics_enabled": true,
                    "metric_name": "rate-limit",
                    "sampled_requests_enabled": true
                  }
                ]
              }
            ],
            "rule_json": null,
            "scope": "REGIONAL",
            "tags": {
              "Name": "cobre-notif-dev-waf"
            },
            "tags_all": {
              "Environment": "dev",
              "ManagedBy": "terraform",
              "Name": "cobre-notif-dev-waf",
              "Project": "cobre-notif",
              "Reto": "cobre-notifications"
            },
            "token_domains": [],
            "visibility_config": [
              {
                "cloudwatch_metrics_enabled": true,
                "metric_name": "cobre-notif-dev-waf",
                "sampled_requests_enabled": true
              }
            ]
          },
          "sensitive_attributes": [],
          "identity_schema_version": 0,
          "private": "bnVsbA=="
        }
      ]
    }
  ],
  "check_results": null
}
